Microsoft Visual Studio Solution File, Format Version 9.00
# Visual Studio 2005
Project("{2150E333-8FDC-42A3-9474-1A3956D46DE8}") = "WebKit (readonly)", "WebKit (readonly)", "{1088577A-0C49-4DE0-85CD-B68AD0BE55AA}"
	ProjectSection(WebsiteProperties) = preProject
		Debug.AspNetCompiler.Debug = "True"
		Release.AspNetCompiler.Debug = "False"
	EndProjectSection
EndProject
Project("{8BC9CEB8-8B4A-11D0-8D11-00A0C91BC942}") = "WebCore", "..\webkit\build\WebCore\WebCore.vcproj", "{1C16337B-ACF3-4D03-AA90-851C5B5EADA6}"
	ProjectSection(WebsiteProperties) = preProject
		Debug.AspNetCompiler.Debug = "True"
		Release.AspNetCompiler.Debug = "False"
	EndProjectSection
	ProjectSection(ProjectDependencies) = postProject
		{2E2D3301-2EC4-4C0F-B889-87073B30F673} = {2E2D3301-2EC4-4C0F-B889-87073B30F673}
		{1444235E-0E97-4C80-A73E-EE73F3706C32} = {1444235E-0E97-4C80-A73E-EE73F3706C32}
		{2F7EDFA2-EE27-4D83-8454-9EFBD5779203} = {2F7EDFA2-EE27-4D83-8454-9EFBD5779203}
		{6EAD4A4B-2BBC-4974-8E45-BB5C16CC2AC9} = {6EAD4A4B-2BBC-4974-8E45-BB5C16CC2AC9}
	EndProjectSection
EndProject
Project("{8BC9CEB8-8B4A-11D0-8D11-00A0C91BC942}") = "Port", "..\webkit\build\port\port.vcproj", "{5597AD47-3494-4750-A235-4F9C2F864700}"
	ProjectSection(WebsiteProperties) = preProject
		Debug.AspNetCompiler.Debug = "True"
		Release.AspNetCompiler.Debug = "False"
	EndProjectSection
	ProjectSection(ProjectDependencies) = postProject
		{2E2D3301-2EC4-4C0F-B889-87073B30F673} = {2E2D3301-2EC4-4C0F-B889-87073B30F673}
		{2F7EDFA2-EE27-4D83-8454-9EFBD5779203} = {2F7EDFA2-EE27-4D83-8454-9EFBD5779203}
	EndProjectSection
EndProject
Project("{8BC9CEB8-8B4A-11D0-8D11-00A0C91BC942}") = "Glue", "..\webkit\glue\glue.vcproj", "{C66B126D-0ECE-4CA2-B6DC-FA780AFBBF09}"
	ProjectSection(WebsiteProperties) = preProject
		Debug.AspNetCompiler.Debug = "True"
		Release.AspNetCompiler.Debug = "False"
	EndProjectSection
	ProjectSection(ProjectDependencies) = postProject
		{2E2D3301-2EC4-4C0F-B889-87073B30F673} = {2E2D3301-2EC4-4C0F-B889-87073B30F673}
		{0B469837-3D46-484A-AFB3-C5A6C68730B9} = {0B469837-3D46-484A-AFB3-C5A6C68730B9}
		{2F7EDFA2-EE27-4D83-8454-9EFBD5779203} = {2F7EDFA2-EE27-4D83-8454-9EFBD5779203}
		{60B43839-95E6-4526-A661-209F16335E0E} = {60B43839-95E6-4526-A661-209F16335E0E}
		{1444235E-0E97-4C80-A73E-EE73F3706C32} = {1444235E-0E97-4C80-A73E-EE73F3706C32}
	EndProjectSection
EndProject
Project("{8BC9CEB8-8B4A-11D0-8D11-00A0C91BC942}") = "skia", "..\skia\skia.vcproj", "{CD9CA56E-4E94-444C-87D4-58CA1E6F300D}"
	ProjectSection(WebsiteProperties) = preProject
		Debug.AspNetCompiler.Debug = "True"
		Release.AspNetCompiler.Debug = "False"
	EndProjectSection
EndProject
Project("{8BC9CEB8-8B4A-11D0-8D11-00A0C91BC942}") = "WTF", "..\webkit\build\JavaScriptCore\WTF.vcproj", "{AA8A5A85-592B-4357-BC60-E0E91E026AF6}"
	ProjectSection(WebsiteProperties) = preProject
		Debug.AspNetCompiler.Debug = "True"
		Release.AspNetCompiler.Debug = "False"
	EndProjectSection
EndProject
Project("{8BC9CEB8-8B4A-11D0-8D11-00A0C91BC942}") = "sqlite", "..\third_party\sqlite\sqlite.vcproj", "{6EAD4A4B-2BBC-4974-8E45-BB5C16CC2AC9}"
	ProjectSection(WebsiteProperties) = preProject
		Debug.AspNetCompiler.Debug = "True"
		Release.AspNetCompiler.Debug = "False"
	EndProjectSection
	ProjectSection(ProjectDependencies) = postProject
		{8C27D792-2648-4F5E-9ED0-374276327308} = {8C27D792-2648-4F5E-9ED0-374276327308}
	EndProjectSection
EndProject
Project("{2150E333-8FDC-42A3-9474-1A3956D46DE8}") = "Libraries", "Libraries", "{EF78C1F9-AA17-4CA5-B6CB-39B37A73A3DA}"
	ProjectSection(WebsiteProperties) = preProject
		Debug.AspNetCompiler.Debug = "True"
		Release.AspNetCompiler.Debug = "False"
	EndProjectSection
EndProject
Project("{2150E333-8FDC-42A3-9474-1A3956D46DE8}") = "WebKit (ours)", "WebKit (ours)", "{CB43561E-A6F8-49E2-96A2-3F2BA1FFF21E}"
	ProjectSection(WebsiteProperties) = preProject
		Debug.AspNetCompiler.Debug = "True"
		Release.AspNetCompiler.Debug = "False"
	EndProjectSection
EndProject
Project("{8BC9CEB8-8B4A-11D0-8D11-00A0C91BC942}") = "icu", "..\third_party\icu38\build\icu.vcproj", "{8C27D792-2648-4F5E-9ED0-374276327308}"
	ProjectSection(WebsiteProperties) = preProject
		Debug.AspNetCompiler.Debug = "True"
		Release.AspNetCompiler.Debug = "False"
	EndProjectSection
	ProjectSection(ProjectDependencies) = postProject
		{A0D94973-D355-47A5-A1E2-3456F321F010} = {A0D94973-D355-47A5-A1E2-3456F321F010}
	EndProjectSection
EndProject
Project("{2150E333-8FDC-42A3-9474-1A3956D46DE8}") = "icu", "icu", "{1AFC1EC3-24FA-4260-B099-76319EC9977A}"
	ProjectSection(WebsiteProperties) = preProject
		Debug.AspNetCompiler.Debug = "True"
		Release.AspNetCompiler.Debug = "False"
	EndProjectSection
EndProject
Project("{8BC9CEB8-8B4A-11D0-8D11-00A0C91BC942}") = "libpng", "..\third_party\libpng\libpng.vcproj", "{C564F145-9172-42C3-BFCB-6014CA97DBCD}"
	ProjectSection(WebsiteProperties) = preProject
		Debug.AspNetCompiler.Debug = "True"
		Release.AspNetCompiler.Debug = "False"
	EndProjectSection
EndProject
Project("{8BC9CEB8-8B4A-11D0-8D11-00A0C91BC942}") = "zlib", "..\third_party\zlib\zlib.vcproj", "{8423AF0D-4B88-4EBF-94E1-E4D00D00E21C}"
	ProjectSection(WebsiteProperties) = preProject
		Debug.AspNetCompiler.Debug = "True"
		Release.AspNetCompiler.Debug = "False"
	EndProjectSection
EndProject
Project("{8BC9CEB8-8B4A-11D0-8D11-00A0C91BC942}") = "libjpeg", "..\third_party\libjpeg\libjpeg.vcproj", "{238CE175-76CE-4A25-A676-69D115885601}"
	ProjectSection(WebsiteProperties) = preProject
		Debug.AspNetCompiler.Debug = "True"
		Release.AspNetCompiler.Debug = "False"
	EndProjectSection
EndProject
Project("{2150E333-8FDC-42A3-9474-1A3956D46DE8}") = "Breakpad", "Breakpad", "{873D095E-150E-4262-8C41-2D8ED02F0F57}"
	ProjectSection(WebsiteProperties) = preProject
		Debug.AspNetCompiler.Debug = "True"
		Release.AspNetCompiler.Debug = "False"
	EndProjectSection
EndProject
Project("{8BC9CEB8-8B4A-11D0-8D11-00A0C91BC942}") = "breakpad_handler", "..\breakpad\breakpad_handler.vcproj", "{B55CA863-B374-4BAF-95AC-539E4FA4C90C}"
	ProjectSection(WebsiteProperties) = preProject
		Debug.AspNetCompiler.Debug = "True"
		Release.AspNetCompiler.Debug = "False"
	EndProjectSection
EndProject
Project("{8BC9CEB8-8B4A-11D0-8D11-00A0C91BC942}") = "libxml", "..\third_party\libxml\build\libxml.vcproj", "{F9810DE8-CBC3-4605-A7B1-ECA2D5292FD7}"
	ProjectSection(WebsiteProperties) = preProject
		Debug.AspNetCompiler.Debug = "True"
		Release.AspNetCompiler.Debug = "False"
	EndProjectSection
EndProject
Project("{8BC9CEB8-8B4A-11D0-8D11-00A0C91BC942}") = "libxslt", "..\third_party\libxslt\build\libxslt.vcproj", "{FC0E1FD0-5DD7-4041-A1C9-CD3C376E4EED}"
	ProjectSection(WebsiteProperties) = preProject
		Debug.AspNetCompiler.Debug = "True"
		Release.AspNetCompiler.Debug = "False"
	EndProjectSection
	ProjectSection(ProjectDependencies) = postProject
		{F9810DE8-CBC3-4605-A7B1-ECA2D5292FD7} = {F9810DE8-CBC3-4605-A7B1-ECA2D5292FD7}
	EndProjectSection
EndProject
Project("{8BC9CEB8-8B4A-11D0-8D11-00A0C91BC942}") = "V8Bindings", "..\webkit\build\V8Bindings\V8Bindings.vcproj", "{625A8F11-2B4E-45B4-BD99-C6D629C606C0}"
	ProjectSection(WebsiteProperties) = preProject
		Debug.AspNetCompiler.Debug = "True"
		Release.AspNetCompiler.Debug = "False"
	EndProjectSection
	ProjectSection(ProjectDependencies) = postProject
		{2F7EDFA2-EE27-4D83-8454-9EFBD5779203} = {2F7EDFA2-EE27-4D83-8454-9EFBD5779203}
		{2E2D3301-2EC4-4C0F-B889-87073B30F673} = {2E2D3301-2EC4-4C0F-B889-87073B30F673}
	EndProjectSection
EndProject
Project("{8BC9CEB8-8B4A-11D0-8D11-00A0C91BC942}") = "bzip2", "..\third_party\bzip2\bzip2.vcproj", "{2A70CBF0-847E-4E3A-B926-542A656DC7FE}"
	ProjectSection(WebsiteProperties) = preProject
		Debug.AspNetCompiler.Debug = "True"
		Release.AspNetCompiler.Debug = "False"
	EndProjectSection
EndProject
Project("{8BC9CEB8-8B4A-11D0-8D11-00A0C91BC942}") = "libcef", "libcef\libcef.vcproj", "{FA39524D-3067-4141-888D-28A86C66F2B9}"
	ProjectSection(WebsiteProperties) = preProject
		Debug.AspNetCompiler.Debug = "True"
		Release.AspNetCompiler.Debug = "False"
	EndProjectSection
	ProjectSection(ProjectDependencies) = postProject
		{1C16337B-ACF3-4D03-AA90-851C5B5EADA6} = {1C16337B-ACF3-4D03-AA90-851C5B5EADA6}
		{238CE175-76CE-4A25-A676-69D115885601} = {238CE175-76CE-4A25-A676-69D115885601}
		{2A70CBF0-847E-4E3A-B926-542A656DC7FE} = {2A70CBF0-847E-4E3A-B926-542A656DC7FE}
		{326E9795-E760-410A-B69A-3F79DB3F5243} = {326E9795-E760-410A-B69A-3F79DB3F5243}
		{49909552-0B0C-4C14-8CF6-DB8A2ADE0934} = {49909552-0B0C-4C14-8CF6-DB8A2ADE0934}
		{5597AD47-3494-4750-A235-4F9C2F864700} = {5597AD47-3494-4750-A235-4F9C2F864700}
		{5916D37D-8C97-424F-A904-74E52594C2D6} = {5916D37D-8C97-424F-A904-74E52594C2D6}
		{625A8F11-2B4E-45B4-BD99-C6D629C606C0} = {625A8F11-2B4E-45B4-BD99-C6D629C606C0}
		{7100F41F-868D-4E99-80A2-AF8E6574749D} = {7100F41F-868D-4E99-80A2-AF8E6574749D}
		{8423AF0D-4B88-4EBF-94E1-E4D00D00E21C} = {8423AF0D-4B88-4EBF-94E1-E4D00D00E21C}
		{8C27D792-2648-4F5E-9ED0-374276327308} = {8C27D792-2648-4F5E-9ED0-374276327308}
		{A508ADD3-CECE-4E0F-8448-2F5E454DF551} = {A508ADD3-CECE-4E0F-8448-2F5E454DF551}
		{AA8A5A85-592B-4357-BC60-E0E91E026AF6} = {AA8A5A85-592B-4357-BC60-E0E91E026AF6}
		{B55CA863-B374-4BAF-95AC-539E4FA4C90C} = {B55CA863-B374-4BAF-95AC-539E4FA4C90C}
		{C0334F9A-1168-4101-9DD8-C30FB252D435} = {C0334F9A-1168-4101-9DD8-C30FB252D435}
		{C564F145-9172-42C3-BFCB-6014CA97DBCD} = {C564F145-9172-42C3-BFCB-6014CA97DBCD}
		{C66B126D-0ECE-4CA2-B6DC-FA780AFBBF09} = {C66B126D-0ECE-4CA2-B6DC-FA780AFBBF09}
		{CD9CA56E-4E94-444C-87D4-58CA1E6F300D} = {CD9CA56E-4E94-444C-87D4-58CA1E6F300D}
		{EF5E94AB-B646-4E5B-A058-52EF07B8351C} = {EF5E94AB-B646-4E5B-A058-52EF07B8351C}
		{F4F4BCAA-EA59-445C-A119-3E6C29647A51} = {F4F4BCAA-EA59-445C-A119-3E6C29647A51}
		{F54ABC59-5C00-414A-A9BA-BAF26D1699F0} = {F54ABC59-5C00-414A-A9BA-BAF26D1699F0}
		{FC0E1FD0-5DD7-4041-A1C9-CD3C376E4EED} = {FC0E1FD0-5DD7-4041-A1C9-CD3C376E4EED}
		{8BC9CEB8-8B4A-11D0-8D11-00A0C91BC942} = {8BC9CEB8-8B4A-11D0-8D11-00A0C91BC942}
		{1832A374-8A74-4F9E-B536-69A699B3E165} = {1832A374-8A74-4F9E-B536-69A699B3E165}
	EndProjectSection
EndProject
Project("{2150E333-8FDC-42A3-9474-1A3956D46DE8}") = "V8", "V8", "{B353A6A5-9551-4B76-908E-0F0A9B31E4CE}"
	ProjectSection(WebsiteProperties) = preProject
		Debug.AspNetCompiler.Debug = "True"
		Release.AspNetCompiler.Debug = "False"
	EndProjectSection
EndProject
Project("{8BC9CEB8-8B4A-11D0-8D11-00A0C91BC942}") = "googleurl", "..\googleurl\build\googleurl.vcproj", "{EF5E94AB-B646-4E5B-A058-52EF07B8351C}"
	ProjectSection(WebsiteProperties) = preProject
		Debug.AspNetCompiler.Debug = "True"
		Release.AspNetCompiler.Debug = "False"
	EndProjectSection
EndProject
Project("{8BC9CEB8-8B4A-11D0-8D11-00A0C91BC942}") = "modp_b64", "..\third_party\modp_b64\modp_b64.vcproj", "{7100F41F-868D-4E99-80A2-AF8E6574749D}"
	ProjectSection(WebsiteProperties) = preProject
		Debug.AspNetCompiler.Debug = "True"
		Release.AspNetCompiler.Debug = "False"
	EndProjectSection
EndProject
Project("{8BC9CEB8-8B4A-11D0-8D11-00A0C91BC942}") = "activex_shim", "..\webkit\activex_shim\activex_shim.vcproj", "{F4F4BCAA-EA59-445C-A119-3E6C29647A51}"
	ProjectSection(WebsiteProperties) = preProject
		Debug.AspNetCompiler.Debug = "True"
		Release.AspNetCompiler.Debug = "False"
	EndProjectSection
	ProjectSection(ProjectDependencies) = postProject
		{8C27D792-2648-4F5E-9ED0-374276327308} = {8C27D792-2648-4F5E-9ED0-374276327308}
		{EF5E94AB-B646-4E5B-A058-52EF07B8351C} = {EF5E94AB-B646-4E5B-A058-52EF07B8351C}
	EndProjectSection
EndProject
Project("{8BC9CEB8-8B4A-11D0-8D11-00A0C91BC942}") = "net", "..\net\build\net.vcproj", "{326E9795-E760-410A-B69A-3F79DB3F5243}"
	ProjectSection(WebsiteProperties) = preProject
		Debug.AspNetCompiler.Debug = "True"
		Release.AspNetCompiler.Debug = "False"
	EndProjectSection
	ProjectSection(ProjectDependencies) = postProject
		{8BC9CEB8-8B4A-11D0-8D11-00A0C91BC942} = {8BC9CEB8-8B4A-11D0-8D11-00A0C91BC942}
		{E13045CD-7E1F-4A41-9B18-8D288B2E7B41} = {E13045CD-7E1F-4A41-9B18-8D288B2E7B41}
	EndProjectSection
EndProject
Project("{8BC9CEB8-8B4A-11D0-8D11-00A0C91BC942}") = "base", "..\base\build\base.vcproj", "{1832A374-8A74-4F9E-B536-69A699B3E165}"
	ProjectSection(WebsiteProperties) = preProject
		Debug.AspNetCompiler.Debug = "True"
		Release.AspNetCompiler.Debug = "False"
	EndProjectSection
	ProjectSection(ProjectDependencies) = postProject
		{8C27D792-2648-4F5E-9ED0-374276327308} = {8C27D792-2648-4F5E-9ED0-374276327308}
	EndProjectSection
EndProject
Project("{8BC9CEB8-8B4A-11D0-8D11-00A0C91BC942}") = "base_gfx", "..\base\build\base_gfx.vcproj", "{A508ADD3-CECE-4E0F-8448-2F5E454DF551}"
	ProjectSection(WebsiteProperties) = preProject
		Debug.AspNetCompiler.Debug = "True"
		Release.AspNetCompiler.Debug = "False"
	EndProjectSection
EndProject
Project("{8BC9CEB8-8B4A-11D0-8D11-00A0C91BC942}") = "default_plugin", "..\webkit\default_plugin\default_plugin.vcproj", "{5916D37D-8C97-424F-A904-74E52594C2D6}"
	ProjectSection(WebsiteProperties) = preProject
		Debug.AspNetCompiler.Debug = "True"
		Release.AspNetCompiler.Debug = "False"
	EndProjectSection
	ProjectSection(ProjectDependencies) = postProject
		{60B43839-95E6-4526-A661-209F16335E0E} = {60B43839-95E6-4526-A661-209F16335E0E}
	EndProjectSection
EndProject
Project("{8BC9CEB8-8B4A-11D0-8D11-00A0C91BC942}") = "JavaScriptCore_pcre", "..\webkit\build\JavaScriptCore\JavaScriptCore_pcre.vcproj", "{49909552-0B0C-4C14-8CF6-DB8A2ADE0934}"
	ProjectSection(WebsiteProperties) = preProject
		Debug.AspNetCompiler.Debug = "True"
		Release.AspNetCompiler.Debug = "False"
	EndProjectSection
EndProject
Project("{8BC9CEB8-8B4A-11D0-8D11-00A0C91BC942}") = "V8Bindings_prebuild", "..\webkit\build\V8Bindings\V8Bindings_prebuild.vcproj", "{2F7EDFA2-EE27-4D83-8454-9EFBD5779203}"
	ProjectSection(WebsiteProperties) = preProject
		Debug.AspNetCompiler.Debug = "True"
		Release.AspNetCompiler.Debug = "False"
	EndProjectSection
EndProject
Project("{8BC9CEB8-8B4A-11D0-8D11-00A0C91BC942}") = "v8_snapshot", "..\v8\tools\visual_studio\v8_snapshot.vcproj", "{C0334F9A-1168-4101-9DD8-C30FB252D435}"
	ProjectSection(WebsiteProperties) = preProject
		Debug.AspNetCompiler.Debug = "True"
		Release.AspNetCompiler.Debug = "False"
	EndProjectSection
	ProjectSection(ProjectDependencies) = postProject
		{865575D0-37E2-405E-8CBA-5F6C485B5A26} = {865575D0-37E2-405E-8CBA-5F6C485B5A26}
	EndProjectSection
EndProject
Project("{8BC9CEB8-8B4A-11D0-8D11-00A0C91BC942}") = "sdch", "..\sdch\sdch.vcproj", "{F54ABC59-5C00-414A-A9BA-BAF26D1699F0}"
	ProjectSection(WebsiteProperties) = preProject
		Debug.AspNetCompiler.Debug = "True"
		Release.AspNetCompiler.Debug = "False"
	EndProjectSection
EndProject
Project("{2150E333-8FDC-42A3-9474-1A3956D46DE8}") = "Cef", "Cef", "{08BAF606-555E-4048-A47E-22CFA89A21B4}"
	ProjectSection(WebsiteProperties) = preProject
		Debug.AspNetCompiler.Debug = "True"
		Release.AspNetCompiler.Debug = "False"
	EndProjectSection
EndProject
Project("{2150E333-8FDC-42A3-9474-1A3956D46DE8}") = "Tools", "Tools", "{A507014E-5F1D-4A60-963B-518FCED4B8AD}"
	ProjectSection(WebsiteProperties) = preProject
		Debug.AspNetCompiler.Debug = "True"
		Release.AspNetCompiler.Debug = "False"
	EndProjectSection
EndProject
Project("{8BC9CEB8-8B4A-11D0-8D11-00A0C91BC942}") = "tld_cleanup", "..\net\build\tld_cleanup.vcproj", "{E13045CD-7E1F-4A41-9B18-8D288B2E7B41}"
	ProjectSection(WebsiteProperties) = preProject
		Debug.AspNetCompiler.Debug = "True"
		Release.AspNetCompiler.Debug = "False"
	EndProjectSection
	ProjectSection(ProjectDependencies) = postProject
		{EF5E94AB-B646-4E5B-A058-52EF07B8351C} = {EF5E94AB-B646-4E5B-A058-52EF07B8351C}
		{8C27D792-2648-4F5E-9ED0-374276327308} = {8C27D792-2648-4F5E-9ED0-374276327308}
		{1832A374-8A74-4F9E-B536-69A699B3E165} = {1832A374-8A74-4F9E-B536-69A699B3E165}
	EndProjectSection
EndProject
Project("{8BC9CEB8-8B4A-11D0-8D11-00A0C91BC942}") = "v8_mksnapshot", "..\v8\tools\visual_studio\v8_mksnapshot.vcproj", "{865575D0-37E2-405E-8CBA-5F6C485B5A26}"
	ProjectSection(WebsiteProperties) = preProject
		Debug.AspNetCompiler.Debug = "True"
		Release.AspNetCompiler.Debug = "False"
	EndProjectSection
	ProjectSection(ProjectDependencies) = postProject
		{21E22961-22BF-4493-BD3A-868F93DA5179} = {21E22961-22BF-4493-BD3A-868F93DA5179}
	EndProjectSection
EndProject
Project("{8BC9CEB8-8B4A-11D0-8D11-00A0C91BC942}") = "v8", "..\v8\tools\visual_studio\v8.vcproj", "{21E22961-22BF-4493-BD3A-868F93DA5179}"
	ProjectSection(WebsiteProperties) = preProject
		Debug.AspNetCompiler.Debug = "True"
		Release.AspNetCompiler.Debug = "False"
	EndProjectSection
	ProjectSection(ProjectDependencies) = postProject
		{EC8B7909-62AF-470D-A75D-E1D89C837142} = {EC8B7909-62AF-470D-A75D-E1D89C837142}
	EndProjectSection
EndProject
Project("{8BC9CEB8-8B4A-11D0-8D11-00A0C91BC942}") = "v8_base", "..\v8\tools\visual_studio\v8_base.vcproj", "{EC8B7909-62AF-470D-A75D-E1D89C837142}"
	ProjectSection(WebsiteProperties) = preProject
		Debug.AspNetCompiler.Debug = "True"
		Release.AspNetCompiler.Debug = "False"
	EndProjectSection
EndProject
Project("{8BC9CEB8-8B4A-11D0-8D11-00A0C91BC942}") = "V8Config", "..\webkit\build\JSConfig\V8Config.vcproj", "{2E2D3301-2EC4-4C0F-B889-87073B30F673}"
	ProjectSection(WebsiteProperties) = preProject
		Debug.AspNetCompiler.Debug = "True"
		Release.AspNetCompiler.Debug = "False"
	EndProjectSection
EndProject
Project("{8BC9CEB8-8B4A-11D0-8D11-00A0C91BC942}") = "localized_strings", "..\webkit\build\localized_strings\localized_strings.vcproj", "{60B43839-95E6-4526-A661-209F16335E0E}"
	ProjectSection(WebsiteProperties) = preProject
		Debug.AspNetCompiler.Debug = "True"
		Release.AspNetCompiler.Debug = "False"
	EndProjectSection
EndProject
Project("{8BC9CEB8-8B4A-11D0-8D11-00A0C91BC942}") = "cefclient", "tests\cefclient\cefclient.vcproj", "{6617FED9-C5D4-4907-BF55-A90062A6683F}"
	ProjectSection(WebsiteProperties) = preProject
		Debug.AspNetCompiler.Debug = "True"
		Release.AspNetCompiler.Debug = "False"
	EndProjectSection
	ProjectSection(ProjectDependencies) = postProject
		{2A70CBF0-847E-4E3A-B926-542A656DC7FE} = {2A70CBF0-847E-4E3A-B926-542A656DC7FE}
		{A508ADD3-CECE-4E0F-8448-2F5E454DF551} = {A508ADD3-CECE-4E0F-8448-2F5E454DF551}
		{FC0E1FD0-5DD7-4041-A1C9-CD3C376E4EED} = {FC0E1FD0-5DD7-4041-A1C9-CD3C376E4EED}
		{EF5E94AB-B646-4E5B-A058-52EF07B8351C} = {EF5E94AB-B646-4E5B-A058-52EF07B8351C}
		{F4F4BCAA-EA59-445C-A119-3E6C29647A51} = {F4F4BCAA-EA59-445C-A119-3E6C29647A51}
		{C0334F9A-1168-4101-9DD8-C30FB252D435} = {C0334F9A-1168-4101-9DD8-C30FB252D435}
		{326E9795-E760-410A-B69A-3F79DB3F5243} = {326E9795-E760-410A-B69A-3F79DB3F5243}
		{8C27D792-2648-4F5E-9ED0-374276327308} = {8C27D792-2648-4F5E-9ED0-374276327308}
		{AA8A5A85-592B-4357-BC60-E0E91E026AF6} = {AA8A5A85-592B-4357-BC60-E0E91E026AF6}
		{5916D37D-8C97-424F-A904-74E52594C2D6} = {5916D37D-8C97-424F-A904-74E52594C2D6}
		{1C16337B-ACF3-4D03-AA90-851C5B5EADA6} = {1C16337B-ACF3-4D03-AA90-851C5B5EADA6}
		{238CE175-76CE-4A25-A676-69D115885601} = {238CE175-76CE-4A25-A676-69D115885601}
		{1832A374-8A74-4F9E-B536-69A699B3E165} = {1832A374-8A74-4F9E-B536-69A699B3E165}
		{CD9CA56E-4E94-444C-87D4-58CA1E6F300D} = {CD9CA56E-4E94-444C-87D4-58CA1E6F300D}
		{C66B126D-0ECE-4CA2-B6DC-FA780AFBBF09} = {C66B126D-0ECE-4CA2-B6DC-FA780AFBBF09}
		{B55CA863-B374-4BAF-95AC-539E4FA4C90C} = {B55CA863-B374-4BAF-95AC-539E4FA4C90C}
		{21E22961-22BF-4493-BD3A-868F93DA5179} = {21E22961-22BF-4493-BD3A-868F93DA5179}
		{F54ABC59-5C00-414A-A9BA-BAF26D1699F0} = {F54ABC59-5C00-414A-A9BA-BAF26D1699F0}
		{FA39524D-3067-4141-888D-28A86C66F2B9} = {FA39524D-3067-4141-888D-28A86C66F2B9}
		{6EAD4A4B-2BBC-4974-8E45-BB5C16CC2AC9} = {6EAD4A4B-2BBC-4974-8E45-BB5C16CC2AC9}
		{5597AD47-3494-4750-A235-4F9C2F864700} = {5597AD47-3494-4750-A235-4F9C2F864700}
		{C564F145-9172-42C3-BFCB-6014CA97DBCD} = {C564F145-9172-42C3-BFCB-6014CA97DBCD}
		{60B43839-95E6-4526-A661-209F16335E0E} = {60B43839-95E6-4526-A661-209F16335E0E}
		{7100F41F-868D-4E99-80A2-AF8E6574749D} = {7100F41F-868D-4E99-80A2-AF8E6574749D}
		{625A8F11-2B4E-45B4-BD99-C6D629C606C0} = {625A8F11-2B4E-45B4-BD99-C6D629C606C0}
		{8423AF0D-4B88-4EBF-94E1-E4D00D00E21C} = {8423AF0D-4B88-4EBF-94E1-E4D00D00E21C}
		{EC8B7909-62AF-470D-A75D-E1D89C837142} = {EC8B7909-62AF-470D-A75D-E1D89C837142}
	EndProjectSection
EndProject
Project("{8BC9CEB8-8B4A-11D0-8D11-00A0C91BC942}") = "icudt", "..\third_party\icu38\build\icudt.vcproj", "{A0D94973-D355-47A5-A1E2-3456F321F010}"
	ProjectSection(WebsiteProperties) = preProject
		Debug.AspNetCompiler.Debug = "True"
		Release.AspNetCompiler.Debug = "False"
	EndProjectSection
EndProject
Project("{8BC9CEB8-8B4A-11D0-8D11-00A0C91BC942}") = "net_resources", "..\net\build\net_resources.vcproj", "{8BC9CEB8-8B4A-11D0-8D11-00A0C91BC942}"
	ProjectSection(WebsiteProperties) = preProject
		Debug.AspNetCompiler.Debug = "True"
		Release.AspNetCompiler.Debug = "False"
	EndProjectSection
EndProject
Project("{8BC9CEB8-8B4A-11D0-8D11-00A0C91BC942}") = "webkit_resources", "..\webkit\build\webkit_resources\webkit_resources.vcproj", "{0B469837-3D46-484A-AFB3-C5A6C68730B9}"
	ProjectSection(WebsiteProperties) = preProject
		Debug.AspNetCompiler.Debug = "True"
		Release.AspNetCompiler.Debug = "False"
	EndProjectSection
EndProject
Project("{8BC9CEB8-8B4A-11D0-8D11-00A0C91BC942}") = "WebCore_prebuild", "..\webkit\build\WebCore\WebCore_prebuild.vcproj", "{1444235E-0E97-4C80-A73E-EE73F3706C32}"
	ProjectSection(WebsiteProperties) = preProject
		Debug.AspNetCompiler.Debug = "True"
		Release.AspNetCompiler.Debug = "False"
	EndProjectSection
EndProject
Global
	GlobalSection(SolutionConfigurationPlatforms) = preSolution
		Debug|Mixed Platforms = Debug|Mixed Platforms
		Debug|Win32 = Debug|Win32
		Release|Mixed Platforms = Release|Mixed Platforms
		Release|Win32 = Release|Win32
	EndGlobalSection
	GlobalSection(ProjectConfigurationPlatforms) = postSolution
		{1C16337B-ACF3-4D03-AA90-851C5B5EADA6}.Debug|Mixed Platforms.ActiveCfg = Debug|Win32
		{1C16337B-ACF3-4D03-AA90-851C5B5EADA6}.Debug|Mixed Platforms.Build.0 = Debug|Win32
		{1C16337B-ACF3-4D03-AA90-851C5B5EADA6}.Debug|Win32.ActiveCfg = Debug|Win32
		{1C16337B-ACF3-4D03-AA90-851C5B5EADA6}.Debug|Win32.Build.0 = Debug|Win32
		{1C16337B-ACF3-4D03-AA90-851C5B5EADA6}.Release|Mixed Platforms.ActiveCfg = Release|Win32
		{1C16337B-ACF3-4D03-AA90-851C5B5EADA6}.Release|Mixed Platforms.Build.0 = Release|Win32
		{1C16337B-ACF3-4D03-AA90-851C5B5EADA6}.Release|Win32.ActiveCfg = Release|Win32
		{1C16337B-ACF3-4D03-AA90-851C5B5EADA6}.Release|Win32.Build.0 = Release|Win32
		{5597AD47-3494-4750-A235-4F9C2F864700}.Debug|Mixed Platforms.ActiveCfg = Debug|Win32
		{5597AD47-3494-4750-A235-4F9C2F864700}.Debug|Mixed Platforms.Build.0 = Debug|Win32
		{5597AD47-3494-4750-A235-4F9C2F864700}.Debug|Win32.ActiveCfg = Debug|Win32
		{5597AD47-3494-4750-A235-4F9C2F864700}.Debug|Win32.Build.0 = Debug|Win32
		{5597AD47-3494-4750-A235-4F9C2F864700}.Release|Mixed Platforms.ActiveCfg = Release|Win32
		{5597AD47-3494-4750-A235-4F9C2F864700}.Release|Mixed Platforms.Build.0 = Release|Win32
		{5597AD47-3494-4750-A235-4F9C2F864700}.Release|Win32.ActiveCfg = Release|Win32
		{5597AD47-3494-4750-A235-4F9C2F864700}.Release|Win32.Build.0 = Release|Win32
		{C66B126D-0ECE-4CA2-B6DC-FA780AFBBF09}.Debug|Mixed Platforms.ActiveCfg = Debug|Win32
		{C66B126D-0ECE-4CA2-B6DC-FA780AFBBF09}.Debug|Mixed Platforms.Build.0 = Debug|Win32
		{C66B126D-0ECE-4CA2-B6DC-FA780AFBBF09}.Debug|Win32.ActiveCfg = Debug|Win32
		{C66B126D-0ECE-4CA2-B6DC-FA780AFBBF09}.Debug|Win32.Build.0 = Debug|Win32
		{C66B126D-0ECE-4CA2-B6DC-FA780AFBBF09}.Release|Mixed Platforms.ActiveCfg = Release|Win32
		{C66B126D-0ECE-4CA2-B6DC-FA780AFBBF09}.Release|Mixed Platforms.Build.0 = Release|Win32
		{C66B126D-0ECE-4CA2-B6DC-FA780AFBBF09}.Release|Win32.ActiveCfg = Release|Win32
		{C66B126D-0ECE-4CA2-B6DC-FA780AFBBF09}.Release|Win32.Build.0 = Release|Win32
		{CD9CA56E-4E94-444C-87D4-58CA1E6F300D}.Debug|Mixed Platforms.ActiveCfg = Debug|Win32
		{CD9CA56E-4E94-444C-87D4-58CA1E6F300D}.Debug|Mixed Platforms.Build.0 = Debug|Win32
		{CD9CA56E-4E94-444C-87D4-58CA1E6F300D}.Debug|Win32.ActiveCfg = Debug|Win32
		{CD9CA56E-4E94-444C-87D4-58CA1E6F300D}.Debug|Win32.Build.0 = Debug|Win32
		{CD9CA56E-4E94-444C-87D4-58CA1E6F300D}.Release|Mixed Platforms.ActiveCfg = Release|Win32
		{CD9CA56E-4E94-444C-87D4-58CA1E6F300D}.Release|Mixed Platforms.Build.0 = Release|Win32
		{CD9CA56E-4E94-444C-87D4-58CA1E6F300D}.Release|Win32.ActiveCfg = Release|Win32
		{CD9CA56E-4E94-444C-87D4-58CA1E6F300D}.Release|Win32.Build.0 = Release|Win32
		{AA8A5A85-592B-4357-BC60-E0E91E026AF6}.Debug|Mixed Platforms.ActiveCfg = Debug|Win32
		{AA8A5A85-592B-4357-BC60-E0E91E026AF6}.Debug|Mixed Platforms.Build.0 = Debug|Win32
		{AA8A5A85-592B-4357-BC60-E0E91E026AF6}.Debug|Win32.ActiveCfg = Debug|Win32
		{AA8A5A85-592B-4357-BC60-E0E91E026AF6}.Debug|Win32.Build.0 = Debug|Win32
		{AA8A5A85-592B-4357-BC60-E0E91E026AF6}.Release|Mixed Platforms.ActiveCfg = Release|Win32
		{AA8A5A85-592B-4357-BC60-E0E91E026AF6}.Release|Mixed Platforms.Build.0 = Release|Win32
		{AA8A5A85-592B-4357-BC60-E0E91E026AF6}.Release|Win32.ActiveCfg = Release|Win32
		{AA8A5A85-592B-4357-BC60-E0E91E026AF6}.Release|Win32.Build.0 = Release|Win32
		{6EAD4A4B-2BBC-4974-8E45-BB5C16CC2AC9}.Debug|Mixed Platforms.ActiveCfg = Debug|Win32
		{6EAD4A4B-2BBC-4974-8E45-BB5C16CC2AC9}.Debug|Mixed Platforms.Build.0 = Debug|Win32
		{6EAD4A4B-2BBC-4974-8E45-BB5C16CC2AC9}.Debug|Win32.ActiveCfg = Debug|Win32
		{6EAD4A4B-2BBC-4974-8E45-BB5C16CC2AC9}.Debug|Win32.Build.0 = Debug|Win32
		{6EAD4A4B-2BBC-4974-8E45-BB5C16CC2AC9}.Release|Mixed Platforms.ActiveCfg = Release|Win32
		{6EAD4A4B-2BBC-4974-8E45-BB5C16CC2AC9}.Release|Mixed Platforms.Build.0 = Release|Win32
		{6EAD4A4B-2BBC-4974-8E45-BB5C16CC2AC9}.Release|Win32.ActiveCfg = Release|Win32
		{6EAD4A4B-2BBC-4974-8E45-BB5C16CC2AC9}.Release|Win32.Build.0 = Release|Win32
		{8C27D792-2648-4F5E-9ED0-374276327308}.Debug|Mixed Platforms.ActiveCfg = Debug|Win32
		{8C27D792-2648-4F5E-9ED0-374276327308}.Debug|Mixed Platforms.Build.0 = Debug|Win32
		{8C27D792-2648-4F5E-9ED0-374276327308}.Debug|Win32.ActiveCfg = Debug|Win32
		{8C27D792-2648-4F5E-9ED0-374276327308}.Debug|Win32.Build.0 = Debug|Win32
		{8C27D792-2648-4F5E-9ED0-374276327308}.Release|Mixed Platforms.ActiveCfg = Release|Win32
		{8C27D792-2648-4F5E-9ED0-374276327308}.Release|Mixed Platforms.Build.0 = Release|Win32
		{8C27D792-2648-4F5E-9ED0-374276327308}.Release|Win32.ActiveCfg = Release|Win32
		{8C27D792-2648-4F5E-9ED0-374276327308}.Release|Win32.Build.0 = Release|Win32
		{C564F145-9172-42C3-BFCB-6014CA97DBCD}.Debug|Mixed Platforms.ActiveCfg = Debug|Win32
		{C564F145-9172-42C3-BFCB-6014CA97DBCD}.Debug|Mixed Platforms.Build.0 = Debug|Win32
		{C564F145-9172-42C3-BFCB-6014CA97DBCD}.Debug|Win32.ActiveCfg = Debug|Win32
		{C564F145-9172-42C3-BFCB-6014CA97DBCD}.Debug|Win32.Build.0 = Debug|Win32
		{C564F145-9172-42C3-BFCB-6014CA97DBCD}.Release|Mixed Platforms.ActiveCfg = Release|Win32
		{C564F145-9172-42C3-BFCB-6014CA97DBCD}.Release|Mixed Platforms.Build.0 = Release|Win32
		{C564F145-9172-42C3-BFCB-6014CA97DBCD}.Release|Win32.ActiveCfg = Release|Win32
		{C564F145-9172-42C3-BFCB-6014CA97DBCD}.Release|Win32.Build.0 = Release|Win32
		{8423AF0D-4B88-4EBF-94E1-E4D00D00E21C}.Debug|Mixed Platforms.ActiveCfg = Debug|Win32
		{8423AF0D-4B88-4EBF-94E1-E4D00D00E21C}.Debug|Mixed Platforms.Build.0 = Debug|Win32
		{8423AF0D-4B88-4EBF-94E1-E4D00D00E21C}.Debug|Win32.ActiveCfg = Debug|Win32
		{8423AF0D-4B88-4EBF-94E1-E4D00D00E21C}.Debug|Win32.Build.0 = Debug|Win32
		{8423AF0D-4B88-4EBF-94E1-E4D00D00E21C}.Release|Mixed Platforms.ActiveCfg = Release|Win32
		{8423AF0D-4B88-4EBF-94E1-E4D00D00E21C}.Release|Mixed Platforms.Build.0 = Release|Win32
		{8423AF0D-4B88-4EBF-94E1-E4D00D00E21C}.Release|Win32.ActiveCfg = Release|Win32
		{8423AF0D-4B88-4EBF-94E1-E4D00D00E21C}.Release|Win32.Build.0 = Release|Win32
		{238CE175-76CE-4A25-A676-69D115885601}.Debug|Mixed Platforms.ActiveCfg = Debug|Win32
		{238CE175-76CE-4A25-A676-69D115885601}.Debug|Mixed Platforms.Build.0 = Debug|Win32
		{238CE175-76CE-4A25-A676-69D115885601}.Debug|Win32.ActiveCfg = Debug|Win32
		{238CE175-76CE-4A25-A676-69D115885601}.Debug|Win32.Build.0 = Debug|Win32
		{238CE175-76CE-4A25-A676-69D115885601}.Release|Mixed Platforms.ActiveCfg = Release|Win32
		{238CE175-76CE-4A25-A676-69D115885601}.Release|Mixed Platforms.Build.0 = Release|Win32
		{238CE175-76CE-4A25-A676-69D115885601}.Release|Win32.ActiveCfg = Release|Win32
		{238CE175-76CE-4A25-A676-69D115885601}.Release|Win32.Build.0 = Release|Win32
		{B55CA863-B374-4BAF-95AC-539E4FA4C90C}.Debug|Mixed Platforms.ActiveCfg = Debug|Win32
		{B55CA863-B374-4BAF-95AC-539E4FA4C90C}.Debug|Mixed Platforms.Build.0 = Debug|Win32
		{B55CA863-B374-4BAF-95AC-539E4FA4C90C}.Debug|Win32.ActiveCfg = Debug|Win32
		{B55CA863-B374-4BAF-95AC-539E4FA4C90C}.Debug|Win32.Build.0 = Debug|Win32
		{B55CA863-B374-4BAF-95AC-539E4FA4C90C}.Release|Mixed Platforms.ActiveCfg = Release|Win32
		{B55CA863-B374-4BAF-95AC-539E4FA4C90C}.Release|Mixed Platforms.Build.0 = Release|Win32
		{B55CA863-B374-4BAF-95AC-539E4FA4C90C}.Release|Win32.ActiveCfg = Release|Win32
		{B55CA863-B374-4BAF-95AC-539E4FA4C90C}.Release|Win32.Build.0 = Release|Win32
		{F9810DE8-CBC3-4605-A7B1-ECA2D5292FD7}.Debug|Mixed Platforms.ActiveCfg = Debug|Win32
		{F9810DE8-CBC3-4605-A7B1-ECA2D5292FD7}.Debug|Mixed Platforms.Build.0 = Debug|Win32
		{F9810DE8-CBC3-4605-A7B1-ECA2D5292FD7}.Debug|Win32.ActiveCfg = Debug|Win32
		{F9810DE8-CBC3-4605-A7B1-ECA2D5292FD7}.Debug|Win32.Build.0 = Debug|Win32
		{F9810DE8-CBC3-4605-A7B1-ECA2D5292FD7}.Release|Mixed Platforms.ActiveCfg = Release|Win32
		{F9810DE8-CBC3-4605-A7B1-ECA2D5292FD7}.Release|Mixed Platforms.Build.0 = Release|Win32
		{F9810DE8-CBC3-4605-A7B1-ECA2D5292FD7}.Release|Win32.ActiveCfg = Release|Win32
		{F9810DE8-CBC3-4605-A7B1-ECA2D5292FD7}.Release|Win32.Build.0 = Release|Win32
		{FC0E1FD0-5DD7-4041-A1C9-CD3C376E4EED}.Debug|Mixed Platforms.ActiveCfg = Debug|Win32
		{FC0E1FD0-5DD7-4041-A1C9-CD3C376E4EED}.Debug|Mixed Platforms.Build.0 = Debug|Win32
		{FC0E1FD0-5DD7-4041-A1C9-CD3C376E4EED}.Debug|Win32.ActiveCfg = Debug|Win32
		{FC0E1FD0-5DD7-4041-A1C9-CD3C376E4EED}.Debug|Win32.Build.0 = Debug|Win32
		{FC0E1FD0-5DD7-4041-A1C9-CD3C376E4EED}.Release|Mixed Platforms.ActiveCfg = Release|Win32
		{FC0E1FD0-5DD7-4041-A1C9-CD3C376E4EED}.Release|Mixed Platforms.Build.0 = Release|Win32
		{FC0E1FD0-5DD7-4041-A1C9-CD3C376E4EED}.Release|Win32.ActiveCfg = Release|Win32
		{FC0E1FD0-5DD7-4041-A1C9-CD3C376E4EED}.Release|Win32.Build.0 = Release|Win32
		{625A8F11-2B4E-45B4-BD99-C6D629C606C0}.Debug|Mixed Platforms.ActiveCfg = Debug|Win32
		{625A8F11-2B4E-45B4-BD99-C6D629C606C0}.Debug|Mixed Platforms.Build.0 = Debug|Win32
		{625A8F11-2B4E-45B4-BD99-C6D629C606C0}.Debug|Win32.ActiveCfg = Debug|Win32
		{625A8F11-2B4E-45B4-BD99-C6D629C606C0}.Debug|Win32.Build.0 = Debug|Win32
		{625A8F11-2B4E-45B4-BD99-C6D629C606C0}.Release|Mixed Platforms.ActiveCfg = Release|Win32
		{625A8F11-2B4E-45B4-BD99-C6D629C606C0}.Release|Mixed Platforms.Build.0 = Release|Win32
		{625A8F11-2B4E-45B4-BD99-C6D629C606C0}.Release|Win32.ActiveCfg = Release|Win32
		{625A8F11-2B4E-45B4-BD99-C6D629C606C0}.Release|Win32.Build.0 = Release|Win32
		{2A70CBF0-847E-4E3A-B926-542A656DC7FE}.Debug|Mixed Platforms.ActiveCfg = Debug|Win32
		{2A70CBF0-847E-4E3A-B926-542A656DC7FE}.Debug|Mixed Platforms.Build.0 = Debug|Win32
		{2A70CBF0-847E-4E3A-B926-542A656DC7FE}.Debug|Win32.ActiveCfg = Debug|Win32
		{2A70CBF0-847E-4E3A-B926-542A656DC7FE}.Debug|Win32.Build.0 = Debug|Win32
		{2A70CBF0-847E-4E3A-B926-542A656DC7FE}.Release|Mixed Platforms.ActiveCfg = Release|Win32
		{2A70CBF0-847E-4E3A-B926-542A656DC7FE}.Release|Mixed Platforms.Build.0 = Release|Win32
		{2A70CBF0-847E-4E3A-B926-542A656DC7FE}.Release|Win32.ActiveCfg = Release|Win32
		{2A70CBF0-847E-4E3A-B926-542A656DC7FE}.Release|Win32.Build.0 = Release|Win32
		{FA39524D-3067-4141-888D-28A86C66F2B9}.Debug|Mixed Platforms.ActiveCfg = Debug|Win32
		{FA39524D-3067-4141-888D-28A86C66F2B9}.Debug|Mixed Platforms.Build.0 = Debug|Win32
		{FA39524D-3067-4141-888D-28A86C66F2B9}.Debug|Win32.ActiveCfg = Debug|Win32
		{FA39524D-3067-4141-888D-28A86C66F2B9}.Release|Mixed Platforms.ActiveCfg = Release|Win32
		{FA39524D-3067-4141-888D-28A86C66F2B9}.Release|Mixed Platforms.Build.0 = Release|Win32
		{FA39524D-3067-4141-888D-28A86C66F2B9}.Release|Win32.ActiveCfg = Release|Win32
		{FA39524D-3067-4141-888D-28A86C66F2B9}.Release|Win32.Build.0 = Release|Win32
		{EF5E94AB-B646-4E5B-A058-52EF07B8351C}.Debug|Mixed Platforms.ActiveCfg = Debug|Win32
		{EF5E94AB-B646-4E5B-A058-52EF07B8351C}.Debug|Mixed Platforms.Build.0 = Debug|Win32
		{EF5E94AB-B646-4E5B-A058-52EF07B8351C}.Debug|Win32.ActiveCfg = Debug|Win32
		{EF5E94AB-B646-4E5B-A058-52EF07B8351C}.Debug|Win32.Build.0 = Debug|Win32
		{EF5E94AB-B646-4E5B-A058-52EF07B8351C}.Release|Mixed Platforms.ActiveCfg = Release|Win32
		{EF5E94AB-B646-4E5B-A058-52EF07B8351C}.Release|Mixed Platforms.Build.0 = Release|Win32
		{EF5E94AB-B646-4E5B-A058-52EF07B8351C}.Release|Win32.ActiveCfg = Release|Win32
		{EF5E94AB-B646-4E5B-A058-52EF07B8351C}.Release|Win32.Build.0 = Release|Win32
		{7100F41F-868D-4E99-80A2-AF8E6574749D}.Debug|Mixed Platforms.ActiveCfg = Debug|Win32
		{7100F41F-868D-4E99-80A2-AF8E6574749D}.Debug|Mixed Platforms.Build.0 = Debug|Win32
		{7100F41F-868D-4E99-80A2-AF8E6574749D}.Debug|Win32.ActiveCfg = Debug|Win32
		{7100F41F-868D-4E99-80A2-AF8E6574749D}.Debug|Win32.Build.0 = Debug|Win32
		{7100F41F-868D-4E99-80A2-AF8E6574749D}.Release|Mixed Platforms.ActiveCfg = Release|Win32
		{7100F41F-868D-4E99-80A2-AF8E6574749D}.Release|Mixed Platforms.Build.0 = Release|Win32
		{7100F41F-868D-4E99-80A2-AF8E6574749D}.Release|Win32.ActiveCfg = Release|Win32
		{7100F41F-868D-4E99-80A2-AF8E6574749D}.Release|Win32.Build.0 = Release|Win32
		{F4F4BCAA-EA59-445C-A119-3E6C29647A51}.Debug|Mixed Platforms.ActiveCfg = Debug|Win32
		{F4F4BCAA-EA59-445C-A119-3E6C29647A51}.Debug|Mixed Platforms.Build.0 = Debug|Win32
		{F4F4BCAA-EA59-445C-A119-3E6C29647A51}.Debug|Win32.ActiveCfg = Debug|Win32
		{F4F4BCAA-EA59-445C-A119-3E6C29647A51}.Debug|Win32.Build.0 = Debug|Win32
		{F4F4BCAA-EA59-445C-A119-3E6C29647A51}.Release|Mixed Platforms.ActiveCfg = Release|Win32
		{F4F4BCAA-EA59-445C-A119-3E6C29647A51}.Release|Mixed Platforms.Build.0 = Release|Win32
		{F4F4BCAA-EA59-445C-A119-3E6C29647A51}.Release|Win32.ActiveCfg = Release|Win32
		{F4F4BCAA-EA59-445C-A119-3E6C29647A51}.Release|Win32.Build.0 = Release|Win32
		{326E9795-E760-410A-B69A-3F79DB3F5243}.Debug|Mixed Platforms.ActiveCfg = Debug|Win32
		{326E9795-E760-410A-B69A-3F79DB3F5243}.Debug|Mixed Platforms.Build.0 = Debug|Win32
		{326E9795-E760-410A-B69A-3F79DB3F5243}.Debug|Win32.ActiveCfg = Debug|Win32
		{326E9795-E760-410A-B69A-3F79DB3F5243}.Debug|Win32.Build.0 = Debug|Win32
		{326E9795-E760-410A-B69A-3F79DB3F5243}.Release|Mixed Platforms.ActiveCfg = Release|Win32
		{326E9795-E760-410A-B69A-3F79DB3F5243}.Release|Mixed Platforms.Build.0 = Release|Win32
		{326E9795-E760-410A-B69A-3F79DB3F5243}.Release|Win32.ActiveCfg = Release|Win32
		{326E9795-E760-410A-B69A-3F79DB3F5243}.Release|Win32.Build.0 = Release|Win32
		{1832A374-8A74-4F9E-B536-69A699B3E165}.Debug|Mixed Platforms.ActiveCfg = Debug|Win32
		{1832A374-8A74-4F9E-B536-69A699B3E165}.Debug|Mixed Platforms.Build.0 = Debug|Win32
		{1832A374-8A74-4F9E-B536-69A699B3E165}.Debug|Win32.ActiveCfg = Debug|Win32
		{1832A374-8A74-4F9E-B536-69A699B3E165}.Debug|Win32.Build.0 = Debug|Win32
		{1832A374-8A74-4F9E-B536-69A699B3E165}.Release|Mixed Platforms.ActiveCfg = Release|Win32
		{1832A374-8A74-4F9E-B536-69A699B3E165}.Release|Mixed Platforms.Build.0 = Release|Win32
		{1832A374-8A74-4F9E-B536-69A699B3E165}.Release|Win32.ActiveCfg = Release|Win32
		{1832A374-8A74-4F9E-B536-69A699B3E165}.Release|Win32.Build.0 = Release|Win32
		{A508ADD3-CECE-4E0F-8448-2F5E454DF551}.Debug|Mixed Platforms.ActiveCfg = Debug|Win32
		{A508ADD3-CECE-4E0F-8448-2F5E454DF551}.Debug|Mixed Platforms.Build.0 = Debug|Win32
		{A508ADD3-CECE-4E0F-8448-2F5E454DF551}.Debug|Win32.ActiveCfg = Debug|Win32
		{A508ADD3-CECE-4E0F-8448-2F5E454DF551}.Debug|Win32.Build.0 = Debug|Win32
		{A508ADD3-CECE-4E0F-8448-2F5E454DF551}.Release|Mixed Platforms.ActiveCfg = Release|Win32
		{A508ADD3-CECE-4E0F-8448-2F5E454DF551}.Release|Mixed Platforms.Build.0 = Release|Win32
		{A508ADD3-CECE-4E0F-8448-2F5E454DF551}.Release|Win32.ActiveCfg = Release|Win32
		{A508ADD3-CECE-4E0F-8448-2F5E454DF551}.Release|Win32.Build.0 = Release|Win32
		{5916D37D-8C97-424F-A904-74E52594C2D6}.Debug|Mixed Platforms.ActiveCfg = Debug|Win32
		{5916D37D-8C97-424F-A904-74E52594C2D6}.Debug|Mixed Platforms.Build.0 = Debug|Win32
		{5916D37D-8C97-424F-A904-74E52594C2D6}.Debug|Win32.ActiveCfg = Debug|Win32
		{5916D37D-8C97-424F-A904-74E52594C2D6}.Debug|Win32.Build.0 = Debug|Win32
		{5916D37D-8C97-424F-A904-74E52594C2D6}.Release|Mixed Platforms.ActiveCfg = Release|Win32
		{5916D37D-8C97-424F-A904-74E52594C2D6}.Release|Mixed Platforms.Build.0 = Release|Win32
		{5916D37D-8C97-424F-A904-74E52594C2D6}.Release|Win32.ActiveCfg = Release|Win32
		{5916D37D-8C97-424F-A904-74E52594C2D6}.Release|Win32.Build.0 = Release|Win32
		{49909552-0B0C-4C14-8CF6-DB8A2ADE0934}.Debug|Mixed Platforms.ActiveCfg = Debug|Win32
		{49909552-0B0C-4C14-8CF6-DB8A2ADE0934}.Debug|Mixed Platforms.Build.0 = Debug|Win32
		{49909552-0B0C-4C14-8CF6-DB8A2ADE0934}.Debug|Win32.ActiveCfg = Debug|Win32
		{49909552-0B0C-4C14-8CF6-DB8A2ADE0934}.Debug|Win32.Build.0 = Debug|Win32
		{49909552-0B0C-4C14-8CF6-DB8A2ADE0934}.Release|Mixed Platforms.ActiveCfg = Release|Win32
		{49909552-0B0C-4C14-8CF6-DB8A2ADE0934}.Release|Mixed Platforms.Build.0 = Release|Win32
		{49909552-0B0C-4C14-8CF6-DB8A2ADE0934}.Release|Win32.ActiveCfg = Release|Win32
		{49909552-0B0C-4C14-8CF6-DB8A2ADE0934}.Release|Win32.Build.0 = Release|Win32
		{2F7EDFA2-EE27-4D83-8454-9EFBD5779203}.Debug|Mixed Platforms.ActiveCfg = Debug|Win32
		{2F7EDFA2-EE27-4D83-8454-9EFBD5779203}.Debug|Mixed Platforms.Build.0 = Debug|Win32
		{2F7EDFA2-EE27-4D83-8454-9EFBD5779203}.Debug|Win32.ActiveCfg = Debug|Win32
		{2F7EDFA2-EE27-4D83-8454-9EFBD5779203}.Debug|Win32.Build.0 = Debug|Win32
		{2F7EDFA2-EE27-4D83-8454-9EFBD5779203}.Release|Mixed Platforms.ActiveCfg = Release|Win32
		{2F7EDFA2-EE27-4D83-8454-9EFBD5779203}.Release|Mixed Platforms.Build.0 = Release|Win32
		{2F7EDFA2-EE27-4D83-8454-9EFBD5779203}.Release|Win32.ActiveCfg = Release|Win32
		{2F7EDFA2-EE27-4D83-8454-9EFBD5779203}.Release|Win32.Build.0 = Release|Win32
		{C0334F9A-1168-4101-9DD8-C30FB252D435}.Debug|Mixed Platforms.ActiveCfg = Debug|Win32
		{C0334F9A-1168-4101-9DD8-C30FB252D435}.Debug|Mixed Platforms.Build.0 = Debug|Win32
		{C0334F9A-1168-4101-9DD8-C30FB252D435}.Debug|Win32.ActiveCfg = Debug|Win32
		{C0334F9A-1168-4101-9DD8-C30FB252D435}.Debug|Win32.Build.0 = Debug|Win32
		{C0334F9A-1168-4101-9DD8-C30FB252D435}.Release|Mixed Platforms.ActiveCfg = Release|Win32
		{C0334F9A-1168-4101-9DD8-C30FB252D435}.Release|Mixed Platforms.Build.0 = Release|Win32
		{C0334F9A-1168-4101-9DD8-C30FB252D435}.Release|Win32.ActiveCfg = Release|Win32
		{C0334F9A-1168-4101-9DD8-C30FB252D435}.Release|Win32.Build.0 = Release|Win32
		{F54ABC59-5C00-414A-A9BA-BAF26D1699F0}.Debug|Mixed Platforms.ActiveCfg = Debug|Win32
		{F54ABC59-5C00-414A-A9BA-BAF26D1699F0}.Debug|Mixed Platforms.Build.0 = Debug|Win32
		{F54ABC59-5C00-414A-A9BA-BAF26D1699F0}.Debug|Win32.ActiveCfg = Debug|Win32
		{F54ABC59-5C00-414A-A9BA-BAF26D1699F0}.Debug|Win32.Build.0 = Debug|Win32
		{F54ABC59-5C00-414A-A9BA-BAF26D1699F0}.Release|Mixed Platforms.ActiveCfg = Release|Win32
		{F54ABC59-5C00-414A-A9BA-BAF26D1699F0}.Release|Mixed Platforms.Build.0 = Release|Win32
		{F54ABC59-5C00-414A-A9BA-BAF26D1699F0}.Release|Win32.ActiveCfg = Release|Win32
		{F54ABC59-5C00-414A-A9BA-BAF26D1699F0}.Release|Win32.Build.0 = Release|Win32
		{E13045CD-7E1F-4A41-9B18-8D288B2E7B41}.Debug|Mixed Platforms.ActiveCfg = Debug|Win32
		{E13045CD-7E1F-4A41-9B18-8D288B2E7B41}.Debug|Mixed Platforms.Build.0 = Debug|Win32
		{E13045CD-7E1F-4A41-9B18-8D288B2E7B41}.Debug|Win32.ActiveCfg = Debug|Win32
		{E13045CD-7E1F-4A41-9B18-8D288B2E7B41}.Debug|Win32.Build.0 = Debug|Win32
		{E13045CD-7E1F-4A41-9B18-8D288B2E7B41}.Release|Mixed Platforms.ActiveCfg = Release|Win32
		{E13045CD-7E1F-4A41-9B18-8D288B2E7B41}.Release|Mixed Platforms.Build.0 = Release|Win32
		{E13045CD-7E1F-4A41-9B18-8D288B2E7B41}.Release|Win32.ActiveCfg = Release|Win32
		{E13045CD-7E1F-4A41-9B18-8D288B2E7B41}.Release|Win32.Build.0 = Release|Win32
		{865575D0-37E2-405E-8CBA-5F6C485B5A26}.Debug|Mixed Platforms.ActiveCfg = Debug|Win32
		{865575D0-37E2-405E-8CBA-5F6C485B5A26}.Debug|Mixed Platforms.Build.0 = Debug|Win32
		{865575D0-37E2-405E-8CBA-5F6C485B5A26}.Debug|Win32.ActiveCfg = Debug|Win32
		{865575D0-37E2-405E-8CBA-5F6C485B5A26}.Debug|Win32.Build.0 = Debug|Win32
		{865575D0-37E2-405E-8CBA-5F6C485B5A26}.Release|Mixed Platforms.ActiveCfg = Release|Win32
		{865575D0-37E2-405E-8CBA-5F6C485B5A26}.Release|Mixed Platforms.Build.0 = Release|Win32
		{865575D0-37E2-405E-8CBA-5F6C485B5A26}.Release|Win32.ActiveCfg = Release|Win32
		{865575D0-37E2-405E-8CBA-5F6C485B5A26}.Release|Win32.Build.0 = Release|Win32
		{21E22961-22BF-4493-BD3A-868F93DA5179}.Debug|Mixed Platforms.ActiveCfg = Debug|Win32
		{21E22961-22BF-4493-BD3A-868F93DA5179}.Debug|Mixed Platforms.Build.0 = Debug|Win32
		{21E22961-22BF-4493-BD3A-868F93DA5179}.Debug|Win32.ActiveCfg = Debug|Win32
		{21E22961-22BF-4493-BD3A-868F93DA5179}.Debug|Win32.Build.0 = Debug|Win32
		{21E22961-22BF-4493-BD3A-868F93DA5179}.Release|Mixed Platforms.ActiveCfg = Release|Win32
		{21E22961-22BF-4493-BD3A-868F93DA5179}.Release|Mixed Platforms.Build.0 = Release|Win32
		{21E22961-22BF-4493-BD3A-868F93DA5179}.Release|Win32.ActiveCfg = Release|Win32
		{21E22961-22BF-4493-BD3A-868F93DA5179}.Release|Win32.Build.0 = Release|Win32
		{EC8B7909-62AF-470D-A75D-E1D89C837142}.Debug|Mixed Platforms.ActiveCfg = Debug|Win32
		{EC8B7909-62AF-470D-A75D-E1D89C837142}.Debug|Mixed Platforms.Build.0 = Debug|Win32
		{EC8B7909-62AF-470D-A75D-E1D89C837142}.Debug|Win32.ActiveCfg = Debug|Win32
		{EC8B7909-62AF-470D-A75D-E1D89C837142}.Debug|Win32.Build.0 = Debug|Win32
		{EC8B7909-62AF-470D-A75D-E1D89C837142}.Release|Mixed Platforms.ActiveCfg = Release|Win32
		{EC8B7909-62AF-470D-A75D-E1D89C837142}.Release|Mixed Platforms.Build.0 = Release|Win32
		{EC8B7909-62AF-470D-A75D-E1D89C837142}.Release|Win32.ActiveCfg = Release|Win32
		{EC8B7909-62AF-470D-A75D-E1D89C837142}.Release|Win32.Build.0 = Release|Win32
		{2E2D3301-2EC4-4C0F-B889-87073B30F673}.Debug|Mixed Platforms.ActiveCfg = Debug|Win32
		{2E2D3301-2EC4-4C0F-B889-87073B30F673}.Debug|Mixed Platforms.Build.0 = Debug|Win32
		{2E2D3301-2EC4-4C0F-B889-87073B30F673}.Debug|Win32.ActiveCfg = Debug|Win32
		{2E2D3301-2EC4-4C0F-B889-87073B30F673}.Debug|Win32.Build.0 = Debug|Win32
		{2E2D3301-2EC4-4C0F-B889-87073B30F673}.Release|Mixed Platforms.ActiveCfg = Release|Win32
		{2E2D3301-2EC4-4C0F-B889-87073B30F673}.Release|Mixed Platforms.Build.0 = Release|Win32
		{2E2D3301-2EC4-4C0F-B889-87073B30F673}.Release|Win32.ActiveCfg = Release|Win32
		{2E2D3301-2EC4-4C0F-B889-87073B30F673}.Release|Win32.Build.0 = Release|Win32
		{60B43839-95E6-4526-A661-209F16335E0E}.Debug|Mixed Platforms.ActiveCfg = Debug|Win32
		{60B43839-95E6-4526-A661-209F16335E0E}.Debug|Mixed Platforms.Build.0 = Debug|Win32
		{60B43839-95E6-4526-A661-209F16335E0E}.Debug|Win32.ActiveCfg = Debug|Win32
		{60B43839-95E6-4526-A661-209F16335E0E}.Debug|Win32.Build.0 = Debug|Win32
		{60B43839-95E6-4526-A661-209F16335E0E}.Release|Mixed Platforms.ActiveCfg = Release|Win32
		{60B43839-95E6-4526-A661-209F16335E0E}.Release|Mixed Platforms.Build.0 = Release|Win32
		{60B43839-95E6-4526-A661-209F16335E0E}.Release|Win32.ActiveCfg = Release|Win32
		{60B43839-95E6-4526-A661-209F16335E0E}.Release|Win32.Build.0 = Release|Win32
		{6617FED9-C5D4-4907-BF55-A90062A6683F}.Debug|Mixed Platforms.ActiveCfg = Debug|Win32
		{6617FED9-C5D4-4907-BF55-A90062A6683F}.Debug|Mixed Platforms.Build.0 = Debug|Win32
		{6617FED9-C5D4-4907-BF55-A90062A6683F}.Debug|Win32.ActiveCfg = Debug|Win32
		{6617FED9-C5D4-4907-BF55-A90062A6683F}.Debug|Win32.Build.0 = Debug|Win32
		{6617FED9-C5D4-4907-BF55-A90062A6683F}.Release|Mixed Platforms.ActiveCfg = Release|Win32
		{6617FED9-C5D4-4907-BF55-A90062A6683F}.Release|Mixed Platforms.Build.0 = Release|Win32
		{6617FED9-C5D4-4907-BF55-A90062A6683F}.Release|Win32.ActiveCfg = Release|Win32
		{6617FED9-C5D4-4907-BF55-A90062A6683F}.Release|Win32.Build.0 = Release|Win32
		{A0D94973-D355-47A5-A1E2-3456F321F010}.Debug|Mixed Platforms.ActiveCfg = Debug|Win32
		{A0D94973-D355-47A5-A1E2-3456F321F010}.Debug|Mixed Platforms.Build.0 = Debug|Win32
		{A0D94973-D355-47A5-A1E2-3456F321F010}.Debug|Win32.ActiveCfg = Debug|Win32
		{A0D94973-D355-47A5-A1E2-3456F321F010}.Debug|Win32.Build.0 = Debug|Win32
		{A0D94973-D355-47A5-A1E2-3456F321F010}.Release|Mixed Platforms.ActiveCfg = Release|Win32
		{A0D94973-D355-47A5-A1E2-3456F321F010}.Release|Mixed Platforms.Build.0 = Release|Win32
		{A0D94973-D355-47A5-A1E2-3456F321F010}.Release|Win32.ActiveCfg = Release|Win32
		{A0D94973-D355-47A5-A1E2-3456F321F010}.Release|Win32.Build.0 = Release|Win32
		{8BC9CEB8-8B4A-11D0-8D11-00A0C91BC942}.Debug|Mixed Platforms.ActiveCfg = Debug|Win32
		{8BC9CEB8-8B4A-11D0-8D11-00A0C91BC942}.Debug|Mixed Platforms.Build.0 = Debug|Win32
		{8BC9CEB8-8B4A-11D0-8D11-00A0C91BC942}.Debug|Win32.ActiveCfg = Debug|Win32
		{8BC9CEB8-8B4A-11D0-8D11-00A0C91BC942}.Debug|Win32.Build.0 = Debug|Win32
		{8BC9CEB8-8B4A-11D0-8D11-00A0C91BC942}.Release|Mixed Platforms.ActiveCfg = Release|Win32
		{8BC9CEB8-8B4A-11D0-8D11-00A0C91BC942}.Release|Mixed Platforms.Build.0 = Release|Win32
		{8BC9CEB8-8B4A-11D0-8D11-00A0C91BC942}.Release|Win32.ActiveCfg = Release|Win32
		{8BC9CEB8-8B4A-11D0-8D11-00A0C91BC942}.Release|Win32.Build.0 = Release|Win32
		{0B469837-3D46-484A-AFB3-C5A6C68730B9}.Debug|Mixed Platforms.ActiveCfg = Debug|Win32
		{0B469837-3D46-484A-AFB3-C5A6C68730B9}.Debug|Mixed Platforms.Build.0 = Debug|Win32
		{0B469837-3D46-484A-AFB3-C5A6C68730B9}.Debug|Win32.ActiveCfg = Debug|Win32
		{0B469837-3D46-484A-AFB3-C5A6C68730B9}.Debug|Win32.Build.0 = Debug|Win32
		{0B469837-3D46-484A-AFB3-C5A6C68730B9}.Release|Mixed Platforms.ActiveCfg = Release|Win32
		{0B469837-3D46-484A-AFB3-C5A6C68730B9}.Release|Mixed Platforms.Build.0 = Release|Win32
		{0B469837-3D46-484A-AFB3-C5A6C68730B9}.Release|Win32.ActiveCfg = Release|Win32
		{0B469837-3D46-484A-AFB3-C5A6C68730B9}.Release|Win32.Build.0 = Release|Win32
		{1444235E-0E97-4C80-A73E-EE73F3706C32}.Debug|Mixed Platforms.ActiveCfg = Debug|Win32
		{1444235E-0E97-4C80-A73E-EE73F3706C32}.Debug|Mixed Platforms.Build.0 = Debug|Win32
		{1444235E-0E97-4C80-A73E-EE73F3706C32}.Debug|Win32.ActiveCfg = Debug|Win32
		{1444235E-0E97-4C80-A73E-EE73F3706C32}.Debug|Win32.Build.0 = Debug|Win32
		{1444235E-0E97-4C80-A73E-EE73F3706C32}.Release|Mixed Platforms.ActiveCfg = Release|Win32
		{1444235E-0E97-4C80-A73E-EE73F3706C32}.Release|Mixed Platforms.Build.0 = Release|Win32
		{1444235E-0E97-4C80-A73E-EE73F3706C32}.Release|Win32.ActiveCfg = Release|Win32
		{1444235E-0E97-4C80-A73E-EE73F3706C32}.Release|Win32.Build.0 = Release|Win32
	EndGlobalSection
	GlobalSection(SolutionProperties) = preSolution
		HideSolutionNode = FALSE
	EndGlobalSection
	GlobalSection(NestedProjects) = preSolution
		{1C16337B-ACF3-4D03-AA90-851C5B5EADA6} = {1088577A-0C49-4DE0-85CD-B68AD0BE55AA}
		{AA8A5A85-592B-4357-BC60-E0E91E026AF6} = {1088577A-0C49-4DE0-85CD-B68AD0BE55AA}
		{49909552-0B0C-4C14-8CF6-DB8A2ADE0934} = {1088577A-0C49-4DE0-85CD-B68AD0BE55AA}
		{2E2D3301-2EC4-4C0F-B889-87073B30F673} = {1088577A-0C49-4DE0-85CD-B68AD0BE55AA}
		{C66B126D-0ECE-4CA2-B6DC-FA780AFBBF09} = {CB43561E-A6F8-49E2-96A2-3F2BA1FFF21E}
		{5597AD47-3494-4750-A235-4F9C2F864700} = {CB43561E-A6F8-49E2-96A2-3F2BA1FFF21E}
		{625A8F11-2B4E-45B4-BD99-C6D629C606C0} = {CB43561E-A6F8-49E2-96A2-3F2BA1FFF21E}
		{F4F4BCAA-EA59-445C-A119-3E6C29647A51} = {CB43561E-A6F8-49E2-96A2-3F2BA1FFF21E}
		{5916D37D-8C97-424F-A904-74E52594C2D6} = {CB43561E-A6F8-49E2-96A2-3F2BA1FFF21E}
		{2F7EDFA2-EE27-4D83-8454-9EFBD5779203} = {CB43561E-A6F8-49E2-96A2-3F2BA1FFF21E}
		{60B43839-95E6-4526-A661-209F16335E0E} = {CB43561E-A6F8-49E2-96A2-3F2BA1FFF21E}
		{0B469837-3D46-484A-AFB3-C5A6C68730B9} = {CB43561E-A6F8-49E2-96A2-3F2BA1FFF21E}
		{1444235E-0E97-4C80-A73E-EE73F3706C32} = {CB43561E-A6F8-49E2-96A2-3F2BA1FFF21E}
		{6EAD4A4B-2BBC-4974-8E45-BB5C16CC2AC9} = {EF78C1F9-AA17-4CA5-B6CB-39B37A73A3DA}
		{CD9CA56E-4E94-444C-87D4-58CA1E6F300D} = {EF78C1F9-AA17-4CA5-B6CB-39B37A73A3DA}
		{1AFC1EC3-24FA-4260-B099-76319EC9977A} = {EF78C1F9-AA17-4CA5-B6CB-39B37A73A3DA}
		{C564F145-9172-42C3-BFCB-6014CA97DBCD} = {EF78C1F9-AA17-4CA5-B6CB-39B37A73A3DA}
		{8423AF0D-4B88-4EBF-94E1-E4D00D00E21C} = {EF78C1F9-AA17-4CA5-B6CB-39B37A73A3DA}
		{238CE175-76CE-4A25-A676-69D115885601} = {EF78C1F9-AA17-4CA5-B6CB-39B37A73A3DA}
		{873D095E-150E-4262-8C41-2D8ED02F0F57} = {EF78C1F9-AA17-4CA5-B6CB-39B37A73A3DA}
		{F9810DE8-CBC3-4605-A7B1-ECA2D5292FD7} = {EF78C1F9-AA17-4CA5-B6CB-39B37A73A3DA}
		{FC0E1FD0-5DD7-4041-A1C9-CD3C376E4EED} = {EF78C1F9-AA17-4CA5-B6CB-39B37A73A3DA}
		{2A70CBF0-847E-4E3A-B926-542A656DC7FE} = {EF78C1F9-AA17-4CA5-B6CB-39B37A73A3DA}
		{EF5E94AB-B646-4E5B-A058-52EF07B8351C} = {EF78C1F9-AA17-4CA5-B6CB-39B37A73A3DA}
		{7100F41F-868D-4E99-80A2-AF8E6574749D} = {EF78C1F9-AA17-4CA5-B6CB-39B37A73A3DA}
		{326E9795-E760-410A-B69A-3F79DB3F5243} = {EF78C1F9-AA17-4CA5-B6CB-39B37A73A3DA}
		{1832A374-8A74-4F9E-B536-69A699B3E165} = {EF78C1F9-AA17-4CA5-B6CB-39B37A73A3DA}
		{A508ADD3-CECE-4E0F-8448-2F5E454DF551} = {EF78C1F9-AA17-4CA5-B6CB-39B37A73A3DA}
		{F54ABC59-5C00-414A-A9BA-BAF26D1699F0} = {EF78C1F9-AA17-4CA5-B6CB-39B37A73A3DA}
		{8BC9CEB8-8B4A-11D0-8D11-00A0C91BC942} = {EF78C1F9-AA17-4CA5-B6CB-39B37A73A3DA}
		{8C27D792-2648-4F5E-9ED0-374276327308} = {1AFC1EC3-24FA-4260-B099-76319EC9977A}
		{A0D94973-D355-47A5-A1E2-3456F321F010} = {1AFC1EC3-24FA-4260-B099-76319EC9977A}
		{B55CA863-B374-4BAF-95AC-539E4FA4C90C} = {873D095E-150E-4262-8C41-2D8ED02F0F57}
		{FA39524D-3067-4141-888D-28A86C66F2B9} = {08BAF606-555E-4048-A47E-22CFA89A21B4}
		{6617FED9-C5D4-4907-BF55-A90062A6683F} = {08BAF606-555E-4048-A47E-22CFA89A21B4}
		{C0334F9A-1168-4101-9DD8-C30FB252D435} = {B353A6A5-9551-4B76-908E-0F0A9B31E4CE}
		{865575D0-37E2-405E-8CBA-5F6C485B5A26} = {B353A6A5-9551-4B76-908E-0F0A9B31E4CE}
		{21E22961-22BF-4493-BD3A-868F93DA5179} = {B353A6A5-9551-4B76-908E-0F0A9B31E4CE}
		{EC8B7909-62AF-470D-A75D-E1D89C837142} = {B353A6A5-9551-4B76-908E-0F0A9B31E4CE}
		{E13045CD-7E1F-4A41-9B18-8D288B2E7B41} = {A507014E-5F1D-4A60-963B-518FCED4B8AD}
	EndGlobalSection
EndGlobal
