Microsoft Visual Studio Solution File, Format Version 9.00
# Visual Studio 2005
Project("{2150E333-8FDC-42A3-9474-1A3956D46DE8}") = "(JavaScriptCore)", "third_party\WebKit\JavaScriptCore", "{1F1A77BD-507E-DADF-A888-76CD54279D6D}"
EndProject
Project("{2150E333-8FDC-42A3-9474-1A3956D46DE8}") = "(JavaScriptCore.gyp)", "third_party\WebKit\JavaScriptCore\JavaScriptCore.gyp", "{BB6FE021-BEDC-DDBC-04ED-4B76258204A6}"
EndProject
Project("{2150E333-8FDC-42A3-9474-1A3956D46DE8}") = "(WebCore)", "third_party\WebKit\WebCore", "{A8BC79F2-F2ED-8F35-5EA9-B0CE6F648668}"
EndProject
Project("{2150E333-8FDC-42A3-9474-1A3956D46DE8}") = "(WebCore.gyp)", "third_party\WebKit\WebCore\WebCore.gyp", "{26F5709A-032E-8B3E-43E5-73FD0F7FD013}"
EndProject
Project("{2150E333-8FDC-42A3-9474-1A3956D46DE8}") = "(WebKit)", "third_party\WebKit", "{7C6CDB29-38D7-8364-748C-AEAAD8CCFB36}"
EndProject
Project("{2150E333-8FDC-42A3-9474-1A3956D46DE8}") = "(app)", "app", "{EE25F6B1-EF84-226D-862F-CC4C19F42EB8}"
EndProject
Project("{2150E333-8FDC-42A3-9474-1A3956D46DE8}") = "(base)", "base", "{9785FB75-982A-5DE3-252D-3F288B9FEF5B}"
EndProject
Project("{2150E333-8FDC-42A3-9474-1A3956D46DE8}") = "(breakpad)", "breakpad", "{42F0DECB-2C02-ABBA-B565-D2CE9FF519D0}"
EndProject
Project("{2150E333-8FDC-42A3-9474-1A3956D46DE8}") = "(build)", "build", "{BC1FC5DA-9C54-7D77-0BFF-DEDDFD7A8F6C}"
EndProject
Project("{2150E333-8FDC-42A3-9474-1A3956D46DE8}") = "(cef)", "cef", "{3FB44A30-A004-0316-4D72-550C5B558AAD}"
EndProject
Project("{2150E333-8FDC-42A3-9474-1A3956D46DE8}") = "(ffmpeg)", "third_party\ffmpeg", "{F8FCF6CD-4DE1-16F6-65CB-5E6194E8495C}"
EndProject
Project("{2150E333-8FDC-42A3-9474-1A3956D46DE8}") = "(gyp)", "v8\tools\gyp", "{7FAA885C-04CF-4C6B-16F0-E9F0B44641AF}"
EndProject
Project("{2150E333-8FDC-42A3-9474-1A3956D46DE8}") = "(icu)", "third_party\icu", "{2DE59335-96CE-10CA-CDE5-FEC35E3549BB}"
EndProject
Project("{2150E333-8FDC-42A3-9474-1A3956D46DE8}") = "(net)", "net", "{96A8EC63-88DB-B85C-EEBC-43667C60DEB3}"
EndProject
Project("{2150E333-8FDC-42A3-9474-1A3956D46DE8}") = "(temp_gyp)", "build\temp_gyp", "{299D9456-929B-5224-943D-BFC2576C69EA}"
EndProject
Project("{2150E333-8FDC-42A3-9474-1A3956D46DE8}") = "(testing)", "testing", "{EAC80D00-01D2-3F49-A377-20B7154947F3}"
EndProject
Project("{2150E333-8FDC-42A3-9474-1A3956D46DE8}") = "(third_party)", "third_party", "{89C816A7-DD31-D54C-C69C-5A80E0C49B77}"
EndProject
Project("{2150E333-8FDC-42A3-9474-1A3956D46DE8}") = "(tools)", "v8\tools", "{E95778BD-E4AC-C3D0-84EF-83684E04593A}"
EndProject
Project("{2150E333-8FDC-42A3-9474-1A3956D46DE8}") = "(v8)", "v8", "{F3545621-A177-A1E7-26DB-108FF716F075}"
EndProject
Project("{2150E333-8FDC-42A3-9474-1A3956D46DE8}") = "(webkit)", "webkit", "{CD1E1B21-48E8-1ABE-48E1-89B2D4C456AB}"
EndProject
Project("{2150E333-8FDC-42A3-9474-1A3956D46DE8}") = "(win)", "build\win", "{E8172FD5-71EF-020B-71B0-9838CD43BF8E}"
EndProject
Project("{8BC9CEB8-8B4A-11D0-8D11-00A0C91BC942}") = "app_base", "..\app\app_base.vcproj", "{4631946D-7D5F-44BD-A5A8-504C0A7033BE}"
	ProjectSection(ProjectDependencies) = postProject
		{3FBC4235-3FBD-46DF-AEDC-BADBBA13A095} = {3FBC4235-3FBD-46DF-AEDC-BADBBA13A095}
		{AE9BF4A2-19C5-49D8-BB1A-F28496DD7051} = {AE9BF4A2-19C5-49D8-BB1A-F28496DD7051}
	EndProjectSection
EndProject
Project("{8BC9CEB8-8B4A-11D0-8D11-00A0C91BC942}") = "app_resources", "..\app\app_resources.vcproj", "{3FBC4235-3FBD-46DF-AEDC-BADBBA13A095}"
	ProjectSection(ProjectDependencies) = postProject
		{5D7851C0-5603-F133-1A54-FF09D73A2C0E} = {5D7851C0-5603-F133-1A54-FF09D73A2C0E}
	EndProjectSection
EndProject
Project("{8BC9CEB8-8B4A-11D0-8D11-00A0C91BC942}") = "app_strings", "..\app\app_strings.vcproj", "{AE9BF4A2-19C5-49D8-BB1A-F28496DD7051}"
	ProjectSection(ProjectDependencies) = postProject
		{5D7851C0-5603-F133-1A54-FF09D73A2C0E} = {5D7851C0-5603-F133-1A54-FF09D73A2C0E}
	EndProjectSection
EndProject
Project("{8BC9CEB8-8B4A-11D0-8D11-00A0C91BC942}") = "appcache", "..\webkit\appcache.vcproj", "{0B945915-31A7-4A07-A5B5-568D737A39B1}"
EndProject
Project("{8BC9CEB8-8B4A-11D0-8D11-00A0C91BC942}") = "base", "..\base\base.vcproj", "{1832A374-8A74-4F9E-B536-69A699B3E165}"
EndProject
Project("{8BC9CEB8-8B4A-11D0-8D11-00A0C91BC942}") = "base_gfx", "..\base\base_gfx.vcproj", "{A508ADD3-CECE-4E0F-8448-2F5E454DF551}"
EndProject
Project("{8BC9CEB8-8B4A-11D0-8D11-00A0C91BC942}") = "breakpad_handler", "..\breakpad\breakpad_handler.vcproj", "{B55CA863-B374-4BAF-95AC-539E4FA4C90C}"
EndProject
Project("{8BC9CEB8-8B4A-11D0-8D11-00A0C91BC942}") = "bzip2", "..\third_party\bzip2\bzip2.vcproj", "{2A70CBF0-847E-4E3A-B926-542A656DC7FE}"
EndProject
Project("{8BC9CEB8-8B4A-11D0-8D11-00A0C91BC942}") = "cef_unittests", "cef_unittests.vcproj", "{8500027C-B11A-11DE-A16E-B80256D89593}"
	ProjectSection(ProjectDependencies) = postProject
		{1832A374-8A74-4F9E-B536-69A699B3E165} = {1832A374-8A74-4F9E-B536-69A699B3E165}
		{BFE8E2A7-3B3B-43B0-A994-3058B852DB8B} = {BFE8E2A7-3B3B-43B0-A994-3058B852DB8B}
		{14E7F2BB-B8FC-4DC1-B04D-31C06BDFA1D9} = {14E7F2BB-B8FC-4DC1-B04D-31C06BDFA1D9}
		{9E2EFAAB-02B7-4A82-B664-1E98DF6D1953} = {9E2EFAAB-02B7-4A82-B664-1E98DF6D1953}
		{C13650D5-CF1A-4259-BE45-B1EBA6280E47} = {C13650D5-CF1A-4259-BE45-B1EBA6280E47}
		{A9D6DC71-C0DC-4549-AEA0-3B15B44E86A9} = {A9D6DC71-C0DC-4549-AEA0-3B15B44E86A9}
	EndProjectSection
EndProject
Project("{8BC9CEB8-8B4A-11D0-8D11-00A0C91BC942}") = "cefclient", "cefclient.vcproj", "{6617FED9-C5D4-4907-BF55-A90062A6683F}"
	ProjectSection(ProjectDependencies) = postProject
		{1DEB72EA-4793-B0D6-383E-DE389E057BAF} = {1DEB72EA-4793-B0D6-383E-DE389E057BAF}
		{C13650D5-CF1A-4259-BE45-B1EBA6280E47} = {C13650D5-CF1A-4259-BE45-B1EBA6280E47}
		{A9D6DC71-C0DC-4549-AEA0-3B15B44E86A9} = {A9D6DC71-C0DC-4549-AEA0-3B15B44E86A9}
	EndProjectSection
EndProject
Project("{8BC9CEB8-8B4A-11D0-8D11-00A0C91BC942}") = "cygwin", "..\build\win\cygwin.vcproj", "{5D7851C0-5603-F133-1A54-FF09D73A2C0E}"
	ProjectSection(ProjectDependencies) = postProject
		{A6D0953E-899E-4C60-AB6B-CAE75A44B8E6} = {A6D0953E-899E-4C60-AB6B-CAE75A44B8E6}
	EndProjectSection
EndProject
Project("{8BC9CEB8-8B4A-11D0-8D11-00A0C91BC942}") = "database", "..\webkit\database.vcproj", "{1DA00DDD-44E5-4C56-B2CC-414FB0164492}"
EndProject
Project("{8BC9CEB8-8B4A-11D0-8D11-00A0C91BC942}") = "default_plugin", "..\webkit\default_plugin\default_plugin.vcproj", "{5916D37D-8C97-424F-A904-74E52594C2D6}"
	ProjectSection(ProjectDependencies) = postProject
		{8BC9CEB8-8B4A-11D0-8D11-00A0C91BC942} = {8BC9CEB8-8B4A-11D0-8D11-00A0C91BC942}
		{1DEB72EA-4793-B0D6-383E-DE389E057BAF} = {1DEB72EA-4793-B0D6-383E-DE389E057BAF}
		{0B469837-3D46-484A-AFB3-C5A6C68730B9} = {0B469837-3D46-484A-AFB3-C5A6C68730B9}
		{60B43839-95E6-4526-A661-209F16335E0E} = {60B43839-95E6-4526-A661-209F16335E0E}
	EndProjectSection
EndProject
Project("{8BC9CEB8-8B4A-11D0-8D11-00A0C91BC942}") = "devtools_html", "..\webkit\devtools_html.vcproj", "{9BE5D4D5-E800-44F9-B6C0-27DF15A9D817}"
EndProject
Project("{8BC9CEB8-8B4A-11D0-8D11-00A0C91BC942}") = "ffmpeg", "..\third_party\ffmpeg\ffmpeg.vcproj", "{D7A94F58-576A-45D9-A45F-EB87C63ABBB0}"
	ProjectSection(ProjectDependencies) = postProject
		{4E4070E1-EFD9-4EF1-8634-3960956F6F10} = {4E4070E1-EFD9-4EF1-8634-3960956F6F10}
	EndProjectSection
EndProject
Project("{8BC9CEB8-8B4A-11D0-8D11-00A0C91BC942}") = "ffmpeg_binaries", "..\third_party\ffmpeg\ffmpeg_binaries.vcproj", "{4E4070E1-EFD9-4EF1-8634-3960956F6F10}"
	ProjectSection(ProjectDependencies) = postProject
		{5D7851C0-5603-F133-1A54-FF09D73A2C0E} = {5D7851C0-5603-F133-1A54-FF09D73A2C0E}
	EndProjectSection
EndProject
Project("{8BC9CEB8-8B4A-11D0-8D11-00A0C91BC942}") = "glue", "..\webkit\glue.vcproj", "{C66B126D-0ECE-4CA2-B6DC-FA780AFBBF09}"
	ProjectSection(ProjectDependencies) = postProject
		{5330F8EE-00F5-D65C-166E-E3150171055D} = {5330F8EE-00F5-D65C-166E-E3150171055D}
		{1C16337B-ACF3-4D03-AA90-851C5B5EADA6} = {1C16337B-ACF3-4D03-AA90-851C5B5EADA6}
		{0B469837-3D46-484A-AFB3-C5A6C68730B9} = {0B469837-3D46-484A-AFB3-C5A6C68730B9}
		{60B43839-95E6-4526-A661-209F16335E0E} = {60B43839-95E6-4526-A661-209F16335E0E}
		{5D7851C0-5603-F133-1A54-FF09D73A2C0E} = {5D7851C0-5603-F133-1A54-FF09D73A2C0E}
	EndProjectSection
EndProject
Project("{8BC9CEB8-8B4A-11D0-8D11-00A0C91BC942}") = "googleurl", "..\build\temp_gyp\googleurl.vcproj", "{EF5E94AB-B646-4E5B-A058-52EF07B8351C}"
	ProjectSection(ProjectDependencies) = postProject
		{D3A97815-3309-44F8-B9BB-CBBE2393A454} = {D3A97815-3309-44F8-B9BB-CBBE2393A454}
	EndProjectSection
EndProject
Project("{8BC9CEB8-8B4A-11D0-8D11-00A0C91BC942}") = "gtest", "..\testing\gtest.vcproj", "{BFE8E2A7-3B3B-43B0-A994-3058B852DB8B}"
EndProject
Project("{8BC9CEB8-8B4A-11D0-8D11-00A0C91BC942}") = "icudata", "..\third_party\icu\icudata.vcproj", "{D3A97815-3309-44F8-B9BB-CBBE2393A454}"
EndProject
Project("{8BC9CEB8-8B4A-11D0-8D11-00A0C91BC942}") = "icui18n", "..\third_party\icu\icui18n.vcproj", "{14E7F2BB-B8FC-4DC1-B04D-31C06BDFA1D9}"
EndProject
Project("{8BC9CEB8-8B4A-11D0-8D11-00A0C91BC942}") = "icuuc", "..\third_party\icu\icuuc.vcproj", "{9E2EFAAB-02B7-4A82-B664-1E98DF6D1953}"
	ProjectSection(ProjectDependencies) = postProject
		{D3A97815-3309-44F8-B9BB-CBBE2393A454} = {D3A97815-3309-44F8-B9BB-CBBE2393A454}
	EndProjectSection
EndProject
Project("{8BC9CEB8-8B4A-11D0-8D11-00A0C91BC942}") = "inspector_resources", "..\webkit\inspector_resources.vcproj", "{5330F8EE-00F5-D65C-166E-E3150171055D}"
	ProjectSection(ProjectDependencies) = postProject
		{9BE5D4D5-E800-44F9-B6C0-27DF15A9D817} = {9BE5D4D5-E800-44F9-B6C0-27DF15A9D817}
	EndProjectSection
EndProject
Project("{8BC9CEB8-8B4A-11D0-8D11-00A0C91BC942}") = "js2c", "..\v8\tools\gyp\js2c.vcproj", "{6992BBDE-54D2-5D2E-7FA6-421F82849767}"
EndProject
Project("{8BC9CEB8-8B4A-11D0-8D11-00A0C91BC942}") = "libcef", "libcef.vcproj", "{C13650D5-CF1A-4259-BE45-B1EBA6280E47}"
	ProjectSection(ProjectDependencies) = postProject
		{4631946D-7D5F-44BD-A5A8-504C0A7033BE} = {4631946D-7D5F-44BD-A5A8-504C0A7033BE}
		{1832A374-8A74-4F9E-B536-69A699B3E165} = {1832A374-8A74-4F9E-B536-69A699B3E165}
		{A508ADD3-CECE-4E0F-8448-2F5E454DF551} = {A508ADD3-CECE-4E0F-8448-2F5E454DF551}
		{B55CA863-B374-4BAF-95AC-539E4FA4C90C} = {B55CA863-B374-4BAF-95AC-539E4FA4C90C}
		{EF5E94AB-B646-4E5B-A058-52EF07B8351C} = {EF5E94AB-B646-4E5B-A058-52EF07B8351C}
		{6AE76406-B03B-11DD-94B1-80B556D89593} = {6AE76406-B03B-11DD-94B1-80B556D89593}
		{326E9795-E760-410A-B69A-3F79DB3F5243} = {326E9795-E760-410A-B69A-3F79DB3F5243}
		{8BC9CEB8-8B4A-11D0-8D11-00A0C91BC942} = {8BC9CEB8-8B4A-11D0-8D11-00A0C91BC942}
		{9E5416B9-B91B-4029-93F4-102C1AD5CAF4} = {9E5416B9-B91B-4029-93F4-102C1AD5CAF4}
		{F54ABC59-5C00-414A-A9BA-BAF26D1699F0} = {F54ABC59-5C00-414A-A9BA-BAF26D1699F0}
		{CD9CA56E-4E94-444C-87D4-58CA1E6F300D} = {CD9CA56E-4E94-444C-87D4-58CA1E6F300D}
		{2A70CBF0-847E-4E3A-B926-542A656DC7FE} = {2A70CBF0-847E-4E3A-B926-542A656DC7FE}
		{D7A94F58-576A-45D9-A45F-EB87C63ABBB0} = {D7A94F58-576A-45D9-A45F-EB87C63ABBB0}
		{14E7F2BB-B8FC-4DC1-B04D-31C06BDFA1D9} = {14E7F2BB-B8FC-4DC1-B04D-31C06BDFA1D9}
		{9E2EFAAB-02B7-4A82-B664-1E98DF6D1953} = {9E2EFAAB-02B7-4A82-B664-1E98DF6D1953}
		{238CE175-76CE-4A25-A676-69D115885601} = {238CE175-76CE-4A25-A676-69D115885601}
		{C564F145-9172-42C3-BFCB-6014CA97DBCD} = {C564F145-9172-42C3-BFCB-6014CA97DBCD}
		{FC0E1FD0-5DD7-4041-A1C9-CD3C376E4EED} = {FC0E1FD0-5DD7-4041-A1C9-CD3C376E4EED}
		{7100F41F-868D-4E99-80A2-AF8E6574749D} = {7100F41F-868D-4E99-80A2-AF8E6574749D}
		{49909552-0B0C-4C14-8CF6-DB8A2ADE0934} = {49909552-0B0C-4C14-8CF6-DB8A2ADE0934}
		{AA8A5A85-592B-4357-BC60-E0E91E026AF6} = {AA8A5A85-592B-4357-BC60-E0E91E026AF6}
		{1C16337B-ACF3-4D03-AA90-851C5B5EADA6} = {1C16337B-ACF3-4D03-AA90-851C5B5EADA6}
		{8423AF0D-4B88-4EBF-94E1-E4D00D00E21C} = {8423AF0D-4B88-4EBF-94E1-E4D00D00E21C}
		{0B945915-31A7-4A07-A5B5-568D737A39B1} = {0B945915-31A7-4A07-A5B5-568D737A39B1}
		{1DA00DDD-44E5-4C56-B2CC-414FB0164492} = {1DA00DDD-44E5-4C56-B2CC-414FB0164492}
		{C66B126D-0ECE-4CA2-B6DC-FA780AFBBF09} = {C66B126D-0ECE-4CA2-B6DC-FA780AFBBF09}
		{5ECEC9E5-8F23-47B6-93E0-C3B328B3BE65} = {5ECEC9E5-8F23-47B6-93E0-C3B328B3BE65}
		{0B469837-3D46-484A-AFB3-C5A6C68730B9} = {0B469837-3D46-484A-AFB3-C5A6C68730B9}
		{60B43839-95E6-4526-A661-209F16335E0E} = {60B43839-95E6-4526-A661-209F16335E0E}
		{5916D37D-8C97-424F-A904-74E52594C2D6} = {5916D37D-8C97-424F-A904-74E52594C2D6}
		{FA39524D-3067-4141-888D-28A86C66F2B9} = {FA39524D-3067-4141-888D-28A86C66F2B9}
		{D53BB45A-F2ED-1D4B-165E-C6F94C33657A} = {D53BB45A-F2ED-1D4B-165E-C6F94C33657A}
		{B1941127-B9EE-D55B-0952-614A35541471} = {B1941127-B9EE-D55B-0952-614A35541471}
		{6EAD4A4B-2BBC-4974-8E45-BB5C16CC2AC9} = {6EAD4A4B-2BBC-4974-8E45-BB5C16CC2AC9}
		{F9810DE8-CBC3-4605-A7B1-ECA2D5292FD7} = {F9810DE8-CBC3-4605-A7B1-ECA2D5292FD7}
	EndProjectSection
EndProject
Project("{8BC9CEB8-8B4A-11D0-8D11-00A0C91BC942}") = "libcef_dll_wrapper", "libcef_dll_wrapper.vcproj", "{A9D6DC71-C0DC-4549-AEA0-3B15B44E86A9}"
	ProjectSection(ProjectDependencies) = postProject
		{1DEB72EA-4793-B0D6-383E-DE389E057BAF} = {1DEB72EA-4793-B0D6-383E-DE389E057BAF}
		{C13650D5-CF1A-4259-BE45-B1EBA6280E47} = {C13650D5-CF1A-4259-BE45-B1EBA6280E47}
	EndProjectSection
EndProject
Project("{8BC9CEB8-8B4A-11D0-8D11-00A0C91BC942}") = "libcef_static", "libcef_static.vcproj", "{FA39524D-3067-4141-888D-28A86C66F2B9}"
	ProjectSection(ProjectDependencies) = postProject
		{8BC9CEB8-8B4A-11D0-8D11-00A0C91BC942} = {8BC9CEB8-8B4A-11D0-8D11-00A0C91BC942}
		{D7A94F58-576A-45D9-A45F-EB87C63ABBB0} = {D7A94F58-576A-45D9-A45F-EB87C63ABBB0}
		{1C16337B-ACF3-4D03-AA90-851C5B5EADA6} = {1C16337B-ACF3-4D03-AA90-851C5B5EADA6}
		{C66B126D-0ECE-4CA2-B6DC-FA780AFBBF09} = {C66B126D-0ECE-4CA2-B6DC-FA780AFBBF09}
		{0B469837-3D46-484A-AFB3-C5A6C68730B9} = {0B469837-3D46-484A-AFB3-C5A6C68730B9}
		{60B43839-95E6-4526-A661-209F16335E0E} = {60B43839-95E6-4526-A661-209F16335E0E}
	EndProjectSection
EndProject
Project("{8BC9CEB8-8B4A-11D0-8D11-00A0C91BC942}") = "libjpeg", "..\third_party\libjpeg\libjpeg.vcproj", "{238CE175-76CE-4A25-A676-69D115885601}"
EndProject
Project("{8BC9CEB8-8B4A-11D0-8D11-00A0C91BC942}") = "libpng", "..\third_party\libpng\libpng.vcproj", "{C564F145-9172-42C3-BFCB-6014CA97DBCD}"
EndProject
Project("{8BC9CEB8-8B4A-11D0-8D11-00A0C91BC942}") = "libxml", "..\third_party\libxml\libxml.vcproj", "{F9810DE8-CBC3-4605-A7B1-ECA2D5292FD7}"
EndProject
Project("{8BC9CEB8-8B4A-11D0-8D11-00A0C91BC942}") = "libxslt", "..\third_party\libxslt\libxslt.vcproj", "{FC0E1FD0-5DD7-4041-A1C9-CD3C376E4EED}"
EndProject
Project("{8BC9CEB8-8B4A-11D0-8D11-00A0C91BC942}") = "media", "..\media\media.vcproj", "{6AE76406-B03B-11DD-94B1-80B556D89593}"
	ProjectSection(ProjectDependencies) = postProject
		{D7A94F58-576A-45D9-A45F-EB87C63ABBB0} = {D7A94F58-576A-45D9-A45F-EB87C63ABBB0}
	EndProjectSection
EndProject
Project("{8BC9CEB8-8B4A-11D0-8D11-00A0C91BC942}") = "mksnapshot", "..\v8\tools\gyp\mksnapshot.vcproj", "{C5E0F710-5650-CE47-18C7-365D2A863087}"
	ProjectSection(ProjectDependencies) = postProject
		{BC2C97B3-E3CB-FAD5-2749-4A55FC6E56D3} = {BC2C97B3-E3CB-FAD5-2749-4A55FC6E56D3}
		{B1941127-B9EE-D55B-0952-614A35541471} = {B1941127-B9EE-D55B-0952-614A35541471}
	EndProjectSection
EndProject
Project("{8BC9CEB8-8B4A-11D0-8D11-00A0C91BC942}") = "modp_b64", "..\third_party\modp_b64\modp_b64.vcproj", "{7100F41F-868D-4E99-80A2-AF8E6574749D}"
EndProject
Project("{8BC9CEB8-8B4A-11D0-8D11-00A0C91BC942}") = "net", "..\net\net.vcproj", "{326E9795-E760-410A-B69A-3F79DB3F5243}"
	ProjectSection(ProjectDependencies) = postProject
		{8BC9CEB8-8B4A-11D0-8D11-00A0C91BC942} = {8BC9CEB8-8B4A-11D0-8D11-00A0C91BC942}
		{03A8C1B8-E2FC-09B9-A351-5EA907BD1296} = {03A8C1B8-E2FC-09B9-A351-5EA907BD1296}
		{E13045CD-7E1F-4A41-9B18-8D288B2E7B41} = {E13045CD-7E1F-4A41-9B18-8D288B2E7B41}
	EndProjectSection
EndProject
Project("{8BC9CEB8-8B4A-11D0-8D11-00A0C91BC942}") = "net_resources", "..\net\net_resources.vcproj", "{8BC9CEB8-8B4A-11D0-8D11-00A0C91BC942}"
	ProjectSection(ProjectDependencies) = postProject
		{5D7851C0-5603-F133-1A54-FF09D73A2C0E} = {5D7851C0-5603-F133-1A54-FF09D73A2C0E}
	EndProjectSection
EndProject
Project("{8BC9CEB8-8B4A-11D0-8D11-00A0C91BC942}") = "npapi", "..\third_party\npapi\npapi.vcproj", "{1DEB72EA-4793-B0D6-383E-DE389E057BAF}"
EndProject
Project("{8BC9CEB8-8B4A-11D0-8D11-00A0C91BC942}") = "patcher", "patcher.vcproj", "{A6D0953E-899E-4C60-AB6B-CAE75A44B8E6}"
EndProject
Project("{8BC9CEB8-8B4A-11D0-8D11-00A0C91BC942}") = "pcre", "..\third_party\WebKit\JavaScriptCore\JavaScriptCore.gyp\pcre.vcproj", "{49909552-0B0C-4C14-8CF6-DB8A2ADE0934}"
	ProjectSection(ProjectDependencies) = postProject
		{5D7851C0-5603-F133-1A54-FF09D73A2C0E} = {5D7851C0-5603-F133-1A54-FF09D73A2C0E}
	EndProjectSection
EndProject
Project("{8BC9CEB8-8B4A-11D0-8D11-00A0C91BC942}") = "printing", "..\printing\printing.vcproj", "{9E5416B9-B91B-4029-93F4-102C1AD5CAF4}"
EndProject
Project("{8BC9CEB8-8B4A-11D0-8D11-00A0C91BC942}") = "sdch", "..\sdch\sdch.vcproj", "{F54ABC59-5C00-414A-A9BA-BAF26D1699F0}"
EndProject
Project("{8BC9CEB8-8B4A-11D0-8D11-00A0C91BC942}") = "skia", "..\skia\skia.vcproj", "{CD9CA56E-4E94-444C-87D4-58CA1E6F300D}"
EndProject
Project("{8BC9CEB8-8B4A-11D0-8D11-00A0C91BC942}") = "sqlite", "..\third_party\sqlite\sqlite.vcproj", "{6EAD4A4B-2BBC-4974-8E45-BB5C16CC2AC9}"
EndProject
Project("{8BC9CEB8-8B4A-11D0-8D11-00A0C91BC942}") = "tld_cleanup", "..\net\tld_cleanup.vcproj", "{E13045CD-7E1F-4A41-9B18-8D288B2E7B41}"
	ProjectSection(ProjectDependencies) = postProject
		{1832A374-8A74-4F9E-B536-69A699B3E165} = {1832A374-8A74-4F9E-B536-69A699B3E165}
		{EF5E94AB-B646-4E5B-A058-52EF07B8351C} = {EF5E94AB-B646-4E5B-A058-52EF07B8351C}
		{14E7F2BB-B8FC-4DC1-B04D-31C06BDFA1D9} = {14E7F2BB-B8FC-4DC1-B04D-31C06BDFA1D9}
		{9E2EFAAB-02B7-4A82-B664-1E98DF6D1953} = {9E2EFAAB-02B7-4A82-B664-1E98DF6D1953}
	EndProjectSection
EndProject
Project("{8BC9CEB8-8B4A-11D0-8D11-00A0C91BC942}") = "v8", "..\v8\tools\gyp\v8.vcproj", "{03A8C1B8-E2FC-09B9-A351-5EA907BD1296}"
	ProjectSection(ProjectDependencies) = postProject
		{D53BB45A-F2ED-1D4B-165E-C6F94C33657A} = {D53BB45A-F2ED-1D4B-165E-C6F94C33657A}
	EndProjectSection
EndProject
Project("{8BC9CEB8-8B4A-11D0-8D11-00A0C91BC942}") = "v8_base", "..\v8\tools\gyp\v8_base.vcproj", "{B1941127-B9EE-D55B-0952-614A35541471}"
EndProject
Project("{8BC9CEB8-8B4A-11D0-8D11-00A0C91BC942}") = "v8_nosnapshot", "..\v8\tools\gyp\v8_nosnapshot.vcproj", "{BC2C97B3-E3CB-FAD5-2749-4A55FC6E56D3}"
	ProjectSection(ProjectDependencies) = postProject
		{6992BBDE-54D2-5D2E-7FA6-421F82849767} = {6992BBDE-54D2-5D2E-7FA6-421F82849767}
	EndProjectSection
EndProject
Project("{8BC9CEB8-8B4A-11D0-8D11-00A0C91BC942}") = "v8_snapshot", "..\v8\tools\gyp\v8_snapshot.vcproj", "{D53BB45A-F2ED-1D4B-165E-C6F94C33657A}"
	ProjectSection(ProjectDependencies) = postProject
		{C5E0F710-5650-CE47-18C7-365D2A863087} = {C5E0F710-5650-CE47-18C7-365D2A863087}
		{6992BBDE-54D2-5D2E-7FA6-421F82849767} = {6992BBDE-54D2-5D2E-7FA6-421F82849767}
	EndProjectSection
EndProject
Project("{8BC9CEB8-8B4A-11D0-8D11-00A0C91BC942}") = "webcore", "..\third_party\WebKit\WebCore\WebCore.gyp\webcore.vcproj", "{1C16337B-ACF3-4D03-AA90-851C5B5EADA6}"
	ProjectSection(ProjectDependencies) = postProject
		{1DEB72EA-4793-B0D6-383E-DE389E057BAF} = {1DEB72EA-4793-B0D6-383E-DE389E057BAF}
		{03A8C1B8-E2FC-09B9-A351-5EA907BD1296} = {03A8C1B8-E2FC-09B9-A351-5EA907BD1296}
		{5D7851C0-5603-F133-1A54-FF09D73A2C0E} = {5D7851C0-5603-F133-1A54-FF09D73A2C0E}
	EndProjectSection
EndProject
Project("{8BC9CEB8-8B4A-11D0-8D11-00A0C91BC942}") = "webkit", "..\webkit\webkit.vcproj", "{5ECEC9E5-8F23-47B6-93E0-C3B328B3BE65}"
	ProjectSection(ProjectDependencies) = postProject
		{1C16337B-ACF3-4D03-AA90-851C5B5EADA6} = {1C16337B-ACF3-4D03-AA90-851C5B5EADA6}
	EndProjectSection
EndProject
Project("{8BC9CEB8-8B4A-11D0-8D11-00A0C91BC942}") = "webkit_resources", "..\webkit\webkit_resources.vcproj", "{0B469837-3D46-484A-AFB3-C5A6C68730B9}"
	ProjectSection(ProjectDependencies) = postProject
		{5D7851C0-5603-F133-1A54-FF09D73A2C0E} = {5D7851C0-5603-F133-1A54-FF09D73A2C0E}
	EndProjectSection
EndProject
Project("{8BC9CEB8-8B4A-11D0-8D11-00A0C91BC942}") = "webkit_strings", "..\webkit\webkit_strings.vcproj", "{60B43839-95E6-4526-A661-209F16335E0E}"
	ProjectSection(ProjectDependencies) = postProject
		{5D7851C0-5603-F133-1A54-FF09D73A2C0E} = {5D7851C0-5603-F133-1A54-FF09D73A2C0E}
	EndProjectSection
EndProject
Project("{8BC9CEB8-8B4A-11D0-8D11-00A0C91BC942}") = "wtf", "..\third_party\WebKit\JavaScriptCore\JavaScriptCore.gyp\wtf.vcproj", "{AA8A5A85-592B-4357-BC60-E0E91E026AF6}"
	ProjectSection(ProjectDependencies) = postProject
		{2E2D3301-2EC4-4C0F-B889-87073B30F673} = {2E2D3301-2EC4-4C0F-B889-87073B30F673}
	EndProjectSection
EndProject
Project("{8BC9CEB8-8B4A-11D0-8D11-00A0C91BC942}") = "wtf_config", "..\third_party\WebKit\JavaScriptCore\JavaScriptCore.gyp\wtf_config.vcproj", "{2E2D3301-2EC4-4C0F-B889-87073B30F673}"
EndProject
Project("{8BC9CEB8-8B4A-11D0-8D11-00A0C91BC942}") = "zlib", "..\third_party\zlib\zlib.vcproj", "{8423AF0D-4B88-4EBF-94E1-E4D00D00E21C}"
EndProject
Global
	GlobalSection(SolutionConfigurationPlatforms) = preSolution
		Release - no tcmalloc|Win32 = Release - no tcmalloc|Win32
		Debug|Win32 = Debug|Win32
		Purify|Win32 = Purify|Win32
		Release|Win32 = Release|Win32
	EndGlobalSection
	GlobalSection(ProjectConfigurationPlatforms) = postSolution
		{03A8C1B8-E2FC-09B9-A351-5EA907BD1296}.Release - no tcmalloc|Win32.ActiveCfg = Release - no tcmalloc|Win32
		{03A8C1B8-E2FC-09B9-A351-5EA907BD1296}.Release - no tcmalloc|Win32.Build.0 = Release - no tcmalloc|Win32
		{03A8C1B8-E2FC-09B9-A351-5EA907BD1296}.Debug|Win32.ActiveCfg = Debug|Win32
		{03A8C1B8-E2FC-09B9-A351-5EA907BD1296}.Debug|Win32.Build.0 = Debug|Win32
		{03A8C1B8-E2FC-09B9-A351-5EA907BD1296}.Purify|Win32.ActiveCfg = Purify|Win32
		{03A8C1B8-E2FC-09B9-A351-5EA907BD1296}.Purify|Win32.Build.0 = Purify|Win32
		{03A8C1B8-E2FC-09B9-A351-5EA907BD1296}.Release|Win32.ActiveCfg = Release|Win32
		{03A8C1B8-E2FC-09B9-A351-5EA907BD1296}.Release|Win32.Build.0 = Release|Win32
		{0B469837-3D46-484A-AFB3-C5A6C68730B9}.Release - no tcmalloc|Win32.ActiveCfg = Release - no tcmalloc|Win32
		{0B469837-3D46-484A-AFB3-C5A6C68730B9}.Release - no tcmalloc|Win32.Build.0 = Release - no tcmalloc|Win32
		{0B469837-3D46-484A-AFB3-C5A6C68730B9}.Debug|Win32.ActiveCfg = Debug|Win32
		{0B469837-3D46-484A-AFB3-C5A6C68730B9}.Debug|Win32.Build.0 = Debug|Win32
		{0B469837-3D46-484A-AFB3-C5A6C68730B9}.Purify|Win32.ActiveCfg = Purify|Win32
		{0B469837-3D46-484A-AFB3-C5A6C68730B9}.Purify|Win32.Build.0 = Purify|Win32
		{0B469837-3D46-484A-AFB3-C5A6C68730B9}.Release|Win32.ActiveCfg = Release|Win32
		{0B469837-3D46-484A-AFB3-C5A6C68730B9}.Release|Win32.Build.0 = Release|Win32
		{0B945915-31A7-4A07-A5B5-568D737A39B1}.Release - no tcmalloc|Win32.ActiveCfg = Release - no tcmalloc|Win32
		{0B945915-31A7-4A07-A5B5-568D737A39B1}.Release - no tcmalloc|Win32.Build.0 = Release - no tcmalloc|Win32
		{0B945915-31A7-4A07-A5B5-568D737A39B1}.Debug|Win32.ActiveCfg = Debug|Win32
		{0B945915-31A7-4A07-A5B5-568D737A39B1}.Debug|Win32.Build.0 = Debug|Win32
		{0B945915-31A7-4A07-A5B5-568D737A39B1}.Purify|Win32.ActiveCfg = Purify|Win32
		{0B945915-31A7-4A07-A5B5-568D737A39B1}.Purify|Win32.Build.0 = Purify|Win32
		{0B945915-31A7-4A07-A5B5-568D737A39B1}.Release|Win32.ActiveCfg = Release|Win32
		{0B945915-31A7-4A07-A5B5-568D737A39B1}.Release|Win32.Build.0 = Release|Win32
		{14E7F2BB-B8FC-4DC1-B04D-31C06BDFA1D9}.Release - no tcmalloc|Win32.ActiveCfg = Release - no tcmalloc|Win32
		{14E7F2BB-B8FC-4DC1-B04D-31C06BDFA1D9}.Release - no tcmalloc|Win32.Build.0 = Release - no tcmalloc|Win32
		{14E7F2BB-B8FC-4DC1-B04D-31C06BDFA1D9}.Debug|Win32.ActiveCfg = Debug|Win32
		{14E7F2BB-B8FC-4DC1-B04D-31C06BDFA1D9}.Debug|Win32.Build.0 = Debug|Win32
		{14E7F2BB-B8FC-4DC1-B04D-31C06BDFA1D9}.Purify|Win32.ActiveCfg = Purify|Win32
		{14E7F2BB-B8FC-4DC1-B04D-31C06BDFA1D9}.Purify|Win32.Build.0 = Purify|Win32
		{14E7F2BB-B8FC-4DC1-B04D-31C06BDFA1D9}.Release|Win32.ActiveCfg = Release|Win32
		{14E7F2BB-B8FC-4DC1-B04D-31C06BDFA1D9}.Release|Win32.Build.0 = Release|Win32
		{1832A374-8A74-4F9E-B536-69A699B3E165}.Release - no tcmalloc|Win32.ActiveCfg = Release - no tcmalloc|Win32
		{1832A374-8A74-4F9E-B536-69A699B3E165}.Release - no tcmalloc|Win32.Build.0 = Release - no tcmalloc|Win32
		{1832A374-8A74-4F9E-B536-69A699B3E165}.Debug|Win32.ActiveCfg = Debug|Win32
		{1832A374-8A74-4F9E-B536-69A699B3E165}.Debug|Win32.Build.0 = Debug|Win32
		{1832A374-8A74-4F9E-B536-69A699B3E165}.Purify|Win32.ActiveCfg = Purify|Win32
		{1832A374-8A74-4F9E-B536-69A699B3E165}.Purify|Win32.Build.0 = Purify|Win32
		{1832A374-8A74-4F9E-B536-69A699B3E165}.Release|Win32.ActiveCfg = Release|Win32
		{1832A374-8A74-4F9E-B536-69A699B3E165}.Release|Win32.Build.0 = Release|Win32
		{1C16337B-ACF3-4D03-AA90-851C5B5EADA6}.Release - no tcmalloc|Win32.ActiveCfg = Release - no tcmalloc|Win32
		{1C16337B-ACF3-4D03-AA90-851C5B5EADA6}.Release - no tcmalloc|Win32.Build.0 = Release - no tcmalloc|Win32
		{1C16337B-ACF3-4D03-AA90-851C5B5EADA6}.Debug|Win32.ActiveCfg = Debug|Win32
		{1C16337B-ACF3-4D03-AA90-851C5B5EADA6}.Debug|Win32.Build.0 = Debug|Win32
		{1C16337B-ACF3-4D03-AA90-851C5B5EADA6}.Purify|Win32.ActiveCfg = Purify|Win32
		{1C16337B-ACF3-4D03-AA90-851C5B5EADA6}.Purify|Win32.Build.0 = Purify|Win32
		{1C16337B-ACF3-4D03-AA90-851C5B5EADA6}.Release|Win32.ActiveCfg = Release|Win32
		{1C16337B-ACF3-4D03-AA90-851C5B5EADA6}.Release|Win32.Build.0 = Release|Win32
		{1DA00DDD-44E5-4C56-B2CC-414FB0164492}.Release - no tcmalloc|Win32.ActiveCfg = Release - no tcmalloc|Win32
		{1DA00DDD-44E5-4C56-B2CC-414FB0164492}.Release - no tcmalloc|Win32.Build.0 = Release - no tcmalloc|Win32
		{1DA00DDD-44E5-4C56-B2CC-414FB0164492}.Debug|Win32.ActiveCfg = Debug|Win32
		{1DA00DDD-44E5-4C56-B2CC-414FB0164492}.Debug|Win32.Build.0 = Debug|Win32
		{1DA00DDD-44E5-4C56-B2CC-414FB0164492}.Purify|Win32.ActiveCfg = Purify|Win32
		{1DA00DDD-44E5-4C56-B2CC-414FB0164492}.Purify|Win32.Build.0 = Purify|Win32
		{1DA00DDD-44E5-4C56-B2CC-414FB0164492}.Release|Win32.ActiveCfg = Release|Win32
		{1DA00DDD-44E5-4C56-B2CC-414FB0164492}.Release|Win32.Build.0 = Release|Win32
		{1DEB72EA-4793-B0D6-383E-DE389E057BAF}.Release - no tcmalloc|Win32.ActiveCfg = Release - no tcmalloc|Win32
		{1DEB72EA-4793-B0D6-383E-DE389E057BAF}.Release - no tcmalloc|Win32.Build.0 = Release - no tcmalloc|Win32
		{1DEB72EA-4793-B0D6-383E-DE389E057BAF}.Debug|Win32.ActiveCfg = Debug|Win32
		{1DEB72EA-4793-B0D6-383E-DE389E057BAF}.Debug|Win32.Build.0 = Debug|Win32
		{1DEB72EA-4793-B0D6-383E-DE389E057BAF}.Purify|Win32.ActiveCfg = Purify|Win32
		{1DEB72EA-4793-B0D6-383E-DE389E057BAF}.Purify|Win32.Build.0 = Purify|Win32
		{1DEB72EA-4793-B0D6-383E-DE389E057BAF}.Release|Win32.ActiveCfg = Release|Win32
		{1DEB72EA-4793-B0D6-383E-DE389E057BAF}.Release|Win32.Build.0 = Release|Win32
		{238CE175-76CE-4A25-A676-69D115885601}.Release - no tcmalloc|Win32.ActiveCfg = Release - no tcmalloc|Win32
		{238CE175-76CE-4A25-A676-69D115885601}.Release - no tcmalloc|Win32.Build.0 = Release - no tcmalloc|Win32
		{238CE175-76CE-4A25-A676-69D115885601}.Debug|Win32.ActiveCfg = Debug|Win32
		{238CE175-76CE-4A25-A676-69D115885601}.Debug|Win32.Build.0 = Debug|Win32
		{238CE175-76CE-4A25-A676-69D115885601}.Purify|Win32.ActiveCfg = Purify|Win32
		{238CE175-76CE-4A25-A676-69D115885601}.Purify|Win32.Build.0 = Purify|Win32
		{238CE175-76CE-4A25-A676-69D115885601}.Release|Win32.ActiveCfg = Release|Win32
		{238CE175-76CE-4A25-A676-69D115885601}.Release|Win32.Build.0 = Release|Win32
		{2A70CBF0-847E-4E3A-B926-542A656DC7FE}.Release - no tcmalloc|Win32.ActiveCfg = Release - no tcmalloc|Win32
		{2A70CBF0-847E-4E3A-B926-542A656DC7FE}.Release - no tcmalloc|Win32.Build.0 = Release - no tcmalloc|Win32
		{2A70CBF0-847E-4E3A-B926-542A656DC7FE}.Debug|Win32.ActiveCfg = Debug|Win32
		{2A70CBF0-847E-4E3A-B926-542A656DC7FE}.Debug|Win32.Build.0 = Debug|Win32
		{2A70CBF0-847E-4E3A-B926-542A656DC7FE}.Purify|Win32.ActiveCfg = Purify|Win32
		{2A70CBF0-847E-4E3A-B926-542A656DC7FE}.Purify|Win32.Build.0 = Purify|Win32
		{2A70CBF0-847E-4E3A-B926-542A656DC7FE}.Release|Win32.ActiveCfg = Release|Win32
		{2A70CBF0-847E-4E3A-B926-542A656DC7FE}.Release|Win32.Build.0 = Release|Win32
		{2E2D3301-2EC4-4C0F-B889-87073B30F673}.Release - no tcmalloc|Win32.ActiveCfg = Release - no tcmalloc|Win32
		{2E2D3301-2EC4-4C0F-B889-87073B30F673}.Release - no tcmalloc|Win32.Build.0 = Release - no tcmalloc|Win32
		{2E2D3301-2EC4-4C0F-B889-87073B30F673}.Debug|Win32.ActiveCfg = Debug|Win32
		{2E2D3301-2EC4-4C0F-B889-87073B30F673}.Debug|Win32.Build.0 = Debug|Win32
		{2E2D3301-2EC4-4C0F-B889-87073B30F673}.Purify|Win32.ActiveCfg = Purify|Win32
		{2E2D3301-2EC4-4C0F-B889-87073B30F673}.Purify|Win32.Build.0 = Purify|Win32
		{2E2D3301-2EC4-4C0F-B889-87073B30F673}.Release|Win32.ActiveCfg = Release|Win32
		{2E2D3301-2EC4-4C0F-B889-87073B30F673}.Release|Win32.Build.0 = Release|Win32
		{326E9795-E760-410A-B69A-3F79DB3F5243}.Release - no tcmalloc|Win32.ActiveCfg = Release - no tcmalloc|Win32
		{326E9795-E760-410A-B69A-3F79DB3F5243}.Release - no tcmalloc|Win32.Build.0 = Release - no tcmalloc|Win32
		{326E9795-E760-410A-B69A-3F79DB3F5243}.Debug|Win32.ActiveCfg = Debug|Win32
		{326E9795-E760-410A-B69A-3F79DB3F5243}.Debug|Win32.Build.0 = Debug|Win32
		{326E9795-E760-410A-B69A-3F79DB3F5243}.Purify|Win32.ActiveCfg = Purify|Win32
		{326E9795-E760-410A-B69A-3F79DB3F5243}.Purify|Win32.Build.0 = Purify|Win32
		{326E9795-E760-410A-B69A-3F79DB3F5243}.Release|Win32.ActiveCfg = Release|Win32
		{326E9795-E760-410A-B69A-3F79DB3F5243}.Release|Win32.Build.0 = Release|Win32
		{3FBC4235-3FBD-46DF-AEDC-BADBBA13A095}.Release - no tcmalloc|Win32.ActiveCfg = Release - no tcmalloc|Win32
		{3FBC4235-3FBD-46DF-AEDC-BADBBA13A095}.Release - no tcmalloc|Win32.Build.0 = Release - no tcmalloc|Win32
		{3FBC4235-3FBD-46DF-AEDC-BADBBA13A095}.Debug|Win32.ActiveCfg = Debug|Win32
		{3FBC4235-3FBD-46DF-AEDC-BADBBA13A095}.Debug|Win32.Build.0 = Debug|Win32
		{3FBC4235-3FBD-46DF-AEDC-BADBBA13A095}.Purify|Win32.ActiveCfg = Purify|Win32
		{3FBC4235-3FBD-46DF-AEDC-BADBBA13A095}.Purify|Win32.Build.0 = Purify|Win32
		{3FBC4235-3FBD-46DF-AEDC-BADBBA13A095}.Release|Win32.ActiveCfg = Release|Win32
		{3FBC4235-3FBD-46DF-AEDC-BADBBA13A095}.Release|Win32.Build.0 = Release|Win32
		{4631946D-7D5F-44BD-A5A8-504C0A7033BE}.Release - no tcmalloc|Win32.ActiveCfg = Release - no tcmalloc|Win32
		{4631946D-7D5F-44BD-A5A8-504C0A7033BE}.Release - no tcmalloc|Win32.Build.0 = Release - no tcmalloc|Win32
		{4631946D-7D5F-44BD-A5A8-504C0A7033BE}.Debug|Win32.ActiveCfg = Debug|Win32
		{4631946D-7D5F-44BD-A5A8-504C0A7033BE}.Debug|Win32.Build.0 = Debug|Win32
		{4631946D-7D5F-44BD-A5A8-504C0A7033BE}.Purify|Win32.ActiveCfg = Purify|Win32
		{4631946D-7D5F-44BD-A5A8-504C0A7033BE}.Purify|Win32.Build.0 = Purify|Win32
		{4631946D-7D5F-44BD-A5A8-504C0A7033BE}.Release|Win32.ActiveCfg = Release|Win32
		{4631946D-7D5F-44BD-A5A8-504C0A7033BE}.Release|Win32.Build.0 = Release|Win32
		{49909552-0B0C-4C14-8CF6-DB8A2ADE0934}.Release - no tcmalloc|Win32.ActiveCfg = Release - no tcmalloc|Win32
		{49909552-0B0C-4C14-8CF6-DB8A2ADE0934}.Release - no tcmalloc|Win32.Build.0 = Release - no tcmalloc|Win32
		{49909552-0B0C-4C14-8CF6-DB8A2ADE0934}.Debug|Win32.ActiveCfg = Debug|Win32
		{49909552-0B0C-4C14-8CF6-DB8A2ADE0934}.Debug|Win32.Build.0 = Debug|Win32
		{49909552-0B0C-4C14-8CF6-DB8A2ADE0934}.Purify|Win32.ActiveCfg = Purify|Win32
		{49909552-0B0C-4C14-8CF6-DB8A2ADE0934}.Purify|Win32.Build.0 = Purify|Win32
		{49909552-0B0C-4C14-8CF6-DB8A2ADE0934}.Release|Win32.ActiveCfg = Release|Win32
		{49909552-0B0C-4C14-8CF6-DB8A2ADE0934}.Release|Win32.Build.0 = Release|Win32
		{4E4070E1-EFD9-4EF1-8634-3960956F6F10}.Release - no tcmalloc|Win32.ActiveCfg = Release - no tcmalloc|Win32
		{4E4070E1-EFD9-4EF1-8634-3960956F6F10}.Release - no tcmalloc|Win32.Build.0 = Release - no tcmalloc|Win32
		{4E4070E1-EFD9-4EF1-8634-3960956F6F10}.Debug|Win32.ActiveCfg = Debug|Win32
		{4E4070E1-EFD9-4EF1-8634-3960956F6F10}.Debug|Win32.Build.0 = Debug|Win32
		{4E4070E1-EFD9-4EF1-8634-3960956F6F10}.Purify|Win32.ActiveCfg = Purify|Win32
		{4E4070E1-EFD9-4EF1-8634-3960956F6F10}.Purify|Win32.Build.0 = Purify|Win32
		{4E4070E1-EFD9-4EF1-8634-3960956F6F10}.Release|Win32.ActiveCfg = Release|Win32
		{4E4070E1-EFD9-4EF1-8634-3960956F6F10}.Release|Win32.Build.0 = Release|Win32
		{5330F8EE-00F5-D65C-166E-E3150171055D}.Release - no tcmalloc|Win32.ActiveCfg = Release - no tcmalloc|Win32
		{5330F8EE-00F5-D65C-166E-E3150171055D}.Release - no tcmalloc|Win32.Build.0 = Release - no tcmalloc|Win32
		{5330F8EE-00F5-D65C-166E-E3150171055D}.Debug|Win32.ActiveCfg = Debug|Win32
		{5330F8EE-00F5-D65C-166E-E3150171055D}.Debug|Win32.Build.0 = Debug|Win32
		{5330F8EE-00F5-D65C-166E-E3150171055D}.Purify|Win32.ActiveCfg = Purify|Win32
		{5330F8EE-00F5-D65C-166E-E3150171055D}.Purify|Win32.Build.0 = Purify|Win32
		{5330F8EE-00F5-D65C-166E-E3150171055D}.Release|Win32.ActiveCfg = Release|Win32
		{5330F8EE-00F5-D65C-166E-E3150171055D}.Release|Win32.Build.0 = Release|Win32
		{5916D37D-8C97-424F-A904-74E52594C2D6}.Release - no tcmalloc|Win32.ActiveCfg = Release - no tcmalloc|Win32
		{5916D37D-8C97-424F-A904-74E52594C2D6}.Release - no tcmalloc|Win32.Build.0 = Release - no tcmalloc|Win32
		{5916D37D-8C97-424F-A904-74E52594C2D6}.Debug|Win32.ActiveCfg = Debug|Win32
		{5916D37D-8C97-424F-A904-74E52594C2D6}.Debug|Win32.Build.0 = Debug|Win32
		{5916D37D-8C97-424F-A904-74E52594C2D6}.Purify|Win32.ActiveCfg = Purify|Win32
		{5916D37D-8C97-424F-A904-74E52594C2D6}.Purify|Win32.Build.0 = Purify|Win32
		{5916D37D-8C97-424F-A904-74E52594C2D6}.Release|Win32.ActiveCfg = Release|Win32
		{5916D37D-8C97-424F-A904-74E52594C2D6}.Release|Win32.Build.0 = Release|Win32
		{5D7851C0-5603-F133-1A54-FF09D73A2C0E}.Release - no tcmalloc|Win32.ActiveCfg = Release - no tcmalloc|Win32
		{5D7851C0-5603-F133-1A54-FF09D73A2C0E}.Release - no tcmalloc|Win32.Build.0 = Release - no tcmalloc|Win32
		{5D7851C0-5603-F133-1A54-FF09D73A2C0E}.Debug|Win32.ActiveCfg = Debug|Win32
		{5D7851C0-5603-F133-1A54-FF09D73A2C0E}.Debug|Win32.Build.0 = Debug|Win32
		{5D7851C0-5603-F133-1A54-FF09D73A2C0E}.Purify|Win32.ActiveCfg = Purify|Win32
		{5D7851C0-5603-F133-1A54-FF09D73A2C0E}.Purify|Win32.Build.0 = Purify|Win32
		{5D7851C0-5603-F133-1A54-FF09D73A2C0E}.Release|Win32.ActiveCfg = Release|Win32
		{5D7851C0-5603-F133-1A54-FF09D73A2C0E}.Release|Win32.Build.0 = Release|Win32
		{5ECEC9E5-8F23-47B6-93E0-C3B328B3BE65}.Release - no tcmalloc|Win32.ActiveCfg = Release - no tcmalloc|Win32
		{5ECEC9E5-8F23-47B6-93E0-C3B328B3BE65}.Release - no tcmalloc|Win32.Build.0 = Release - no tcmalloc|Win32
		{5ECEC9E5-8F23-47B6-93E0-C3B328B3BE65}.Debug|Win32.ActiveCfg = Debug|Win32
		{5ECEC9E5-8F23-47B6-93E0-C3B328B3BE65}.Debug|Win32.Build.0 = Debug|Win32
		{5ECEC9E5-8F23-47B6-93E0-C3B328B3BE65}.Purify|Win32.ActiveCfg = Purify|Win32
		{5ECEC9E5-8F23-47B6-93E0-C3B328B3BE65}.Purify|Win32.Build.0 = Purify|Win32
		{5ECEC9E5-8F23-47B6-93E0-C3B328B3BE65}.Release|Win32.ActiveCfg = Release|Win32
		{5ECEC9E5-8F23-47B6-93E0-C3B328B3BE65}.Release|Win32.Build.0 = Release|Win32
		{60B43839-95E6-4526-A661-209F16335E0E}.Release - no tcmalloc|Win32.ActiveCfg = Release - no tcmalloc|Win32
		{60B43839-95E6-4526-A661-209F16335E0E}.Release - no tcmalloc|Win32.Build.0 = Release - no tcmalloc|Win32
		{60B43839-95E6-4526-A661-209F16335E0E}.Debug|Win32.ActiveCfg = Debug|Win32
		{60B43839-95E6-4526-A661-209F16335E0E}.Debug|Win32.Build.0 = Debug|Win32
		{60B43839-95E6-4526-A661-209F16335E0E}.Purify|Win32.ActiveCfg = Purify|Win32
		{60B43839-95E6-4526-A661-209F16335E0E}.Purify|Win32.Build.0 = Purify|Win32
		{60B43839-95E6-4526-A661-209F16335E0E}.Release|Win32.ActiveCfg = Release|Win32
		{60B43839-95E6-4526-A661-209F16335E0E}.Release|Win32.Build.0 = Release|Win32
		{6617FED9-C5D4-4907-BF55-A90062A6683F}.Release - no tcmalloc|Win32.ActiveCfg = Release - no tcmalloc|Win32
		{6617FED9-C5D4-4907-BF55-A90062A6683F}.Release - no tcmalloc|Win32.Build.0 = Release - no tcmalloc|Win32
		{6617FED9-C5D4-4907-BF55-A90062A6683F}.Debug|Win32.ActiveCfg = Debug|Win32
		{6617FED9-C5D4-4907-BF55-A90062A6683F}.Debug|Win32.Build.0 = Debug|Win32
		{6617FED9-C5D4-4907-BF55-A90062A6683F}.Purify|Win32.ActiveCfg = Purify|Win32
		{6617FED9-C5D4-4907-BF55-A90062A6683F}.Purify|Win32.Build.0 = Purify|Win32
		{6617FED9-C5D4-4907-BF55-A90062A6683F}.Release|Win32.ActiveCfg = Release|Win32
		{6617FED9-C5D4-4907-BF55-A90062A6683F}.Release|Win32.Build.0 = Release|Win32
		{6992BBDE-54D2-5D2E-7FA6-421F82849767}.Release - no tcmalloc|Win32.ActiveCfg = Release - no tcmalloc|Win32
		{6992BBDE-54D2-5D2E-7FA6-421F82849767}.Release - no tcmalloc|Win32.Build.0 = Release - no tcmalloc|Win32
		{6992BBDE-54D2-5D2E-7FA6-421F82849767}.Debug|Win32.ActiveCfg = Debug|Win32
		{6992BBDE-54D2-5D2E-7FA6-421F82849767}.Debug|Win32.Build.0 = Debug|Win32
		{6992BBDE-54D2-5D2E-7FA6-421F82849767}.Purify|Win32.ActiveCfg = Purify|Win32
		{6992BBDE-54D2-5D2E-7FA6-421F82849767}.Purify|Win32.Build.0 = Purify|Win32
		{6992BBDE-54D2-5D2E-7FA6-421F82849767}.Release|Win32.ActiveCfg = Release|Win32
		{6992BBDE-54D2-5D2E-7FA6-421F82849767}.Release|Win32.Build.0 = Release|Win32
		{6AE76406-B03B-11DD-94B1-80B556D89593}.Release - no tcmalloc|Win32.ActiveCfg = Release - no tcmalloc|Win32
		{6AE76406-B03B-11DD-94B1-80B556D89593}.Release - no tcmalloc|Win32.Build.0 = Release - no tcmalloc|Win32
		{6AE76406-B03B-11DD-94B1-80B556D89593}.Debug|Win32.ActiveCfg = Debug|Win32
		{6AE76406-B03B-11DD-94B1-80B556D89593}.Debug|Win32.Build.0 = Debug|Win32
		{6AE76406-B03B-11DD-94B1-80B556D89593}.Purify|Win32.ActiveCfg = Purify|Win32
		{6AE76406-B03B-11DD-94B1-80B556D89593}.Purify|Win32.Build.0 = Purify|Win32
		{6AE76406-B03B-11DD-94B1-80B556D89593}.Release|Win32.ActiveCfg = Release|Win32
		{6AE76406-B03B-11DD-94B1-80B556D89593}.Release|Win32.Build.0 = Release|Win32
		{6EAD4A4B-2BBC-4974-8E45-BB5C16CC2AC9}.Release - no tcmalloc|Win32.ActiveCfg = Release - no tcmalloc|Win32
		{6EAD4A4B-2BBC-4974-8E45-BB5C16CC2AC9}.Release - no tcmalloc|Win32.Build.0 = Release - no tcmalloc|Win32
		{6EAD4A4B-2BBC-4974-8E45-BB5C16CC2AC9}.Debug|Win32.ActiveCfg = Debug|Win32
		{6EAD4A4B-2BBC-4974-8E45-BB5C16CC2AC9}.Debug|Win32.Build.0 = Debug|Win32
		{6EAD4A4B-2BBC-4974-8E45-BB5C16CC2AC9}.Purify|Win32.ActiveCfg = Purify|Win32
		{6EAD4A4B-2BBC-4974-8E45-BB5C16CC2AC9}.Purify|Win32.Build.0 = Purify|Win32
		{6EAD4A4B-2BBC-4974-8E45-BB5C16CC2AC9}.Release|Win32.ActiveCfg = Release|Win32
		{6EAD4A4B-2BBC-4974-8E45-BB5C16CC2AC9}.Release|Win32.Build.0 = Release|Win32
		{7100F41F-868D-4E99-80A2-AF8E6574749D}.Release - no tcmalloc|Win32.ActiveCfg = Release - no tcmalloc|Win32
		{7100F41F-868D-4E99-80A2-AF8E6574749D}.Release - no tcmalloc|Win32.Build.0 = Release - no tcmalloc|Win32
		{7100F41F-868D-4E99-80A2-AF8E6574749D}.Debug|Win32.ActiveCfg = Debug|Win32
		{7100F41F-868D-4E99-80A2-AF8E6574749D}.Debug|Win32.Build.0 = Debug|Win32
		{7100F41F-868D-4E99-80A2-AF8E6574749D}.Purify|Win32.ActiveCfg = Purify|Win32
		{7100F41F-868D-4E99-80A2-AF8E6574749D}.Purify|Win32.Build.0 = Purify|Win32
		{7100F41F-868D-4E99-80A2-AF8E6574749D}.Release|Win32.ActiveCfg = Release|Win32
		{7100F41F-868D-4E99-80A2-AF8E6574749D}.Release|Win32.Build.0 = Release|Win32
		{8423AF0D-4B88-4EBF-94E1-E4D00D00E21C}.Release - no tcmalloc|Win32.ActiveCfg = Release - no tcmalloc|Win32
		{8423AF0D-4B88-4EBF-94E1-E4D00D00E21C}.Release - no tcmalloc|Win32.Build.0 = Release - no tcmalloc|Win32
		{8423AF0D-4B88-4EBF-94E1-E4D00D00E21C}.Debug|Win32.ActiveCfg = Debug|Win32
		{8423AF0D-4B88-4EBF-94E1-E4D00D00E21C}.Debug|Win32.Build.0 = Debug|Win32
		{8423AF0D-4B88-4EBF-94E1-E4D00D00E21C}.Purify|Win32.ActiveCfg = Purify|Win32
		{8423AF0D-4B88-4EBF-94E1-E4D00D00E21C}.Purify|Win32.Build.0 = Purify|Win32
		{8423AF0D-4B88-4EBF-94E1-E4D00D00E21C}.Release|Win32.ActiveCfg = Release|Win32
		{8423AF0D-4B88-4EBF-94E1-E4D00D00E21C}.Release|Win32.Build.0 = Release|Win32
		{8500027C-B11A-11DE-A16E-B80256D89593}.Release - no tcmalloc|Win32.ActiveCfg = Release - no tcmalloc|Win32
		{8500027C-B11A-11DE-A16E-B80256D89593}.Release - no tcmalloc|Win32.Build.0 = Release - no tcmalloc|Win32
		{8500027C-B11A-11DE-A16E-B80256D89593}.Debug|Win32.ActiveCfg = Debug|Win32
		{8500027C-B11A-11DE-A16E-B80256D89593}.Debug|Win32.Build.0 = Debug|Win32
		{8500027C-B11A-11DE-A16E-B80256D89593}.Purify|Win32.ActiveCfg = Purify|Win32
		{8500027C-B11A-11DE-A16E-B80256D89593}.Purify|Win32.Build.0 = Purify|Win32
		{8500027C-B11A-11DE-A16E-B80256D89593}.Release|Win32.ActiveCfg = Release|Win32
		{8500027C-B11A-11DE-A16E-B80256D89593}.Release|Win32.Build.0 = Release|Win32
		{8BC9CEB8-8B4A-11D0-8D11-00A0C91BC942}.Release - no tcmalloc|Win32.ActiveCfg = Release - no tcmalloc|Win32
		{8BC9CEB8-8B4A-11D0-8D11-00A0C91BC942}.Release - no tcmalloc|Win32.Build.0 = Release - no tcmalloc|Win32
		{8BC9CEB8-8B4A-11D0-8D11-00A0C91BC942}.Debug|Win32.ActiveCfg = Debug|Win32
		{8BC9CEB8-8B4A-11D0-8D11-00A0C91BC942}.Debug|Win32.Build.0 = Debug|Win32
		{8BC9CEB8-8B4A-11D0-8D11-00A0C91BC942}.Purify|Win32.ActiveCfg = Purify|Win32
		{8BC9CEB8-8B4A-11D0-8D11-00A0C91BC942}.Purify|Win32.Build.0 = Purify|Win32
		{8BC9CEB8-8B4A-11D0-8D11-00A0C91BC942}.Release|Win32.ActiveCfg = Release|Win32
		{8BC9CEB8-8B4A-11D0-8D11-00A0C91BC942}.Release|Win32.Build.0 = Release|Win32
		{9BE5D4D5-E800-44F9-B6C0-27DF15A9D817}.Release - no tcmalloc|Win32.ActiveCfg = Release - no tcmalloc|Win32
		{9BE5D4D5-E800-44F9-B6C0-27DF15A9D817}.Release - no tcmalloc|Win32.Build.0 = Release - no tcmalloc|Win32
		{9BE5D4D5-E800-44F9-B6C0-27DF15A9D817}.Debug|Win32.ActiveCfg = Debug|Win32
		{9BE5D4D5-E800-44F9-B6C0-27DF15A9D817}.Debug|Win32.Build.0 = Debug|Win32
		{9BE5D4D5-E800-44F9-B6C0-27DF15A9D817}.Purify|Win32.ActiveCfg = Purify|Win32
		{9BE5D4D5-E800-44F9-B6C0-27DF15A9D817}.Purify|Win32.Build.0 = Purify|Win32
		{9BE5D4D5-E800-44F9-B6C0-27DF15A9D817}.Release|Win32.ActiveCfg = Release|Win32
		{9BE5D4D5-E800-44F9-B6C0-27DF15A9D817}.Release|Win32.Build.0 = Release|Win32
		{9E2EFAAB-02B7-4A82-B664-1E98DF6D1953}.Release - no tcmalloc|Win32.ActiveCfg = Release - no tcmalloc|Win32
		{9E2EFAAB-02B7-4A82-B664-1E98DF6D1953}.Release - no tcmalloc|Win32.Build.0 = Release - no tcmalloc|Win32
		{9E2EFAAB-02B7-4A82-B664-1E98DF6D1953}.Debug|Win32.ActiveCfg = Debug|Win32
		{9E2EFAAB-02B7-4A82-B664-1E98DF6D1953}.Debug|Win32.Build.0 = Debug|Win32
		{9E2EFAAB-02B7-4A82-B664-1E98DF6D1953}.Purify|Win32.ActiveCfg = Purify|Win32
		{9E2EFAAB-02B7-4A82-B664-1E98DF6D1953}.Purify|Win32.Build.0 = Purify|Win32
		{9E2EFAAB-02B7-4A82-B664-1E98DF6D1953}.Release|Win32.ActiveCfg = Release|Win32
		{9E2EFAAB-02B7-4A82-B664-1E98DF6D1953}.Release|Win32.Build.0 = Release|Win32
		{9E5416B9-B91B-4029-93F4-102C1AD5CAF4}.Release - no tcmalloc|Win32.ActiveCfg = Release - no tcmalloc|Win32
		{9E5416B9-B91B-4029-93F4-102C1AD5CAF4}.Release - no tcmalloc|Win32.Build.0 = Release - no tcmalloc|Win32
		{9E5416B9-B91B-4029-93F4-102C1AD5CAF4}.Debug|Win32.ActiveCfg = Debug|Win32
		{9E5416B9-B91B-4029-93F4-102C1AD5CAF4}.Debug|Win32.Build.0 = Debug|Win32
		{9E5416B9-B91B-4029-93F4-102C1AD5CAF4}.Purify|Win32.ActiveCfg = Purify|Win32
		{9E5416B9-B91B-4029-93F4-102C1AD5CAF4}.Purify|Win32.Build.0 = Purify|Win32
		{9E5416B9-B91B-4029-93F4-102C1AD5CAF4}.Release|Win32.ActiveCfg = Release|Win32
		{9E5416B9-B91B-4029-93F4-102C1AD5CAF4}.Release|Win32.Build.0 = Release|Win32
		{A508ADD3-CECE-4E0F-8448-2F5E454DF551}.Release - no tcmalloc|Win32.ActiveCfg = Release - no tcmalloc|Win32
		{A508ADD3-CECE-4E0F-8448-2F5E454DF551}.Release - no tcmalloc|Win32.Build.0 = Release - no tcmalloc|Win32
		{A508ADD3-CECE-4E0F-8448-2F5E454DF551}.Debug|Win32.ActiveCfg = Debug|Win32
		{A508ADD3-CECE-4E0F-8448-2F5E454DF551}.Debug|Win32.Build.0 = Debug|Win32
		{A508ADD3-CECE-4E0F-8448-2F5E454DF551}.Purify|Win32.ActiveCfg = Purify|Win32
		{A508ADD3-CECE-4E0F-8448-2F5E454DF551}.Purify|Win32.Build.0 = Purify|Win32
		{A508ADD3-CECE-4E0F-8448-2F5E454DF551}.Release|Win32.ActiveCfg = Release|Win32
		{A508ADD3-CECE-4E0F-8448-2F5E454DF551}.Release|Win32.Build.0 = Release|Win32
		{A6D0953E-899E-4C60-AB6B-CAE75A44B8E6}.Release - no tcmalloc|Win32.ActiveCfg = Release - no tcmalloc|Win32
		{A6D0953E-899E-4C60-AB6B-CAE75A44B8E6}.Release - no tcmalloc|Win32.Build.0 = Release - no tcmalloc|Win32
		{A6D0953E-899E-4C60-AB6B-CAE75A44B8E6}.Debug|Win32.ActiveCfg = Debug|Win32
		{A6D0953E-899E-4C60-AB6B-CAE75A44B8E6}.Debug|Win32.Build.0 = Debug|Win32
		{A6D0953E-899E-4C60-AB6B-CAE75A44B8E6}.Purify|Win32.ActiveCfg = Purify|Win32
		{A6D0953E-899E-4C60-AB6B-CAE75A44B8E6}.Purify|Win32.Build.0 = Purify|Win32
		{A6D0953E-899E-4C60-AB6B-CAE75A44B8E6}.Release|Win32.ActiveCfg = Release|Win32
		{A6D0953E-899E-4C60-AB6B-CAE75A44B8E6}.Release|Win32.Build.0 = Release|Win32
		{A9D6DC71-C0DC-4549-AEA0-3B15B44E86A9}.Release - no tcmalloc|Win32.ActiveCfg = Release - no tcmalloc|Win32
		{A9D6DC71-C0DC-4549-AEA0-3B15B44E86A9}.Release - no tcmalloc|Win32.Build.0 = Release - no tcmalloc|Win32
		{A9D6DC71-C0DC-4549-AEA0-3B15B44E86A9}.Debug|Win32.ActiveCfg = Debug|Win32
		{A9D6DC71-C0DC-4549-AEA0-3B15B44E86A9}.Debug|Win32.Build.0 = Debug|Win32
		{A9D6DC71-C0DC-4549-AEA0-3B15B44E86A9}.Purify|Win32.ActiveCfg = Purify|Win32
		{A9D6DC71-C0DC-4549-AEA0-3B15B44E86A9}.Purify|Win32.Build.0 = Purify|Win32
		{A9D6DC71-C0DC-4549-AEA0-3B15B44E86A9}.Release|Win32.ActiveCfg = Release|Win32
		{A9D6DC71-C0DC-4549-AEA0-3B15B44E86A9}.Release|Win32.Build.0 = Release|Win32
		{AA8A5A85-592B-4357-BC60-E0E91E026AF6}.Release - no tcmalloc|Win32.ActiveCfg = Release - no tcmalloc|Win32
		{AA8A5A85-592B-4357-BC60-E0E91E026AF6}.Release - no tcmalloc|Win32.Build.0 = Release - no tcmalloc|Win32
		{AA8A5A85-592B-4357-BC60-E0E91E026AF6}.Debug|Win32.ActiveCfg = Debug|Win32
		{AA8A5A85-592B-4357-BC60-E0E91E026AF6}.Debug|Win32.Build.0 = Debug|Win32
		{AA8A5A85-592B-4357-BC60-E0E91E026AF6}.Purify|Win32.ActiveCfg = Purify|Win32
		{AA8A5A85-592B-4357-BC60-E0E91E026AF6}.Purify|Win32.Build.0 = Purify|Win32
		{AA8A5A85-592B-4357-BC60-E0E91E026AF6}.Release|Win32.ActiveCfg = Release|Win32
		{AA8A5A85-592B-4357-BC60-E0E91E026AF6}.Release|Win32.Build.0 = Release|Win32
		{AE9BF4A2-19C5-49D8-BB1A-F28496DD7051}.Release - no tcmalloc|Win32.ActiveCfg = Release - no tcmalloc|Win32
		{AE9BF4A2-19C5-49D8-BB1A-F28496DD7051}.Release - no tcmalloc|Win32.Build.0 = Release - no tcmalloc|Win32
		{AE9BF4A2-19C5-49D8-BB1A-F28496DD7051}.Debug|Win32.ActiveCfg = Debug|Win32
		{AE9BF4A2-19C5-49D8-BB1A-F28496DD7051}.Debug|Win32.Build.0 = Debug|Win32
		{AE9BF4A2-19C5-49D8-BB1A-F28496DD7051}.Purify|Win32.ActiveCfg = Purify|Win32
		{AE9BF4A2-19C5-49D8-BB1A-F28496DD7051}.Purify|Win32.Build.0 = Purify|Win32
		{AE9BF4A2-19C5-49D8-BB1A-F28496DD7051}.Release|Win32.ActiveCfg = Release|Win32
		{AE9BF4A2-19C5-49D8-BB1A-F28496DD7051}.Release|Win32.Build.0 = Release|Win32
		{B1941127-B9EE-D55B-0952-614A35541471}.Release - no tcmalloc|Win32.ActiveCfg = Release - no tcmalloc|Win32
		{B1941127-B9EE-D55B-0952-614A35541471}.Release - no tcmalloc|Win32.Build.0 = Release - no tcmalloc|Win32
		{B1941127-B9EE-D55B-0952-614A35541471}.Debug|Win32.ActiveCfg = Debug|Win32
		{B1941127-B9EE-D55B-0952-614A35541471}.Debug|Win32.Build.0 = Debug|Win32
		{B1941127-B9EE-D55B-0952-614A35541471}.Purify|Win32.ActiveCfg = Purify|Win32
		{B1941127-B9EE-D55B-0952-614A35541471}.Purify|Win32.Build.0 = Purify|Win32
		{B1941127-B9EE-D55B-0952-614A35541471}.Release|Win32.ActiveCfg = Release|Win32
		{B1941127-B9EE-D55B-0952-614A35541471}.Release|Win32.Build.0 = Release|Win32
		{B55CA863-B374-4BAF-95AC-539E4FA4C90C}.Release - no tcmalloc|Win32.ActiveCfg = Release - no tcmalloc|Win32
		{B55CA863-B374-4BAF-95AC-539E4FA4C90C}.Release - no tcmalloc|Win32.Build.0 = Release - no tcmalloc|Win32
		{B55CA863-B374-4BAF-95AC-539E4FA4C90C}.Debug|Win32.ActiveCfg = Debug|Win32
		{B55CA863-B374-4BAF-95AC-539E4FA4C90C}.Debug|Win32.Build.0 = Debug|Win32
		{B55CA863-B374-4BAF-95AC-539E4FA4C90C}.Purify|Win32.ActiveCfg = Purify|Win32
		{B55CA863-B374-4BAF-95AC-539E4FA4C90C}.Purify|Win32.Build.0 = Purify|Win32
		{B55CA863-B374-4BAF-95AC-539E4FA4C90C}.Release|Win32.ActiveCfg = Release|Win32
		{B55CA863-B374-4BAF-95AC-539E4FA4C90C}.Release|Win32.Build.0 = Release|Win32
		{BC2C97B3-E3CB-FAD5-2749-4A55FC6E56D3}.Release - no tcmalloc|Win32.ActiveCfg = Release - no tcmalloc|Win32
		{BC2C97B3-E3CB-FAD5-2749-4A55FC6E56D3}.Release - no tcmalloc|Win32.Build.0 = Release - no tcmalloc|Win32
		{BC2C97B3-E3CB-FAD5-2749-4A55FC6E56D3}.Debug|Win32.ActiveCfg = Debug|Win32
		{BC2C97B3-E3CB-FAD5-2749-4A55FC6E56D3}.Debug|Win32.Build.0 = Debug|Win32
		{BC2C97B3-E3CB-FAD5-2749-4A55FC6E56D3}.Purify|Win32.ActiveCfg = Purify|Win32
		{BC2C97B3-E3CB-FAD5-2749-4A55FC6E56D3}.Purify|Win32.Build.0 = Purify|Win32
		{BC2C97B3-E3CB-FAD5-2749-4A55FC6E56D3}.Release|Win32.ActiveCfg = Release|Win32
		{BC2C97B3-E3CB-FAD5-2749-4A55FC6E56D3}.Release|Win32.Build.0 = Release|Win32
		{BFE8E2A7-3B3B-43B0-A994-3058B852DB8B}.Release - no tcmalloc|Win32.ActiveCfg = Release - no tcmalloc|Win32
		{BFE8E2A7-3B3B-43B0-A994-3058B852DB8B}.Release - no tcmalloc|Win32.Build.0 = Release - no tcmalloc|Win32
		{BFE8E2A7-3B3B-43B0-A994-3058B852DB8B}.Debug|Win32.ActiveCfg = Debug|Win32
		{BFE8E2A7-3B3B-43B0-A994-3058B852DB8B}.Debug|Win32.Build.0 = Debug|Win32
		{BFE8E2A7-3B3B-43B0-A994-3058B852DB8B}.Purify|Win32.ActiveCfg = Purify|Win32
		{BFE8E2A7-3B3B-43B0-A994-3058B852DB8B}.Purify|Win32.Build.0 = Purify|Win32
		{BFE8E2A7-3B3B-43B0-A994-3058B852DB8B}.Release|Win32.ActiveCfg = Release|Win32
		{BFE8E2A7-3B3B-43B0-A994-3058B852DB8B}.Release|Win32.Build.0 = Release|Win32
		{C13650D5-CF1A-4259-BE45-B1EBA6280E47}.Release - no tcmalloc|Win32.ActiveCfg = Release - no tcmalloc|Win32
		{C13650D5-CF1A-4259-BE45-B1EBA6280E47}.Release - no tcmalloc|Win32.Build.0 = Release - no tcmalloc|Win32
		{C13650D5-CF1A-4259-BE45-B1EBA6280E47}.Debug|Win32.ActiveCfg = Debug|Win32
		{C13650D5-CF1A-4259-BE45-B1EBA6280E47}.Debug|Win32.Build.0 = Debug|Win32
		{C13650D5-CF1A-4259-BE45-B1EBA6280E47}.Purify|Win32.ActiveCfg = Purify|Win32
		{C13650D5-CF1A-4259-BE45-B1EBA6280E47}.Purify|Win32.Build.0 = Purify|Win32
		{C13650D5-CF1A-4259-BE45-B1EBA6280E47}.Release|Win32.ActiveCfg = Release|Win32
		{C13650D5-CF1A-4259-BE45-B1EBA6280E47}.Release|Win32.Build.0 = Release|Win32
		{C564F145-9172-42C3-BFCB-6014CA97DBCD}.Release - no tcmalloc|Win32.ActiveCfg = Release - no tcmalloc|Win32
		{C564F145-9172-42C3-BFCB-6014CA97DBCD}.Release - no tcmalloc|Win32.Build.0 = Release - no tcmalloc|Win32
		{C564F145-9172-42C3-BFCB-6014CA97DBCD}.Debug|Win32.ActiveCfg = Debug|Win32
		{C564F145-9172-42C3-BFCB-6014CA97DBCD}.Debug|Win32.Build.0 = Debug|Win32
		{C564F145-9172-42C3-BFCB-6014CA97DBCD}.Purify|Win32.ActiveCfg = Purify|Win32
		{C564F145-9172-42C3-BFCB-6014CA97DBCD}.Purify|Win32.Build.0 = Purify|Win32
		{C564F145-9172-42C3-BFCB-6014CA97DBCD}.Release|Win32.ActiveCfg = Release|Win32
		{C564F145-9172-42C3-BFCB-6014CA97DBCD}.Release|Win32.Build.0 = Release|Win32
		{C5E0F710-5650-CE47-18C7-365D2A863087}.Release - no tcmalloc|Win32.ActiveCfg = Release - no tcmalloc|Win32
		{C5E0F710-5650-CE47-18C7-365D2A863087}.Release - no tcmalloc|Win32.Build.0 = Release - no tcmalloc|Win32
		{C5E0F710-5650-CE47-18C7-365D2A863087}.Debug|Win32.ActiveCfg = Debug|Win32
		{C5E0F710-5650-CE47-18C7-365D2A863087}.Debug|Win32.Build.0 = Debug|Win32
		{C5E0F710-5650-CE47-18C7-365D2A863087}.Purify|Win32.ActiveCfg = Purify|Win32
		{C5E0F710-5650-CE47-18C7-365D2A863087}.Purify|Win32.Build.0 = Purify|Win32
		{C5E0F710-5650-CE47-18C7-365D2A863087}.Release|Win32.ActiveCfg = Release|Win32
		{C5E0F710-5650-CE47-18C7-365D2A863087}.Release|Win32.Build.0 = Release|Win32
		{C66B126D-0ECE-4CA2-B6DC-FA780AFBBF09}.Release - no tcmalloc|Win32.ActiveCfg = Release - no tcmalloc|Win32
		{C66B126D-0ECE-4CA2-B6DC-FA780AFBBF09}.Release - no tcmalloc|Win32.Build.0 = Release - no tcmalloc|Win32
		{C66B126D-0ECE-4CA2-B6DC-FA780AFBBF09}.Debug|Win32.ActiveCfg = Debug|Win32
		{C66B126D-0ECE-4CA2-B6DC-FA780AFBBF09}.Debug|Win32.Build.0 = Debug|Win32
		{C66B126D-0ECE-4CA2-B6DC-FA780AFBBF09}.Purify|Win32.ActiveCfg = Purify|Win32
		{C66B126D-0ECE-4CA2-B6DC-FA780AFBBF09}.Purify|Win32.Build.0 = Purify|Win32
		{C66B126D-0ECE-4CA2-B6DC-FA780AFBBF09}.Release|Win32.ActiveCfg = Release|Win32
		{C66B126D-0ECE-4CA2-B6DC-FA780AFBBF09}.Release|Win32.Build.0 = Release|Win32
		{CD9CA56E-4E94-444C-87D4-58CA1E6F300D}.Release - no tcmalloc|Win32.ActiveCfg = Release - no tcmalloc|Win32
		{CD9CA56E-4E94-444C-87D4-58CA1E6F300D}.Release - no tcmalloc|Win32.Build.0 = Release - no tcmalloc|Win32
		{CD9CA56E-4E94-444C-87D4-58CA1E6F300D}.Debug|Win32.ActiveCfg = Debug|Win32
		{CD9CA56E-4E94-444C-87D4-58CA1E6F300D}.Debug|Win32.Build.0 = Debug|Win32
		{CD9CA56E-4E94-444C-87D4-58CA1E6F300D}.Purify|Win32.ActiveCfg = Purify|Win32
		{CD9CA56E-4E94-444C-87D4-58CA1E6F300D}.Purify|Win32.Build.0 = Purify|Win32
		{CD9CA56E-4E94-444C-87D4-58CA1E6F300D}.Release|Win32.ActiveCfg = Release|Win32
		{CD9CA56E-4E94-444C-87D4-58CA1E6F300D}.Release|Win32.Build.0 = Release|Win32
		{D3A97815-3309-44F8-B9BB-CBBE2393A454}.Release - no tcmalloc|Win32.ActiveCfg = Release - no tcmalloc|Win32
		{D3A97815-3309-44F8-B9BB-CBBE2393A454}.Release - no tcmalloc|Win32.Build.0 = Release - no tcmalloc|Win32
		{D3A97815-3309-44F8-B9BB-CBBE2393A454}.Debug|Win32.ActiveCfg = Debug|Win32
		{D3A97815-3309-44F8-B9BB-CBBE2393A454}.Debug|Win32.Build.0 = Debug|Win32
		{D3A97815-3309-44F8-B9BB-CBBE2393A454}.Purify|Win32.ActiveCfg = Purify|Win32
		{D3A97815-3309-44F8-B9BB-CBBE2393A454}.Purify|Win32.Build.0 = Purify|Win32
		{D3A97815-3309-44F8-B9BB-CBBE2393A454}.Release|Win32.ActiveCfg = Release|Win32
		{D3A97815-3309-44F8-B9BB-CBBE2393A454}.Release|Win32.Build.0 = Release|Win32
		{D53BB45A-F2ED-1D4B-165E-C6F94C33657A}.Release - no tcmalloc|Win32.ActiveCfg = Release - no tcmalloc|Win32
		{D53BB45A-F2ED-1D4B-165E-C6F94C33657A}.Release - no tcmalloc|Win32.Build.0 = Release - no tcmalloc|Win32
		{D53BB45A-F2ED-1D4B-165E-C6F94C33657A}.Debug|Win32.ActiveCfg = Debug|Win32
		{D53BB45A-F2ED-1D4B-165E-C6F94C33657A}.Debug|Win32.Build.0 = Debug|Win32
		{D53BB45A-F2ED-1D4B-165E-C6F94C33657A}.Purify|Win32.ActiveCfg = Purify|Win32
		{D53BB45A-F2ED-1D4B-165E-C6F94C33657A}.Purify|Win32.Build.0 = Purify|Win32
		{D53BB45A-F2ED-1D4B-165E-C6F94C33657A}.Release|Win32.ActiveCfg = Release|Win32
		{D53BB45A-F2ED-1D4B-165E-C6F94C33657A}.Release|Win32.Build.0 = Release|Win32
		{D7A94F58-576A-45D9-A45F-EB87C63ABBB0}.Release - no tcmalloc|Win32.ActiveCfg = Release - no tcmalloc|Win32
		{D7A94F58-576A-45D9-A45F-EB87C63ABBB0}.Release - no tcmalloc|Win32.Build.0 = Release - no tcmalloc|Win32
		{D7A94F58-576A-45D9-A45F-EB87C63ABBB0}.Debug|Win32.ActiveCfg = Debug|Win32
		{D7A94F58-576A-45D9-A45F-EB87C63ABBB0}.Debug|Win32.Build.0 = Debug|Win32
		{D7A94F58-576A-45D9-A45F-EB87C63ABBB0}.Purify|Win32.ActiveCfg = Purify|Win32
		{D7A94F58-576A-45D9-A45F-EB87C63ABBB0}.Purify|Win32.Build.0 = Purify|Win32
		{D7A94F58-576A-45D9-A45F-EB87C63ABBB0}.Release|Win32.ActiveCfg = Release|Win32
		{D7A94F58-576A-45D9-A45F-EB87C63ABBB0}.Release|Win32.Build.0 = Release|Win32
		{E13045CD-7E1F-4A41-9B18-8D288B2E7B41}.Release - no tcmalloc|Win32.ActiveCfg = Release - no tcmalloc|Win32
		{E13045CD-7E1F-4A41-9B18-8D288B2E7B41}.Release - no tcmalloc|Win32.Build.0 = Release - no tcmalloc|Win32
		{E13045CD-7E1F-4A41-9B18-8D288B2E7B41}.Debug|Win32.ActiveCfg = Debug|Win32
		{E13045CD-7E1F-4A41-9B18-8D288B2E7B41}.Debug|Win32.Build.0 = Debug|Win32
		{E13045CD-7E1F-4A41-9B18-8D288B2E7B41}.Purify|Win32.ActiveCfg = Purify|Win32
		{E13045CD-7E1F-4A41-9B18-8D288B2E7B41}.Purify|Win32.Build.0 = Purify|Win32
		{E13045CD-7E1F-4A41-9B18-8D288B2E7B41}.Release|Win32.ActiveCfg = Release|Win32
		{E13045CD-7E1F-4A41-9B18-8D288B2E7B41}.Release|Win32.Build.0 = Release|Win32
		{EF5E94AB-B646-4E5B-A058-52EF07B8351C}.Release - no tcmalloc|Win32.ActiveCfg = Release - no tcmalloc|Win32
		{EF5E94AB-B646-4E5B-A058-52EF07B8351C}.Release - no tcmalloc|Win32.Build.0 = Release - no tcmalloc|Win32
		{EF5E94AB-B646-4E5B-A058-52EF07B8351C}.Debug|Win32.ActiveCfg = Debug|Win32
		{EF5E94AB-B646-4E5B-A058-52EF07B8351C}.Debug|Win32.Build.0 = Debug|Win32
		{EF5E94AB-B646-4E5B-A058-52EF07B8351C}.Purify|Win32.ActiveCfg = Purify|Win32
		{EF5E94AB-B646-4E5B-A058-52EF07B8351C}.Purify|Win32.Build.0 = Purify|Win32
		{EF5E94AB-B646-4E5B-A058-52EF07B8351C}.Release|Win32.ActiveCfg = Release|Win32
		{EF5E94AB-B646-4E5B-A058-52EF07B8351C}.Release|Win32.Build.0 = Release|Win32
		{F54ABC59-5C00-414A-A9BA-BAF26D1699F0}.Release - no tcmalloc|Win32.ActiveCfg = Release - no tcmalloc|Win32
		{F54ABC59-5C00-414A-A9BA-BAF26D1699F0}.Release - no tcmalloc|Win32.Build.0 = Release - no tcmalloc|Win32
		{F54ABC59-5C00-414A-A9BA-BAF26D1699F0}.Debug|Win32.ActiveCfg = Debug|Win32
		{F54ABC59-5C00-414A-A9BA-BAF26D1699F0}.Debug|Win32.Build.0 = Debug|Win32
		{F54ABC59-5C00-414A-A9BA-BAF26D1699F0}.Purify|Win32.ActiveCfg = Purify|Win32
		{F54ABC59-5C00-414A-A9BA-BAF26D1699F0}.Purify|Win32.Build.0 = Purify|Win32
		{F54ABC59-5C00-414A-A9BA-BAF26D1699F0}.Release|Win32.ActiveCfg = Release|Win32
		{F54ABC59-5C00-414A-A9BA-BAF26D1699F0}.Release|Win32.Build.0 = Release|Win32
		{F9810DE8-CBC3-4605-A7B1-ECA2D5292FD7}.Release - no tcmalloc|Win32.ActiveCfg = Release - no tcmalloc|Win32
		{F9810DE8-CBC3-4605-A7B1-ECA2D5292FD7}.Release - no tcmalloc|Win32.Build.0 = Release - no tcmalloc|Win32
		{F9810DE8-CBC3-4605-A7B1-ECA2D5292FD7}.Debug|Win32.ActiveCfg = Debug|Win32
		{F9810DE8-CBC3-4605-A7B1-ECA2D5292FD7}.Debug|Win32.Build.0 = Debug|Win32
		{F9810DE8-CBC3-4605-A7B1-ECA2D5292FD7}.Purify|Win32.ActiveCfg = Purify|Win32
		{F9810DE8-CBC3-4605-A7B1-ECA2D5292FD7}.Purify|Win32.Build.0 = Purify|Win32
		{F9810DE8-CBC3-4605-A7B1-ECA2D5292FD7}.Release|Win32.ActiveCfg = Release|Win32
		{F9810DE8-CBC3-4605-A7B1-ECA2D5292FD7}.Release|Win32.Build.0 = Release|Win32
		{FA39524D-3067-4141-888D-28A86C66F2B9}.Release - no tcmalloc|Win32.ActiveCfg = Release - no tcmalloc|Win32
		{FA39524D-3067-4141-888D-28A86C66F2B9}.Release - no tcmalloc|Win32.Build.0 = Release - no tcmalloc|Win32
		{FA39524D-3067-4141-888D-28A86C66F2B9}.Debug|Win32.ActiveCfg = Debug|Win32
		{FA39524D-3067-4141-888D-28A86C66F2B9}.Debug|Win32.Build.0 = Debug|Win32
		{FA39524D-3067-4141-888D-28A86C66F2B9}.Purify|Win32.ActiveCfg = Purify|Win32
		{FA39524D-3067-4141-888D-28A86C66F2B9}.Purify|Win32.Build.0 = Purify|Win32
		{FA39524D-3067-4141-888D-28A86C66F2B9}.Release|Win32.ActiveCfg = Release|Win32
		{FA39524D-3067-4141-888D-28A86C66F2B9}.Release|Win32.Build.0 = Release|Win32
		{FC0E1FD0-5DD7-4041-A1C9-CD3C376E4EED}.Release - no tcmalloc|Win32.ActiveCfg = Release - no tcmalloc|Win32
		{FC0E1FD0-5DD7-4041-A1C9-CD3C376E4EED}.Release - no tcmalloc|Win32.Build.0 = Release - no tcmalloc|Win32
		{FC0E1FD0-5DD7-4041-A1C9-CD3C376E4EED}.Debug|Win32.ActiveCfg = Debug|Win32
		{FC0E1FD0-5DD7-4041-A1C9-CD3C376E4EED}.Debug|Win32.Build.0 = Debug|Win32
		{FC0E1FD0-5DD7-4041-A1C9-CD3C376E4EED}.Purify|Win32.ActiveCfg = Purify|Win32
		{FC0E1FD0-5DD7-4041-A1C9-CD3C376E4EED}.Purify|Win32.Build.0 = Purify|Win32
		{FC0E1FD0-5DD7-4041-A1C9-CD3C376E4EED}.Release|Win32.ActiveCfg = Release|Win32
		{FC0E1FD0-5DD7-4041-A1C9-CD3C376E4EED}.Release|Win32.Build.0 = Release|Win32
	EndGlobalSection
	GlobalSection(SolutionProperties) = preSolution
		HideSolutionNode = FALSE
	EndGlobalSection
	GlobalSection(NestedProjects) = preSolution
		{BB6FE021-BEDC-DDBC-04ED-4B76258204A6} = {1F1A77BD-507E-DADF-A888-76CD54279D6D}
		{2E2D3301-2EC4-4C0F-B889-87073B30F673} = {BB6FE021-BEDC-DDBC-04ED-4B76258204A6}
		{49909552-0B0C-4C14-8CF6-DB8A2ADE0934} = {BB6FE021-BEDC-DDBC-04ED-4B76258204A6}
		{AA8A5A85-592B-4357-BC60-E0E91E026AF6} = {BB6FE021-BEDC-DDBC-04ED-4B76258204A6}
		{26F5709A-032E-8B3E-43E5-73FD0F7FD013} = {A8BC79F2-F2ED-8F35-5EA9-B0CE6F648668}
		{1C16337B-ACF3-4D03-AA90-851C5B5EADA6} = {26F5709A-032E-8B3E-43E5-73FD0F7FD013}
		{A8BC79F2-F2ED-8F35-5EA9-B0CE6F648668} = {7C6CDB29-38D7-8364-748C-AEAAD8CCFB36}
		{1F1A77BD-507E-DADF-A888-76CD54279D6D} = {7C6CDB29-38D7-8364-748C-AEAAD8CCFB36}
		{4631946D-7D5F-44BD-A5A8-504C0A7033BE} = {EE25F6B1-EF84-226D-862F-CC4C19F42EB8}
		{3FBC4235-3FBD-46DF-AEDC-BADBBA13A095} = {EE25F6B1-EF84-226D-862F-CC4C19F42EB8}
		{AE9BF4A2-19C5-49D8-BB1A-F28496DD7051} = {EE25F6B1-EF84-226D-862F-CC4C19F42EB8}
		{1832A374-8A74-4F9E-B536-69A699B3E165} = {9785FB75-982A-5DE3-252D-3F288B9FEF5B}
		{A508ADD3-CECE-4E0F-8448-2F5E454DF551} = {9785FB75-982A-5DE3-252D-3F288B9FEF5B}
		{B55CA863-B374-4BAF-95AC-539E4FA4C90C} = {42F0DECB-2C02-ABBA-B565-D2CE9FF519D0}
		{E8172FD5-71EF-020B-71B0-9838CD43BF8E} = {BC1FC5DA-9C54-7D77-0BFF-DEDDFD7A8F6C}
		{299D9456-929B-5224-943D-BFC2576C69EA} = {BC1FC5DA-9C54-7D77-0BFF-DEDDFD7A8F6C}
		{6617FED9-C5D4-4907-BF55-A90062A6683F} = {3FB44A30-A004-0316-4D72-550C5B558AAD}
		{A6D0953E-899E-4C60-AB6B-CAE75A44B8E6} = {3FB44A30-A004-0316-4D72-550C5B558AAD}
		{A9D6DC71-C0DC-4549-AEA0-3B15B44E86A9} = {3FB44A30-A004-0316-4D72-550C5B558AAD}
		{8500027C-B11A-11DE-A16E-B80256D89593} = {3FB44A30-A004-0316-4D72-550C5B558AAD}
		{C13650D5-CF1A-4259-BE45-B1EBA6280E47} = {3FB44A30-A004-0316-4D72-550C5B558AAD}
		{FA39524D-3067-4141-888D-28A86C66F2B9} = {3FB44A30-A004-0316-4D72-550C5B558AAD}
		{D7A94F58-576A-45D9-A45F-EB87C63ABBB0} = {F8FCF6CD-4DE1-16F6-65CB-5E6194E8495C}
		{4E4070E1-EFD9-4EF1-8634-3960956F6F10} = {F8FCF6CD-4DE1-16F6-65CB-5E6194E8495C}
		{BC2C97B3-E3CB-FAD5-2749-4A55FC6E56D3} = {7FAA885C-04CF-4C6B-16F0-E9F0B44641AF}
		{D53BB45A-F2ED-1D4B-165E-C6F94C33657A} = {7FAA885C-04CF-4C6B-16F0-E9F0B44641AF}
		{6992BBDE-54D2-5D2E-7FA6-421F82849767} = {7FAA885C-04CF-4C6B-16F0-E9F0B44641AF}
		{03A8C1B8-E2FC-09B9-A351-5EA907BD1296} = {7FAA885C-04CF-4C6B-16F0-E9F0B44641AF}
		{C5E0F710-5650-CE47-18C7-365D2A863087} = {7FAA885C-04CF-4C6B-16F0-E9F0B44641AF}
		{B1941127-B9EE-D55B-0952-614A35541471} = {7FAA885C-04CF-4C6B-16F0-E9F0B44641AF}
		{9E2EFAAB-02B7-4A82-B664-1E98DF6D1953} = {2DE59335-96CE-10CA-CDE5-FEC35E3549BB}
		{14E7F2BB-B8FC-4DC1-B04D-31C06BDFA1D9} = {2DE59335-96CE-10CA-CDE5-FEC35E3549BB}
		{D3A97815-3309-44F8-B9BB-CBBE2393A454} = {2DE59335-96CE-10CA-CDE5-FEC35E3549BB}
		{326E9795-E760-410A-B69A-3F79DB3F5243} = {96A8EC63-88DB-B85C-EEBC-43667C60DEB3}
		{8BC9CEB8-8B4A-11D0-8D11-00A0C91BC942} = {96A8EC63-88DB-B85C-EEBC-43667C60DEB3}
		{E13045CD-7E1F-4A41-9B18-8D288B2E7B41} = {96A8EC63-88DB-B85C-EEBC-43667C60DEB3}
		{EF5E94AB-B646-4E5B-A058-52EF07B8351C} = {299D9456-929B-5224-943D-BFC2576C69EA}
		{BFE8E2A7-3B3B-43B0-A994-3058B852DB8B} = {EAC80D00-01D2-3F49-A377-20B7154947F3}
		{6EAD4A4B-2BBC-4974-8E45-BB5C16CC2AC9} = {89C816A7-DD31-D54C-C69C-5A80E0C49B77}
		{F8FCF6CD-4DE1-16F6-65CB-5E6194E8495C} = {89C816A7-DD31-D54C-C69C-5A80E0C49B77}
		{238CE175-76CE-4A25-A676-69D115885601} = {89C816A7-DD31-D54C-C69C-5A80E0C49B77}
		{7100F41F-868D-4E99-80A2-AF8E6574749D} = {89C816A7-DD31-D54C-C69C-5A80E0C49B77}
		{8423AF0D-4B88-4EBF-94E1-E4D00D00E21C} = {89C816A7-DD31-D54C-C69C-5A80E0C49B77}
		{2A70CBF0-847E-4E3A-B926-542A656DC7FE} = {89C816A7-DD31-D54C-C69C-5A80E0C49B77}
		{C564F145-9172-42C3-BFCB-6014CA97DBCD} = {89C816A7-DD31-D54C-C69C-5A80E0C49B77}
		{F9810DE8-CBC3-4605-A7B1-ECA2D5292FD7} = {89C816A7-DD31-D54C-C69C-5A80E0C49B77}
		{7C6CDB29-38D7-8364-748C-AEAAD8CCFB36} = {89C816A7-DD31-D54C-C69C-5A80E0C49B77}
		{FC0E1FD0-5DD7-4041-A1C9-CD3C376E4EED} = {89C816A7-DD31-D54C-C69C-5A80E0C49B77}
		{1DEB72EA-4793-B0D6-383E-DE389E057BAF} = {89C816A7-DD31-D54C-C69C-5A80E0C49B77}
		{2DE59335-96CE-10CA-CDE5-FEC35E3549BB} = {89C816A7-DD31-D54C-C69C-5A80E0C49B77}
		{7FAA885C-04CF-4C6B-16F0-E9F0B44641AF} = {E95778BD-E4AC-C3D0-84EF-83684E04593A}
		{E95778BD-E4AC-C3D0-84EF-83684E04593A} = {F3545621-A177-A1E7-26DB-108FF716F075}
		{5330F8EE-00F5-D65C-166E-E3150171055D} = {CD1E1B21-48E8-1ABE-48E1-89B2D4C456AB}
		{1DA00DDD-44E5-4C56-B2CC-414FB0164492} = {CD1E1B21-48E8-1ABE-48E1-89B2D4C456AB}
		{5916D37D-8C97-424F-A904-74E52594C2D6} = {CD1E1B21-48E8-1ABE-48E1-89B2D4C456AB}
		{5ECEC9E5-8F23-47B6-93E0-C3B328B3BE65} = {CD1E1B21-48E8-1ABE-48E1-89B2D4C456AB}
		{9BE5D4D5-E800-44F9-B6C0-27DF15A9D817} = {CD1E1B21-48E8-1ABE-48E1-89B2D4C456AB}
		{0B469837-3D46-484A-AFB3-C5A6C68730B9} = {CD1E1B21-48E8-1ABE-48E1-89B2D4C456AB}
		{C66B126D-0ECE-4CA2-B6DC-FA780AFBBF09} = {CD1E1B21-48E8-1ABE-48E1-89B2D4C456AB}
		{0B945915-31A7-4A07-A5B5-568D737A39B1} = {CD1E1B21-48E8-1ABE-48E1-89B2D4C456AB}
		{60B43839-95E6-4526-A661-209F16335E0E} = {CD1E1B21-48E8-1ABE-48E1-89B2D4C456AB}
		{5D7851C0-5603-F133-1A54-FF09D73A2C0E} = {E8172FD5-71EF-020B-71B0-9838CD43BF8E}
	EndGlobalSection
EndGlobal
