Microsoft Visual Studio Solution File, Format Version 9.00
# Visual Studio 2005
Project("{2150E333-8FDC-42A3-9474-1A3956D46DE8}") = "WebKit (readonly)", "WebKit (readonly)", "{1088577A-0C49-4DE0-85CD-B68AD0BE55AA}"
EndProject
Project("{8BC9CEB8-8B4A-11D0-8D11-00A0C91BC942}") = "webcore", "..\webkit\WebCore.vcproj", "{1C16337B-ACF3-4D03-AA90-851C5B5EADA6}"
	ProjectSection(ProjectDependencies) = postProject
		{2E2D3301-2EC4-4C0F-B889-87073B30F673} = {2E2D3301-2EC4-4C0F-B889-87073B30F673}
		{C564F145-9172-42C3-BFCB-6014CA97DBCD} = {C564F145-9172-42C3-BFCB-6014CA97DBCD}
		{6EAD4A4B-2BBC-4974-8E45-BB5C16CC2AC9} = {6EAD4A4B-2BBC-4974-8E45-BB5C16CC2AC9}
		{CD9CA56E-4E94-444C-87D4-58CA1E6F300D} = {CD9CA56E-4E94-444C-87D4-58CA1E6F300D}
		{238CE175-76CE-4A25-A676-69D115885601} = {238CE175-76CE-4A25-A676-69D115885601}
		{AA8A5A85-592B-4357-BC60-E0E91E026AF6} = {AA8A5A85-592B-4357-BC60-E0E91E026AF6}
		{21E22961-22BF-4493-BD3A-868F93DA5179} = {21E22961-22BF-4493-BD3A-868F93DA5179}
		{EF5E94AB-B646-4E5B-A058-52EF07B8351C} = {EF5E94AB-B646-4E5B-A058-52EF07B8351C}
		{FC0E1FD0-5DD7-4041-A1C9-CD3C376E4EED} = {FC0E1FD0-5DD7-4041-A1C9-CD3C376E4EED}
		{F9810DE8-CBC3-4605-A7B1-ECA2D5292FD7} = {F9810DE8-CBC3-4605-A7B1-ECA2D5292FD7}
	EndProjectSection
EndProject
Project("{8BC9CEB8-8B4A-11D0-8D11-00A0C91BC942}") = "glue", "..\webkit\glue.vcproj", "{C66B126D-0ECE-4CA2-B6DC-FA780AFBBF09}"
	ProjectSection(ProjectDependencies) = postProject
		{60B43839-95E6-4526-A661-209F16335E0E} = {60B43839-95E6-4526-A661-209F16335E0E}
		{0B469837-3D46-484A-AFB3-C5A6C68730B9} = {0B469837-3D46-484A-AFB3-C5A6C68730B9}
		{326E9795-E760-410A-B69A-3F79DB3F5243} = {326E9795-E760-410A-B69A-3F79DB3F5243}
		{5ECEC9E5-8F23-47B6-93E0-C3B328B3BE65} = {5ECEC9E5-8F23-47B6-93E0-C3B328B3BE65}
		{1C16337B-ACF3-4D03-AA90-851C5B5EADA6} = {1C16337B-ACF3-4D03-AA90-851C5B5EADA6}
		{2E2D3301-2EC4-4C0F-B889-87073B30F673} = {2E2D3301-2EC4-4C0F-B889-87073B30F673}
	EndProjectSection
EndProject
Project("{8BC9CEB8-8B4A-11D0-8D11-00A0C91BC942}") = "skia", "..\skia\skia.vcproj", "{CD9CA56E-4E94-444C-87D4-58CA1E6F300D}"
EndProject
Project("{8BC9CEB8-8B4A-11D0-8D11-00A0C91BC942}") = "wtf", "..\webkit\WTF.vcproj", "{AA8A5A85-592B-4357-BC60-E0E91E026AF6}"
	ProjectSection(ProjectDependencies) = postProject
		{2E2D3301-2EC4-4C0F-B889-87073B30F673} = {2E2D3301-2EC4-4C0F-B889-87073B30F673}
	EndProjectSection
EndProject
Project("{8BC9CEB8-8B4A-11D0-8D11-00A0C91BC942}") = "sqlite", "..\third_party\sqlite\sqlite.vcproj", "{6EAD4A4B-2BBC-4974-8E45-BB5C16CC2AC9}"
EndProject
Project("{2150E333-8FDC-42A3-9474-1A3956D46DE8}") = "Libraries", "Libraries", "{EF78C1F9-AA17-4CA5-B6CB-39B37A73A3DA}"
EndProject
Project("{2150E333-8FDC-42A3-9474-1A3956D46DE8}") = "WebKit (ours)", "WebKit (ours)", "{CB43561E-A6F8-49E2-96A2-3F2BA1FFF21E}"
EndProject
Project("{2150E333-8FDC-42A3-9474-1A3956D46DE8}") = "icu", "icu", "{1AFC1EC3-24FA-4260-B099-76319EC9977A}"
EndProject
Project("{8BC9CEB8-8B4A-11D0-8D11-00A0C91BC942}") = "libpng", "..\third_party\libpng\libpng.vcproj", "{C564F145-9172-42C3-BFCB-6014CA97DBCD}"
EndProject
Project("{8BC9CEB8-8B4A-11D0-8D11-00A0C91BC942}") = "zlib", "..\third_party\zlib\zlib.vcproj", "{8423AF0D-4B88-4EBF-94E1-E4D00D00E21C}"
EndProject
Project("{8BC9CEB8-8B4A-11D0-8D11-00A0C91BC942}") = "libjpeg", "..\third_party\libjpeg\libjpeg.vcproj", "{238CE175-76CE-4A25-A676-69D115885601}"
EndProject
Project("{2150E333-8FDC-42A3-9474-1A3956D46DE8}") = "Breakpad", "Breakpad", "{873D095E-150E-4262-8C41-2D8ED02F0F57}"
EndProject
Project("{8BC9CEB8-8B4A-11D0-8D11-00A0C91BC942}") = "breakpad_handler", "..\breakpad\breakpad_handler.vcproj", "{B55CA863-B374-4BAF-95AC-539E4FA4C90C}"
EndProject
Project("{8BC9CEB8-8B4A-11D0-8D11-00A0C91BC942}") = "libxml", "..\third_party\libxml\libxml.vcproj", "{F9810DE8-CBC3-4605-A7B1-ECA2D5292FD7}"
EndProject
Project("{8BC9CEB8-8B4A-11D0-8D11-00A0C91BC942}") = "libxslt", "..\third_party\libxslt\libxslt.vcproj", "{FC0E1FD0-5DD7-4041-A1C9-CD3C376E4EED}"
	ProjectSection(ProjectDependencies) = postProject
		{F9810DE8-CBC3-4605-A7B1-ECA2D5292FD7} = {F9810DE8-CBC3-4605-A7B1-ECA2D5292FD7}
	EndProjectSection
EndProject
Project("{8BC9CEB8-8B4A-11D0-8D11-00A0C91BC942}") = "bzip2", "..\third_party\bzip2\bzip2.vcproj", "{2A70CBF0-847E-4E3A-B926-542A656DC7FE}"
EndProject
Project("{8BC9CEB8-8B4A-11D0-8D11-00A0C91BC942}") = "libcef", "libcef\libcef.vcproj", "{FA39524D-3067-4141-888D-28A86C66F2B9}"
	ProjectSection(ProjectDependencies) = postProject
		{0B469837-3D46-484A-AFB3-C5A6C68730B9} = {0B469837-3D46-484A-AFB3-C5A6C68730B9}
		{EC8B7909-62AF-470D-A75D-E1D89C837142} = {EC8B7909-62AF-470D-A75D-E1D89C837142}
		{21E22961-22BF-4493-BD3A-868F93DA5179} = {21E22961-22BF-4493-BD3A-868F93DA5179}
		{1832A374-8A74-4F9E-B536-69A699B3E165} = {1832A374-8A74-4F9E-B536-69A699B3E165}
		{238CE175-76CE-4A25-A676-69D115885601} = {238CE175-76CE-4A25-A676-69D115885601}
		{1C16337B-ACF3-4D03-AA90-851C5B5EADA6} = {1C16337B-ACF3-4D03-AA90-851C5B5EADA6}
		{326E9795-E760-410A-B69A-3F79DB3F5243} = {326E9795-E760-410A-B69A-3F79DB3F5243}
		{8BC9CEB8-8B4A-11D0-8D11-00A0C91BC942} = {8BC9CEB8-8B4A-11D0-8D11-00A0C91BC942}
		{FC0E1FD0-5DD7-4041-A1C9-CD3C376E4EED} = {FC0E1FD0-5DD7-4041-A1C9-CD3C376E4EED}
		{F54ABC59-5C00-414A-A9BA-BAF26D1699F0} = {F54ABC59-5C00-414A-A9BA-BAF26D1699F0}
		{EF5E94AB-B646-4E5B-A058-52EF07B8351C} = {EF5E94AB-B646-4E5B-A058-52EF07B8351C}
		{CD9CA56E-4E94-444C-87D4-58CA1E6F300D} = {CD9CA56E-4E94-444C-87D4-58CA1E6F300D}
		{C66B126D-0ECE-4CA2-B6DC-FA780AFBBF09} = {C66B126D-0ECE-4CA2-B6DC-FA780AFBBF09}
		{C564F145-9172-42C3-BFCB-6014CA97DBCD} = {C564F145-9172-42C3-BFCB-6014CA97DBCD}
		{C0334F9A-1168-4101-9DD8-C30FB252D435} = {C0334F9A-1168-4101-9DD8-C30FB252D435}
		{B55CA863-B374-4BAF-95AC-539E4FA4C90C} = {B55CA863-B374-4BAF-95AC-539E4FA4C90C}
		{AA8A5A85-592B-4357-BC60-E0E91E026AF6} = {AA8A5A85-592B-4357-BC60-E0E91E026AF6}
		{A508ADD3-CECE-4E0F-8448-2F5E454DF551} = {A508ADD3-CECE-4E0F-8448-2F5E454DF551}
		{8423AF0D-4B88-4EBF-94E1-E4D00D00E21C} = {8423AF0D-4B88-4EBF-94E1-E4D00D00E21C}
		{7100F41F-868D-4E99-80A2-AF8E6574749D} = {7100F41F-868D-4E99-80A2-AF8E6574749D}
		{5916D37D-8C97-424F-A904-74E52594C2D6} = {5916D37D-8C97-424F-A904-74E52594C2D6}
		{2A70CBF0-847E-4E3A-B926-542A656DC7FE} = {2A70CBF0-847E-4E3A-B926-542A656DC7FE}
		{5ECEC9E5-8F23-47B6-93E0-C3B328B3BE65} = {5ECEC9E5-8F23-47B6-93E0-C3B328B3BE65}
		{60B43839-95E6-4526-A661-209F16335E0E} = {60B43839-95E6-4526-A661-209F16335E0E}
	EndProjectSection
EndProject
Project("{2150E333-8FDC-42A3-9474-1A3956D46DE8}") = "V8", "V8", "{B353A6A5-9551-4B76-908E-0F0A9B31E4CE}"
EndProject
Project("{8BC9CEB8-8B4A-11D0-8D11-00A0C91BC942}") = "googleurl", "..\build\temp_gyp\googleurl.vcproj", "{EF5E94AB-B646-4E5B-A058-52EF07B8351C}"
EndProject
Project("{8BC9CEB8-8B4A-11D0-8D11-00A0C91BC942}") = "modp_b64", "..\third_party\modp_b64\modp_b64.vcproj", "{7100F41F-868D-4E99-80A2-AF8E6574749D}"
EndProject
Project("{8BC9CEB8-8B4A-11D0-8D11-00A0C91BC942}") = "net", "..\net\net.vcproj", "{326E9795-E760-410A-B69A-3F79DB3F5243}"
	ProjectSection(ProjectDependencies) = postProject
		{E13045CD-7E1F-4A41-9B18-8D288B2E7B41} = {E13045CD-7E1F-4A41-9B18-8D288B2E7B41}
		{8BC9CEB8-8B4A-11D0-8D11-00A0C91BC942} = {8BC9CEB8-8B4A-11D0-8D11-00A0C91BC942}
	EndProjectSection
EndProject
Project("{8BC9CEB8-8B4A-11D0-8D11-00A0C91BC942}") = "base", "..\base\base.vcproj", "{1832A374-8A74-4F9E-B536-69A699B3E165}"
EndProject
Project("{8BC9CEB8-8B4A-11D0-8D11-00A0C91BC942}") = "base_gfx", "..\base\base_gfx.vcproj", "{A508ADD3-CECE-4E0F-8448-2F5E454DF551}"
EndProject
Project("{8BC9CEB8-8B4A-11D0-8D11-00A0C91BC942}") = "default_plugin", "..\webkit\default_plugin\default_plugin.vcproj", "{5916D37D-8C97-424F-A904-74E52594C2D6}"
	ProjectSection(ProjectDependencies) = postProject
		{60B43839-95E6-4526-A661-209F16335E0E} = {60B43839-95E6-4526-A661-209F16335E0E}
	EndProjectSection
EndProject
Project("{8BC9CEB8-8B4A-11D0-8D11-00A0C91BC942}") = "v8_snapshot", "..\v8\tools\visual_studio\v8_snapshot.vcproj", "{C0334F9A-1168-4101-9DD8-C30FB252D435}"
	ProjectSection(ProjectDependencies) = postProject
		{0DDBDA8B-A49F-4CC7-A1D5-5BB8297C8A3F} = {0DDBDA8B-A49F-4CC7-A1D5-5BB8297C8A3F}
		{865575D0-37E2-405E-8CBA-5F6C485B5A26} = {865575D0-37E2-405E-8CBA-5F6C485B5A26}
	EndProjectSection
EndProject
Project("{8BC9CEB8-8B4A-11D0-8D11-00A0C91BC942}") = "sdch", "..\sdch\sdch.vcproj", "{F54ABC59-5C00-414A-A9BA-BAF26D1699F0}"
EndProject
Project("{2150E333-8FDC-42A3-9474-1A3956D46DE8}") = "Cef", "Cef", "{08BAF606-555E-4048-A47E-22CFA89A21B4}"
EndProject
Project("{2150E333-8FDC-42A3-9474-1A3956D46DE8}") = "Tools", "Tools", "{A507014E-5F1D-4A60-963B-518FCED4B8AD}"
EndProject
Project("{8BC9CEB8-8B4A-11D0-8D11-00A0C91BC942}") = "tld_cleanup", "..\net\tld_cleanup.vcproj", "{E13045CD-7E1F-4A41-9B18-8D288B2E7B41}"
	ProjectSection(ProjectDependencies) = postProject
		{1832A374-8A74-4F9E-B536-69A699B3E165} = {1832A374-8A74-4F9E-B536-69A699B3E165}
		{EF5E94AB-B646-4E5B-A058-52EF07B8351C} = {EF5E94AB-B646-4E5B-A058-52EF07B8351C}
		{9E2EFAAB-02B7-4A82-B664-1E98DF6D1953} = {9E2EFAAB-02B7-4A82-B664-1E98DF6D1953}
		{14E7F2BB-B8FC-4DC1-B04D-31C06BDFA1D9} = {14E7F2BB-B8FC-4DC1-B04D-31C06BDFA1D9}
	EndProjectSection
EndProject
Project("{8BC9CEB8-8B4A-11D0-8D11-00A0C91BC942}") = "v8_mksnapshot", "..\v8\tools\visual_studio\v8_mksnapshot.vcproj", "{865575D0-37E2-405E-8CBA-5F6C485B5A26}"
	ProjectSection(ProjectDependencies) = postProject
		{21E22961-22BF-4493-BD3A-868F93DA5179} = {21E22961-22BF-4493-BD3A-868F93DA5179}
	EndProjectSection
EndProject
Project("{8BC9CEB8-8B4A-11D0-8D11-00A0C91BC942}") = "v8", "..\v8\tools\visual_studio\v8.vcproj", "{21E22961-22BF-4493-BD3A-868F93DA5179}"
	ProjectSection(ProjectDependencies) = postProject
		{EC8B7909-62AF-470D-A75D-E1D89C837142} = {EC8B7909-62AF-470D-A75D-E1D89C837142}
	EndProjectSection
EndProject
Project("{8BC9CEB8-8B4A-11D0-8D11-00A0C91BC942}") = "v8_base", "..\v8\tools\visual_studio\v8_base.vcproj", "{EC8B7909-62AF-470D-A75D-E1D89C837142}"
EndProject
Project("{8BC9CEB8-8B4A-11D0-8D11-00A0C91BC942}") = "webkit_strings", "..\webkit\webkit_strings.vcproj", "{60B43839-95E6-4526-A661-209F16335E0E}"
EndProject
Project("{8BC9CEB8-8B4A-11D0-8D11-00A0C91BC942}") = "cefclient", "tests\cefclient\cefclient.vcproj", "{6617FED9-C5D4-4907-BF55-A90062A6683F}"
	ProjectSection(ProjectDependencies) = postProject
		{C13650D5-CF1A-4259-BE45-B1EBA6280E47} = {C13650D5-CF1A-4259-BE45-B1EBA6280E47}
		{A9D6DC71-C0DC-4549-AEA0-3B15B44E86A9} = {A9D6DC71-C0DC-4549-AEA0-3B15B44E86A9}
	EndProjectSection
EndProject
Project("{8BC9CEB8-8B4A-11D0-8D11-00A0C91BC942}") = "net_resources", "..\net\net_resources.vcproj", "{8BC9CEB8-8B4A-11D0-8D11-00A0C91BC942}"
EndProject
Project("{8BC9CEB8-8B4A-11D0-8D11-00A0C91BC942}") = "webkit_resources", "..\webkit\webkit_resources.vcproj", "{0B469837-3D46-484A-AFB3-C5A6C68730B9}"
EndProject
Project("{8BC9CEB8-8B4A-11D0-8D11-00A0C91BC942}") = "v8_snapshot_cc", "..\v8\tools\visual_studio\v8_snapshot_cc.vcproj", "{0DDBDA8B-A49F-4CC7-A1D5-5BB8297C8A3F}"
	ProjectSection(ProjectDependencies) = postProject
		{865575D0-37E2-405E-8CBA-5F6C485B5A26} = {865575D0-37E2-405E-8CBA-5F6C485B5A26}
	EndProjectSection
EndProject
Project("{8BC9CEB8-8B4A-11D0-8D11-00A0C91BC942}") = "libcef_dll", "libcef_dll\libcef_dll.vcproj", "{C13650D5-CF1A-4259-BE45-B1EBA6280E47}"
	ProjectSection(ProjectDependencies) = postProject
		{5ECEC9E5-8F23-47B6-93E0-C3B328B3BE65} = {5ECEC9E5-8F23-47B6-93E0-C3B328B3BE65}
		{2A70CBF0-847E-4E3A-B926-542A656DC7FE} = {2A70CBF0-847E-4E3A-B926-542A656DC7FE}
		{A508ADD3-CECE-4E0F-8448-2F5E454DF551} = {A508ADD3-CECE-4E0F-8448-2F5E454DF551}
		{FC0E1FD0-5DD7-4041-A1C9-CD3C376E4EED} = {FC0E1FD0-5DD7-4041-A1C9-CD3C376E4EED}
		{8BC9CEB8-8B4A-11D0-8D11-00A0C91BC942} = {8BC9CEB8-8B4A-11D0-8D11-00A0C91BC942}
		{EF5E94AB-B646-4E5B-A058-52EF07B8351C} = {EF5E94AB-B646-4E5B-A058-52EF07B8351C}
		{C0334F9A-1168-4101-9DD8-C30FB252D435} = {C0334F9A-1168-4101-9DD8-C30FB252D435}
		{326E9795-E760-410A-B69A-3F79DB3F5243} = {326E9795-E760-410A-B69A-3F79DB3F5243}
		{AA8A5A85-592B-4357-BC60-E0E91E026AF6} = {AA8A5A85-592B-4357-BC60-E0E91E026AF6}
		{5916D37D-8C97-424F-A904-74E52594C2D6} = {5916D37D-8C97-424F-A904-74E52594C2D6}
		{1C16337B-ACF3-4D03-AA90-851C5B5EADA6} = {1C16337B-ACF3-4D03-AA90-851C5B5EADA6}
		{238CE175-76CE-4A25-A676-69D115885601} = {238CE175-76CE-4A25-A676-69D115885601}
		{1832A374-8A74-4F9E-B536-69A699B3E165} = {1832A374-8A74-4F9E-B536-69A699B3E165}
		{CD9CA56E-4E94-444C-87D4-58CA1E6F300D} = {CD9CA56E-4E94-444C-87D4-58CA1E6F300D}
		{C66B126D-0ECE-4CA2-B6DC-FA780AFBBF09} = {C66B126D-0ECE-4CA2-B6DC-FA780AFBBF09}
		{B55CA863-B374-4BAF-95AC-539E4FA4C90C} = {B55CA863-B374-4BAF-95AC-539E4FA4C90C}
		{21E22961-22BF-4493-BD3A-868F93DA5179} = {21E22961-22BF-4493-BD3A-868F93DA5179}
		{F54ABC59-5C00-414A-A9BA-BAF26D1699F0} = {F54ABC59-5C00-414A-A9BA-BAF26D1699F0}
		{FA39524D-3067-4141-888D-28A86C66F2B9} = {FA39524D-3067-4141-888D-28A86C66F2B9}
		{C564F145-9172-42C3-BFCB-6014CA97DBCD} = {C564F145-9172-42C3-BFCB-6014CA97DBCD}
		{60B43839-95E6-4526-A661-209F16335E0E} = {60B43839-95E6-4526-A661-209F16335E0E}
		{0B469837-3D46-484A-AFB3-C5A6C68730B9} = {0B469837-3D46-484A-AFB3-C5A6C68730B9}
		{7100F41F-868D-4E99-80A2-AF8E6574749D} = {7100F41F-868D-4E99-80A2-AF8E6574749D}
		{8423AF0D-4B88-4EBF-94E1-E4D00D00E21C} = {8423AF0D-4B88-4EBF-94E1-E4D00D00E21C}
		{D7A94F58-576A-45D9-A45F-EB87C63ABBB0} = {D7A94F58-576A-45D9-A45F-EB87C63ABBB0}
		{EC8B7909-62AF-470D-A75D-E1D89C837142} = {EC8B7909-62AF-470D-A75D-E1D89C837142}
		{0B945915-31A7-4A07-A5B5-568D737A39B1} = {0B945915-31A7-4A07-A5B5-568D737A39B1}
		{6AE76406-B03B-11DD-94B1-80B556D89593} = {6AE76406-B03B-11DD-94B1-80B556D89593}
		{14E7F2BB-B8FC-4DC1-B04D-31C06BDFA1D9} = {14E7F2BB-B8FC-4DC1-B04D-31C06BDFA1D9}
		{9E5416B9-B91B-4029-93F4-102C1AD5CAF4} = {9E5416B9-B91B-4029-93F4-102C1AD5CAF4}
		{9E2EFAAB-02B7-4A82-B664-1E98DF6D1953} = {9E2EFAAB-02B7-4A82-B664-1E98DF6D1953}
		{49909552-0B0C-4C14-8CF6-DB8A2ADE0934} = {49909552-0B0C-4C14-8CF6-DB8A2ADE0934}
	EndProjectSection
EndProject
Project("{8BC9CEB8-8B4A-11D0-8D11-00A0C91BC942}") = "libcef_dll_wrapper", "libcef_dll\wrapper\libcef_dll_wrapper.vcproj", "{A9D6DC71-C0DC-4549-AEA0-3B15B44E86A9}"
	ProjectSection(ProjectDependencies) = postProject
		{C13650D5-CF1A-4259-BE45-B1EBA6280E47} = {C13650D5-CF1A-4259-BE45-B1EBA6280E47}
	EndProjectSection
EndProject
Project("{8BC9CEB8-8B4A-11D0-8D11-00A0C91BC942}") = "webkit", "..\webkit\WebKit.vcproj", "{5ECEC9E5-8F23-47B6-93E0-C3B328B3BE65}"
	ProjectSection(ProjectDependencies) = postProject
		{1C16337B-ACF3-4D03-AA90-851C5B5EADA6} = {1C16337B-ACF3-4D03-AA90-851C5B5EADA6}
		{2E2D3301-2EC4-4C0F-B889-87073B30F673} = {2E2D3301-2EC4-4C0F-B889-87073B30F673}
	EndProjectSection
EndProject
Project("{8BC9CEB8-8B4A-11D0-8D11-00A0C91BC942}") = "config", "..\webkit\config.vcproj", "{2E2D3301-2EC4-4C0F-B889-87073B30F673}"
	ProjectSection(ProjectDependencies) = postProject
		{A6D0953E-899E-4C60-AB6B-CAE75A44B8E6} = {A6D0953E-899E-4C60-AB6B-CAE75A44B8E6}
	EndProjectSection
EndProject
Project("{8BC9CEB8-8B4A-11D0-8D11-00A0C91BC942}") = "pcre", "..\webkit\pcre.vcproj", "{49909552-0B0C-4C14-8CF6-DB8A2ADE0934}"
EndProject
Project("{8BC9CEB8-8B4A-11D0-8D11-00A0C91BC942}") = "printing", "..\printing\printing.vcproj", "{9E5416B9-B91B-4029-93F4-102C1AD5CAF4}"
EndProject
Project("{8BC9CEB8-8B4A-11D0-8D11-00A0C91BC942}") = "media", "..\media\media.vcproj", "{6AE76406-B03B-11DD-94B1-80B556D89593}"
EndProject
Project("{8BC9CEB8-8B4A-11D0-8D11-00A0C91BC942}") = "cygwin", "..\build\win\cygwin.vcproj", "{D28CF9C7-B857-C11E-B94D-ECA46CDEB3CE}"
EndProject
Project("{2150E333-8FDC-42A3-9474-1A3956D46DE8}") = "ffmpeg", "ffmpeg", "{963C8C1D-059E-49C6-881E-5BE6919113FC}"
EndProject
Project("{8BC9CEB8-8B4A-11D0-8D11-00A0C91BC942}") = "ffmpeg", "..\third_party\ffmpeg\ffmpeg.vcproj", "{D7A94F58-576A-45D9-A45F-EB87C63ABBB0}"
	ProjectSection(ProjectDependencies) = postProject
		{4E4070E1-EFD9-4EF1-8634-3960956F6F10} = {4E4070E1-EFD9-4EF1-8634-3960956F6F10}
	EndProjectSection
EndProject
Project("{8BC9CEB8-8B4A-11D0-8D11-00A0C91BC942}") = "ffmpeg_binaries", "..\third_party\ffmpeg\ffmpeg_binaries.vcproj", "{4E4070E1-EFD9-4EF1-8634-3960956F6F10}"
	ProjectSection(ProjectDependencies) = postProject
		{D28CF9C7-B857-C11E-B94D-ECA46CDEB3CE} = {D28CF9C7-B857-C11E-B94D-ECA46CDEB3CE}
	EndProjectSection
EndProject
Project("{8BC9CEB8-8B4A-11D0-8D11-00A0C91BC942}") = "patch", "patch\patch.vcproj", "{A6D0953E-899E-4C60-AB6B-CAE75A44B8E6}"
EndProject
Project("{8BC9CEB8-8B4A-11D0-8D11-00A0C91BC942}") = "appcache", "..\webkit\appcache.vcproj", "{0B945915-31A7-4A07-A5B5-568D737A39B1}"
EndProject
Project("{8BC9CEB8-8B4A-11D0-8D11-00A0C91BC942}") = "icudata", "..\third_party\icu\icudata.vcproj", "{D3A97815-3309-44F8-B9BB-CBBE2393A454}"
EndProject
Project("{8BC9CEB8-8B4A-11D0-8D11-00A0C91BC942}") = "icui18n", "..\third_party\icu\icui18n.vcproj", "{14E7F2BB-B8FC-4DC1-B04D-31C06BDFA1D9}"
EndProject
Project("{8BC9CEB8-8B4A-11D0-8D11-00A0C91BC942}") = "icuuc", "..\third_party\icu\icuuc.vcproj", "{9E2EFAAB-02B7-4A82-B664-1E98DF6D1953}"
	ProjectSection(ProjectDependencies) = postProject
		{D3A97815-3309-44F8-B9BB-CBBE2393A454} = {D3A97815-3309-44F8-B9BB-CBBE2393A454}
	EndProjectSection
EndProject
Global
	GlobalSection(SolutionConfigurationPlatforms) = preSolution
		Debug|Mixed Platforms = Debug|Mixed Platforms
		Debug|Win32 = Debug|Win32
		Purify|Mixed Platforms = Purify|Mixed Platforms
		Purify|Win32 = Purify|Win32
		Release - no tcmalloc|Mixed Platforms = Release - no tcmalloc|Mixed Platforms
		Release - no tcmalloc|Win32 = Release - no tcmalloc|Win32
		Release|Mixed Platforms = Release|Mixed Platforms
		Release|Win32 = Release|Win32
	EndGlobalSection
	GlobalSection(ProjectConfigurationPlatforms) = postSolution
		{1C16337B-ACF3-4D03-AA90-851C5B5EADA6}.Debug|Mixed Platforms.ActiveCfg = Debug|Win32
		{1C16337B-ACF3-4D03-AA90-851C5B5EADA6}.Debug|Mixed Platforms.Build.0 = Debug|Win32
		{1C16337B-ACF3-4D03-AA90-851C5B5EADA6}.Debug|Win32.ActiveCfg = Debug|Win32
		{1C16337B-ACF3-4D03-AA90-851C5B5EADA6}.Debug|Win32.Build.0 = Debug|Win32
		{1C16337B-ACF3-4D03-AA90-851C5B5EADA6}.Purify|Mixed Platforms.ActiveCfg = Purify|Win32
		{1C16337B-ACF3-4D03-AA90-851C5B5EADA6}.Purify|Mixed Platforms.Build.0 = Purify|Win32
		{1C16337B-ACF3-4D03-AA90-851C5B5EADA6}.Purify|Win32.ActiveCfg = Purify|Win32
		{1C16337B-ACF3-4D03-AA90-851C5B5EADA6}.Purify|Win32.Build.0 = Purify|Win32
		{1C16337B-ACF3-4D03-AA90-851C5B5EADA6}.Release - no tcmalloc|Mixed Platforms.ActiveCfg = Release - no tcmalloc|Win32
		{1C16337B-ACF3-4D03-AA90-851C5B5EADA6}.Release - no tcmalloc|Mixed Platforms.Build.0 = Release - no tcmalloc|Win32
		{1C16337B-ACF3-4D03-AA90-851C5B5EADA6}.Release - no tcmalloc|Win32.ActiveCfg = Release - no tcmalloc|Win32
		{1C16337B-ACF3-4D03-AA90-851C5B5EADA6}.Release - no tcmalloc|Win32.Build.0 = Release - no tcmalloc|Win32
		{1C16337B-ACF3-4D03-AA90-851C5B5EADA6}.Release|Mixed Platforms.ActiveCfg = Release|Win32
		{1C16337B-ACF3-4D03-AA90-851C5B5EADA6}.Release|Mixed Platforms.Build.0 = Release|Win32
		{1C16337B-ACF3-4D03-AA90-851C5B5EADA6}.Release|Win32.ActiveCfg = Release|Win32
		{1C16337B-ACF3-4D03-AA90-851C5B5EADA6}.Release|Win32.Build.0 = Release|Win32
		{C66B126D-0ECE-4CA2-B6DC-FA780AFBBF09}.Debug|Mixed Platforms.ActiveCfg = Debug|Win32
		{C66B126D-0ECE-4CA2-B6DC-FA780AFBBF09}.Debug|Mixed Platforms.Build.0 = Debug|Win32
		{C66B126D-0ECE-4CA2-B6DC-FA780AFBBF09}.Debug|Win32.ActiveCfg = Debug|Win32
		{C66B126D-0ECE-4CA2-B6DC-FA780AFBBF09}.Debug|Win32.Build.0 = Debug|Win32
		{C66B126D-0ECE-4CA2-B6DC-FA780AFBBF09}.Purify|Mixed Platforms.ActiveCfg = Purify|Win32
		{C66B126D-0ECE-4CA2-B6DC-FA780AFBBF09}.Purify|Mixed Platforms.Build.0 = Purify|Win32
		{C66B126D-0ECE-4CA2-B6DC-FA780AFBBF09}.Purify|Win32.ActiveCfg = Purify|Win32
		{C66B126D-0ECE-4CA2-B6DC-FA780AFBBF09}.Purify|Win32.Build.0 = Purify|Win32
		{C66B126D-0ECE-4CA2-B6DC-FA780AFBBF09}.Release - no tcmalloc|Mixed Platforms.ActiveCfg = Release - no tcmalloc|Win32
		{C66B126D-0ECE-4CA2-B6DC-FA780AFBBF09}.Release - no tcmalloc|Mixed Platforms.Build.0 = Release - no tcmalloc|Win32
		{C66B126D-0ECE-4CA2-B6DC-FA780AFBBF09}.Release - no tcmalloc|Win32.ActiveCfg = Release - no tcmalloc|Win32
		{C66B126D-0ECE-4CA2-B6DC-FA780AFBBF09}.Release - no tcmalloc|Win32.Build.0 = Release - no tcmalloc|Win32
		{C66B126D-0ECE-4CA2-B6DC-FA780AFBBF09}.Release|Mixed Platforms.ActiveCfg = Release|Win32
		{C66B126D-0ECE-4CA2-B6DC-FA780AFBBF09}.Release|Mixed Platforms.Build.0 = Release|Win32
		{C66B126D-0ECE-4CA2-B6DC-FA780AFBBF09}.Release|Win32.ActiveCfg = Release|Win32
		{C66B126D-0ECE-4CA2-B6DC-FA780AFBBF09}.Release|Win32.Build.0 = Release|Win32
		{CD9CA56E-4E94-444C-87D4-58CA1E6F300D}.Debug|Mixed Platforms.ActiveCfg = Debug|Win32
		{CD9CA56E-4E94-444C-87D4-58CA1E6F300D}.Debug|Mixed Platforms.Build.0 = Debug|Win32
		{CD9CA56E-4E94-444C-87D4-58CA1E6F300D}.Debug|Win32.ActiveCfg = Debug|Win32
		{CD9CA56E-4E94-444C-87D4-58CA1E6F300D}.Debug|Win32.Build.0 = Debug|Win32
		{CD9CA56E-4E94-444C-87D4-58CA1E6F300D}.Purify|Mixed Platforms.ActiveCfg = Purify|Win32
		{CD9CA56E-4E94-444C-87D4-58CA1E6F300D}.Purify|Mixed Platforms.Build.0 = Purify|Win32
		{CD9CA56E-4E94-444C-87D4-58CA1E6F300D}.Purify|Win32.ActiveCfg = Purify|Win32
		{CD9CA56E-4E94-444C-87D4-58CA1E6F300D}.Purify|Win32.Build.0 = Purify|Win32
		{CD9CA56E-4E94-444C-87D4-58CA1E6F300D}.Release - no tcmalloc|Mixed Platforms.ActiveCfg = Release - no tcmalloc|Win32
		{CD9CA56E-4E94-444C-87D4-58CA1E6F300D}.Release - no tcmalloc|Mixed Platforms.Build.0 = Release - no tcmalloc|Win32
		{CD9CA56E-4E94-444C-87D4-58CA1E6F300D}.Release - no tcmalloc|Win32.ActiveCfg = Release - no tcmalloc|Win32
		{CD9CA56E-4E94-444C-87D4-58CA1E6F300D}.Release - no tcmalloc|Win32.Build.0 = Release - no tcmalloc|Win32
		{CD9CA56E-4E94-444C-87D4-58CA1E6F300D}.Release|Mixed Platforms.ActiveCfg = Release|Win32
		{CD9CA56E-4E94-444C-87D4-58CA1E6F300D}.Release|Mixed Platforms.Build.0 = Release|Win32
		{CD9CA56E-4E94-444C-87D4-58CA1E6F300D}.Release|Win32.ActiveCfg = Release|Win32
		{CD9CA56E-4E94-444C-87D4-58CA1E6F300D}.Release|Win32.Build.0 = Release|Win32
		{AA8A5A85-592B-4357-BC60-E0E91E026AF6}.Debug|Mixed Platforms.ActiveCfg = Debug|Win32
		{AA8A5A85-592B-4357-BC60-E0E91E026AF6}.Debug|Mixed Platforms.Build.0 = Debug|Win32
		{AA8A5A85-592B-4357-BC60-E0E91E026AF6}.Debug|Win32.ActiveCfg = Debug|Win32
		{AA8A5A85-592B-4357-BC60-E0E91E026AF6}.Debug|Win32.Build.0 = Debug|Win32
		{AA8A5A85-592B-4357-BC60-E0E91E026AF6}.Purify|Mixed Platforms.ActiveCfg = Purify|Win32
		{AA8A5A85-592B-4357-BC60-E0E91E026AF6}.Purify|Mixed Platforms.Build.0 = Purify|Win32
		{AA8A5A85-592B-4357-BC60-E0E91E026AF6}.Purify|Win32.ActiveCfg = Purify|Win32
		{AA8A5A85-592B-4357-BC60-E0E91E026AF6}.Purify|Win32.Build.0 = Purify|Win32
		{AA8A5A85-592B-4357-BC60-E0E91E026AF6}.Release - no tcmalloc|Mixed Platforms.ActiveCfg = Release - no tcmalloc|Win32
		{AA8A5A85-592B-4357-BC60-E0E91E026AF6}.Release - no tcmalloc|Mixed Platforms.Build.0 = Release - no tcmalloc|Win32
		{AA8A5A85-592B-4357-BC60-E0E91E026AF6}.Release - no tcmalloc|Win32.ActiveCfg = Release - no tcmalloc|Win32
		{AA8A5A85-592B-4357-BC60-E0E91E026AF6}.Release - no tcmalloc|Win32.Build.0 = Release - no tcmalloc|Win32
		{AA8A5A85-592B-4357-BC60-E0E91E026AF6}.Release|Mixed Platforms.ActiveCfg = Release|Win32
		{AA8A5A85-592B-4357-BC60-E0E91E026AF6}.Release|Mixed Platforms.Build.0 = Release|Win32
		{AA8A5A85-592B-4357-BC60-E0E91E026AF6}.Release|Win32.ActiveCfg = Release|Win32
		{AA8A5A85-592B-4357-BC60-E0E91E026AF6}.Release|Win32.Build.0 = Release|Win32
		{6EAD4A4B-2BBC-4974-8E45-BB5C16CC2AC9}.Debug|Mixed Platforms.ActiveCfg = Debug|Win32
		{6EAD4A4B-2BBC-4974-8E45-BB5C16CC2AC9}.Debug|Mixed Platforms.Build.0 = Debug|Win32
		{6EAD4A4B-2BBC-4974-8E45-BB5C16CC2AC9}.Debug|Win32.ActiveCfg = Debug|Win32
		{6EAD4A4B-2BBC-4974-8E45-BB5C16CC2AC9}.Debug|Win32.Build.0 = Debug|Win32
		{6EAD4A4B-2BBC-4974-8E45-BB5C16CC2AC9}.Purify|Mixed Platforms.ActiveCfg = Purify|Win32
		{6EAD4A4B-2BBC-4974-8E45-BB5C16CC2AC9}.Purify|Mixed Platforms.Build.0 = Purify|Win32
		{6EAD4A4B-2BBC-4974-8E45-BB5C16CC2AC9}.Purify|Win32.ActiveCfg = Purify|Win32
		{6EAD4A4B-2BBC-4974-8E45-BB5C16CC2AC9}.Purify|Win32.Build.0 = Purify|Win32
		{6EAD4A4B-2BBC-4974-8E45-BB5C16CC2AC9}.Release - no tcmalloc|Mixed Platforms.ActiveCfg = Release - no tcmalloc|Win32
		{6EAD4A4B-2BBC-4974-8E45-BB5C16CC2AC9}.Release - no tcmalloc|Mixed Platforms.Build.0 = Release - no tcmalloc|Win32
		{6EAD4A4B-2BBC-4974-8E45-BB5C16CC2AC9}.Release - no tcmalloc|Win32.ActiveCfg = Release - no tcmalloc|Win32
		{6EAD4A4B-2BBC-4974-8E45-BB5C16CC2AC9}.Release - no tcmalloc|Win32.Build.0 = Release - no tcmalloc|Win32
		{6EAD4A4B-2BBC-4974-8E45-BB5C16CC2AC9}.Release|Mixed Platforms.ActiveCfg = Release|Win32
		{6EAD4A4B-2BBC-4974-8E45-BB5C16CC2AC9}.Release|Mixed Platforms.Build.0 = Release|Win32
		{6EAD4A4B-2BBC-4974-8E45-BB5C16CC2AC9}.Release|Win32.ActiveCfg = Release|Win32
		{6EAD4A4B-2BBC-4974-8E45-BB5C16CC2AC9}.Release|Win32.Build.0 = Release|Win32
		{C564F145-9172-42C3-BFCB-6014CA97DBCD}.Debug|Mixed Platforms.ActiveCfg = Debug|Win32
		{C564F145-9172-42C3-BFCB-6014CA97DBCD}.Debug|Mixed Platforms.Build.0 = Debug|Win32
		{C564F145-9172-42C3-BFCB-6014CA97DBCD}.Debug|Win32.ActiveCfg = Debug|Win32
		{C564F145-9172-42C3-BFCB-6014CA97DBCD}.Debug|Win32.Build.0 = Debug|Win32
		{C564F145-9172-42C3-BFCB-6014CA97DBCD}.Purify|Mixed Platforms.ActiveCfg = Purify|Win32
		{C564F145-9172-42C3-BFCB-6014CA97DBCD}.Purify|Mixed Platforms.Build.0 = Purify|Win32
		{C564F145-9172-42C3-BFCB-6014CA97DBCD}.Purify|Win32.ActiveCfg = Purify|Win32
		{C564F145-9172-42C3-BFCB-6014CA97DBCD}.Purify|Win32.Build.0 = Purify|Win32
		{C564F145-9172-42C3-BFCB-6014CA97DBCD}.Release - no tcmalloc|Mixed Platforms.ActiveCfg = Release - no tcmalloc|Win32
		{C564F145-9172-42C3-BFCB-6014CA97DBCD}.Release - no tcmalloc|Mixed Platforms.Build.0 = Release - no tcmalloc|Win32
		{C564F145-9172-42C3-BFCB-6014CA97DBCD}.Release - no tcmalloc|Win32.ActiveCfg = Release - no tcmalloc|Win32
		{C564F145-9172-42C3-BFCB-6014CA97DBCD}.Release - no tcmalloc|Win32.Build.0 = Release - no tcmalloc|Win32
		{C564F145-9172-42C3-BFCB-6014CA97DBCD}.Release|Mixed Platforms.ActiveCfg = Release|Win32
		{C564F145-9172-42C3-BFCB-6014CA97DBCD}.Release|Mixed Platforms.Build.0 = Release|Win32
		{C564F145-9172-42C3-BFCB-6014CA97DBCD}.Release|Win32.ActiveCfg = Release|Win32
		{C564F145-9172-42C3-BFCB-6014CA97DBCD}.Release|Win32.Build.0 = Release|Win32
		{8423AF0D-4B88-4EBF-94E1-E4D00D00E21C}.Debug|Mixed Platforms.ActiveCfg = Debug|Win32
		{8423AF0D-4B88-4EBF-94E1-E4D00D00E21C}.Debug|Mixed Platforms.Build.0 = Debug|Win32
		{8423AF0D-4B88-4EBF-94E1-E4D00D00E21C}.Debug|Win32.ActiveCfg = Debug|Win32
		{8423AF0D-4B88-4EBF-94E1-E4D00D00E21C}.Debug|Win32.Build.0 = Debug|Win32
		{8423AF0D-4B88-4EBF-94E1-E4D00D00E21C}.Purify|Mixed Platforms.ActiveCfg = Purify|Win32
		{8423AF0D-4B88-4EBF-94E1-E4D00D00E21C}.Purify|Mixed Platforms.Build.0 = Purify|Win32
		{8423AF0D-4B88-4EBF-94E1-E4D00D00E21C}.Purify|Win32.ActiveCfg = Purify|Win32
		{8423AF0D-4B88-4EBF-94E1-E4D00D00E21C}.Purify|Win32.Build.0 = Purify|Win32
		{8423AF0D-4B88-4EBF-94E1-E4D00D00E21C}.Release - no tcmalloc|Mixed Platforms.ActiveCfg = Release - no tcmalloc|Win32
		{8423AF0D-4B88-4EBF-94E1-E4D00D00E21C}.Release - no tcmalloc|Mixed Platforms.Build.0 = Release - no tcmalloc|Win32
		{8423AF0D-4B88-4EBF-94E1-E4D00D00E21C}.Release - no tcmalloc|Win32.ActiveCfg = Release - no tcmalloc|Win32
		{8423AF0D-4B88-4EBF-94E1-E4D00D00E21C}.Release - no tcmalloc|Win32.Build.0 = Release - no tcmalloc|Win32
		{8423AF0D-4B88-4EBF-94E1-E4D00D00E21C}.Release|Mixed Platforms.ActiveCfg = Release|Win32
		{8423AF0D-4B88-4EBF-94E1-E4D00D00E21C}.Release|Mixed Platforms.Build.0 = Release|Win32
		{8423AF0D-4B88-4EBF-94E1-E4D00D00E21C}.Release|Win32.ActiveCfg = Release|Win32
		{8423AF0D-4B88-4EBF-94E1-E4D00D00E21C}.Release|Win32.Build.0 = Release|Win32
		{238CE175-76CE-4A25-A676-69D115885601}.Debug|Mixed Platforms.ActiveCfg = Debug|Win32
		{238CE175-76CE-4A25-A676-69D115885601}.Debug|Mixed Platforms.Build.0 = Debug|Win32
		{238CE175-76CE-4A25-A676-69D115885601}.Debug|Win32.ActiveCfg = Debug|Win32
		{238CE175-76CE-4A25-A676-69D115885601}.Debug|Win32.Build.0 = Debug|Win32
		{238CE175-76CE-4A25-A676-69D115885601}.Purify|Mixed Platforms.ActiveCfg = Purify|Win32
		{238CE175-76CE-4A25-A676-69D115885601}.Purify|Mixed Platforms.Build.0 = Purify|Win32
		{238CE175-76CE-4A25-A676-69D115885601}.Purify|Win32.ActiveCfg = Purify|Win32
		{238CE175-76CE-4A25-A676-69D115885601}.Purify|Win32.Build.0 = Purify|Win32
		{238CE175-76CE-4A25-A676-69D115885601}.Release - no tcmalloc|Mixed Platforms.ActiveCfg = Release - no tcmalloc|Win32
		{238CE175-76CE-4A25-A676-69D115885601}.Release - no tcmalloc|Mixed Platforms.Build.0 = Release - no tcmalloc|Win32
		{238CE175-76CE-4A25-A676-69D115885601}.Release - no tcmalloc|Win32.ActiveCfg = Release - no tcmalloc|Win32
		{238CE175-76CE-4A25-A676-69D115885601}.Release - no tcmalloc|Win32.Build.0 = Release - no tcmalloc|Win32
		{238CE175-76CE-4A25-A676-69D115885601}.Release|Mixed Platforms.ActiveCfg = Release|Win32
		{238CE175-76CE-4A25-A676-69D115885601}.Release|Mixed Platforms.Build.0 = Release|Win32
		{238CE175-76CE-4A25-A676-69D115885601}.Release|Win32.ActiveCfg = Release|Win32
		{238CE175-76CE-4A25-A676-69D115885601}.Release|Win32.Build.0 = Release|Win32
		{B55CA863-B374-4BAF-95AC-539E4FA4C90C}.Debug|Mixed Platforms.ActiveCfg = Debug|Win32
		{B55CA863-B374-4BAF-95AC-539E4FA4C90C}.Debug|Mixed Platforms.Build.0 = Debug|Win32
		{B55CA863-B374-4BAF-95AC-539E4FA4C90C}.Debug|Win32.ActiveCfg = Debug|Win32
		{B55CA863-B374-4BAF-95AC-539E4FA4C90C}.Debug|Win32.Build.0 = Debug|Win32
		{B55CA863-B374-4BAF-95AC-539E4FA4C90C}.Purify|Mixed Platforms.ActiveCfg = Purify|Win32
		{B55CA863-B374-4BAF-95AC-539E4FA4C90C}.Purify|Mixed Platforms.Build.0 = Purify|Win32
		{B55CA863-B374-4BAF-95AC-539E4FA4C90C}.Purify|Win32.ActiveCfg = Purify|Win32
		{B55CA863-B374-4BAF-95AC-539E4FA4C90C}.Purify|Win32.Build.0 = Purify|Win32
		{B55CA863-B374-4BAF-95AC-539E4FA4C90C}.Release - no tcmalloc|Mixed Platforms.ActiveCfg = Release - no tcmalloc|Win32
		{B55CA863-B374-4BAF-95AC-539E4FA4C90C}.Release - no tcmalloc|Mixed Platforms.Build.0 = Release - no tcmalloc|Win32
		{B55CA863-B374-4BAF-95AC-539E4FA4C90C}.Release - no tcmalloc|Win32.ActiveCfg = Release - no tcmalloc|Win32
		{B55CA863-B374-4BAF-95AC-539E4FA4C90C}.Release - no tcmalloc|Win32.Build.0 = Release - no tcmalloc|Win32
		{B55CA863-B374-4BAF-95AC-539E4FA4C90C}.Release|Mixed Platforms.ActiveCfg = Release|Win32
		{B55CA863-B374-4BAF-95AC-539E4FA4C90C}.Release|Mixed Platforms.Build.0 = Release|Win32
		{B55CA863-B374-4BAF-95AC-539E4FA4C90C}.Release|Win32.ActiveCfg = Release|Win32
		{B55CA863-B374-4BAF-95AC-539E4FA4C90C}.Release|Win32.Build.0 = Release|Win32
		{F9810DE8-CBC3-4605-A7B1-ECA2D5292FD7}.Debug|Mixed Platforms.ActiveCfg = Debug|Win32
		{F9810DE8-CBC3-4605-A7B1-ECA2D5292FD7}.Debug|Mixed Platforms.Build.0 = Debug|Win32
		{F9810DE8-CBC3-4605-A7B1-ECA2D5292FD7}.Debug|Win32.ActiveCfg = Debug|Win32
		{F9810DE8-CBC3-4605-A7B1-ECA2D5292FD7}.Debug|Win32.Build.0 = Debug|Win32
		{F9810DE8-CBC3-4605-A7B1-ECA2D5292FD7}.Purify|Mixed Platforms.ActiveCfg = Purify|Win32
		{F9810DE8-CBC3-4605-A7B1-ECA2D5292FD7}.Purify|Mixed Platforms.Build.0 = Purify|Win32
		{F9810DE8-CBC3-4605-A7B1-ECA2D5292FD7}.Purify|Win32.ActiveCfg = Purify|Win32
		{F9810DE8-CBC3-4605-A7B1-ECA2D5292FD7}.Purify|Win32.Build.0 = Purify|Win32
		{F9810DE8-CBC3-4605-A7B1-ECA2D5292FD7}.Release - no tcmalloc|Mixed Platforms.ActiveCfg = Release - no tcmalloc|Win32
		{F9810DE8-CBC3-4605-A7B1-ECA2D5292FD7}.Release - no tcmalloc|Mixed Platforms.Build.0 = Release - no tcmalloc|Win32
		{F9810DE8-CBC3-4605-A7B1-ECA2D5292FD7}.Release - no tcmalloc|Win32.ActiveCfg = Release - no tcmalloc|Win32
		{F9810DE8-CBC3-4605-A7B1-ECA2D5292FD7}.Release - no tcmalloc|Win32.Build.0 = Release - no tcmalloc|Win32
		{F9810DE8-CBC3-4605-A7B1-ECA2D5292FD7}.Release|Mixed Platforms.ActiveCfg = Release|Win32
		{F9810DE8-CBC3-4605-A7B1-ECA2D5292FD7}.Release|Mixed Platforms.Build.0 = Release|Win32
		{F9810DE8-CBC3-4605-A7B1-ECA2D5292FD7}.Release|Win32.ActiveCfg = Release|Win32
		{F9810DE8-CBC3-4605-A7B1-ECA2D5292FD7}.Release|Win32.Build.0 = Release|Win32
		{FC0E1FD0-5DD7-4041-A1C9-CD3C376E4EED}.Debug|Mixed Platforms.ActiveCfg = Debug|Win32
		{FC0E1FD0-5DD7-4041-A1C9-CD3C376E4EED}.Debug|Mixed Platforms.Build.0 = Debug|Win32
		{FC0E1FD0-5DD7-4041-A1C9-CD3C376E4EED}.Debug|Win32.ActiveCfg = Debug|Win32
		{FC0E1FD0-5DD7-4041-A1C9-CD3C376E4EED}.Debug|Win32.Build.0 = Debug|Win32
		{FC0E1FD0-5DD7-4041-A1C9-CD3C376E4EED}.Purify|Mixed Platforms.ActiveCfg = Purify|Win32
		{FC0E1FD0-5DD7-4041-A1C9-CD3C376E4EED}.Purify|Mixed Platforms.Build.0 = Purify|Win32
		{FC0E1FD0-5DD7-4041-A1C9-CD3C376E4EED}.Purify|Win32.ActiveCfg = Purify|Win32
		{FC0E1FD0-5DD7-4041-A1C9-CD3C376E4EED}.Purify|Win32.Build.0 = Purify|Win32
		{FC0E1FD0-5DD7-4041-A1C9-CD3C376E4EED}.Release - no tcmalloc|Mixed Platforms.ActiveCfg = Release - no tcmalloc|Win32
		{FC0E1FD0-5DD7-4041-A1C9-CD3C376E4EED}.Release - no tcmalloc|Mixed Platforms.Build.0 = Release - no tcmalloc|Win32
		{FC0E1FD0-5DD7-4041-A1C9-CD3C376E4EED}.Release - no tcmalloc|Win32.ActiveCfg = Release - no tcmalloc|Win32
		{FC0E1FD0-5DD7-4041-A1C9-CD3C376E4EED}.Release - no tcmalloc|Win32.Build.0 = Release - no tcmalloc|Win32
		{FC0E1FD0-5DD7-4041-A1C9-CD3C376E4EED}.Release|Mixed Platforms.ActiveCfg = Release|Win32
		{FC0E1FD0-5DD7-4041-A1C9-CD3C376E4EED}.Release|Mixed Platforms.Build.0 = Release|Win32
		{FC0E1FD0-5DD7-4041-A1C9-CD3C376E4EED}.Release|Win32.ActiveCfg = Release|Win32
		{FC0E1FD0-5DD7-4041-A1C9-CD3C376E4EED}.Release|Win32.Build.0 = Release|Win32
		{2A70CBF0-847E-4E3A-B926-542A656DC7FE}.Debug|Mixed Platforms.ActiveCfg = Debug|Win32
		{2A70CBF0-847E-4E3A-B926-542A656DC7FE}.Debug|Mixed Platforms.Build.0 = Debug|Win32
		{2A70CBF0-847E-4E3A-B926-542A656DC7FE}.Debug|Win32.ActiveCfg = Debug|Win32
		{2A70CBF0-847E-4E3A-B926-542A656DC7FE}.Debug|Win32.Build.0 = Debug|Win32
		{2A70CBF0-847E-4E3A-B926-542A656DC7FE}.Purify|Mixed Platforms.ActiveCfg = Purify|Win32
		{2A70CBF0-847E-4E3A-B926-542A656DC7FE}.Purify|Mixed Platforms.Build.0 = Purify|Win32
		{2A70CBF0-847E-4E3A-B926-542A656DC7FE}.Purify|Win32.ActiveCfg = Purify|Win32
		{2A70CBF0-847E-4E3A-B926-542A656DC7FE}.Purify|Win32.Build.0 = Purify|Win32
		{2A70CBF0-847E-4E3A-B926-542A656DC7FE}.Release - no tcmalloc|Mixed Platforms.ActiveCfg = Release - no tcmalloc|Win32
		{2A70CBF0-847E-4E3A-B926-542A656DC7FE}.Release - no tcmalloc|Mixed Platforms.Build.0 = Release - no tcmalloc|Win32
		{2A70CBF0-847E-4E3A-B926-542A656DC7FE}.Release - no tcmalloc|Win32.ActiveCfg = Release - no tcmalloc|Win32
		{2A70CBF0-847E-4E3A-B926-542A656DC7FE}.Release - no tcmalloc|Win32.Build.0 = Release - no tcmalloc|Win32
		{2A70CBF0-847E-4E3A-B926-542A656DC7FE}.Release|Mixed Platforms.ActiveCfg = Release|Win32
		{2A70CBF0-847E-4E3A-B926-542A656DC7FE}.Release|Mixed Platforms.Build.0 = Release|Win32
		{2A70CBF0-847E-4E3A-B926-542A656DC7FE}.Release|Win32.ActiveCfg = Release|Win32
		{2A70CBF0-847E-4E3A-B926-542A656DC7FE}.Release|Win32.Build.0 = Release|Win32
		{FA39524D-3067-4141-888D-28A86C66F2B9}.Debug|Mixed Platforms.ActiveCfg = Debug|Win32
		{FA39524D-3067-4141-888D-28A86C66F2B9}.Debug|Mixed Platforms.Build.0 = Debug|Win32
		{FA39524D-3067-4141-888D-28A86C66F2B9}.Debug|Win32.ActiveCfg = Debug|Win32
		{FA39524D-3067-4141-888D-28A86C66F2B9}.Purify|Mixed Platforms.ActiveCfg = Release|Win32
		{FA39524D-3067-4141-888D-28A86C66F2B9}.Purify|Mixed Platforms.Build.0 = Release|Win32
		{FA39524D-3067-4141-888D-28A86C66F2B9}.Purify|Win32.ActiveCfg = Release|Win32
		{FA39524D-3067-4141-888D-28A86C66F2B9}.Purify|Win32.Build.0 = Release|Win32
		{FA39524D-3067-4141-888D-28A86C66F2B9}.Release - no tcmalloc|Mixed Platforms.ActiveCfg = Release|Win32
		{FA39524D-3067-4141-888D-28A86C66F2B9}.Release - no tcmalloc|Mixed Platforms.Build.0 = Release|Win32
		{FA39524D-3067-4141-888D-28A86C66F2B9}.Release - no tcmalloc|Win32.ActiveCfg = Release|Win32
		{FA39524D-3067-4141-888D-28A86C66F2B9}.Release - no tcmalloc|Win32.Build.0 = Release|Win32
		{FA39524D-3067-4141-888D-28A86C66F2B9}.Release|Mixed Platforms.ActiveCfg = Release|Win32
		{FA39524D-3067-4141-888D-28A86C66F2B9}.Release|Mixed Platforms.Build.0 = Release|Win32
		{FA39524D-3067-4141-888D-28A86C66F2B9}.Release|Win32.ActiveCfg = Release|Win32
		{FA39524D-3067-4141-888D-28A86C66F2B9}.Release|Win32.Build.0 = Release|Win32
		{EF5E94AB-B646-4E5B-A058-52EF07B8351C}.Debug|Mixed Platforms.ActiveCfg = Debug|Win32
		{EF5E94AB-B646-4E5B-A058-52EF07B8351C}.Debug|Mixed Platforms.Build.0 = Debug|Win32
		{EF5E94AB-B646-4E5B-A058-52EF07B8351C}.Debug|Win32.ActiveCfg = Debug|Win32
		{EF5E94AB-B646-4E5B-A058-52EF07B8351C}.Debug|Win32.Build.0 = Debug|Win32
		{EF5E94AB-B646-4E5B-A058-52EF07B8351C}.Purify|Mixed Platforms.ActiveCfg = Release|Win32
		{EF5E94AB-B646-4E5B-A058-52EF07B8351C}.Purify|Mixed Platforms.Build.0 = Release|Win32
		{EF5E94AB-B646-4E5B-A058-52EF07B8351C}.Purify|Win32.ActiveCfg = Release|Win32
		{EF5E94AB-B646-4E5B-A058-52EF07B8351C}.Purify|Win32.Build.0 = Release|Win32
		{EF5E94AB-B646-4E5B-A058-52EF07B8351C}.Release - no tcmalloc|Mixed Platforms.ActiveCfg = Release|Win32
		{EF5E94AB-B646-4E5B-A058-52EF07B8351C}.Release - no tcmalloc|Mixed Platforms.Build.0 = Release|Win32
		{EF5E94AB-B646-4E5B-A058-52EF07B8351C}.Release - no tcmalloc|Win32.ActiveCfg = Release|Win32
		{EF5E94AB-B646-4E5B-A058-52EF07B8351C}.Release - no tcmalloc|Win32.Build.0 = Release|Win32
		{EF5E94AB-B646-4E5B-A058-52EF07B8351C}.Release|Mixed Platforms.ActiveCfg = Release|Win32
		{EF5E94AB-B646-4E5B-A058-52EF07B8351C}.Release|Mixed Platforms.Build.0 = Release|Win32
		{EF5E94AB-B646-4E5B-A058-52EF07B8351C}.Release|Win32.ActiveCfg = Release|Win32
		{EF5E94AB-B646-4E5B-A058-52EF07B8351C}.Release|Win32.Build.0 = Release|Win32
		{7100F41F-868D-4E99-80A2-AF8E6574749D}.Debug|Mixed Platforms.ActiveCfg = Debug|Win32
		{7100F41F-868D-4E99-80A2-AF8E6574749D}.Debug|Mixed Platforms.Build.0 = Debug|Win32
		{7100F41F-868D-4E99-80A2-AF8E6574749D}.Debug|Win32.ActiveCfg = Debug|Win32
		{7100F41F-868D-4E99-80A2-AF8E6574749D}.Debug|Win32.Build.0 = Debug|Win32
		{7100F41F-868D-4E99-80A2-AF8E6574749D}.Purify|Mixed Platforms.ActiveCfg = Purify|Win32
		{7100F41F-868D-4E99-80A2-AF8E6574749D}.Purify|Mixed Platforms.Build.0 = Purify|Win32
		{7100F41F-868D-4E99-80A2-AF8E6574749D}.Purify|Win32.ActiveCfg = Purify|Win32
		{7100F41F-868D-4E99-80A2-AF8E6574749D}.Purify|Win32.Build.0 = Purify|Win32
		{7100F41F-868D-4E99-80A2-AF8E6574749D}.Release - no tcmalloc|Mixed Platforms.ActiveCfg = Release - no tcmalloc|Win32
		{7100F41F-868D-4E99-80A2-AF8E6574749D}.Release - no tcmalloc|Mixed Platforms.Build.0 = Release - no tcmalloc|Win32
		{7100F41F-868D-4E99-80A2-AF8E6574749D}.Release - no tcmalloc|Win32.ActiveCfg = Release - no tcmalloc|Win32
		{7100F41F-868D-4E99-80A2-AF8E6574749D}.Release - no tcmalloc|Win32.Build.0 = Release - no tcmalloc|Win32
		{7100F41F-868D-4E99-80A2-AF8E6574749D}.Release|Mixed Platforms.ActiveCfg = Release|Win32
		{7100F41F-868D-4E99-80A2-AF8E6574749D}.Release|Mixed Platforms.Build.0 = Release|Win32
		{7100F41F-868D-4E99-80A2-AF8E6574749D}.Release|Win32.ActiveCfg = Release|Win32
		{7100F41F-868D-4E99-80A2-AF8E6574749D}.Release|Win32.Build.0 = Release|Win32
		{326E9795-E760-410A-B69A-3F79DB3F5243}.Debug|Mixed Platforms.ActiveCfg = Debug|Win32
		{326E9795-E760-410A-B69A-3F79DB3F5243}.Debug|Mixed Platforms.Build.0 = Debug|Win32
		{326E9795-E760-410A-B69A-3F79DB3F5243}.Debug|Win32.ActiveCfg = Debug|Win32
		{326E9795-E760-410A-B69A-3F79DB3F5243}.Debug|Win32.Build.0 = Debug|Win32
		{326E9795-E760-410A-B69A-3F79DB3F5243}.Purify|Mixed Platforms.ActiveCfg = Purify|Win32
		{326E9795-E760-410A-B69A-3F79DB3F5243}.Purify|Mixed Platforms.Build.0 = Purify|Win32
		{326E9795-E760-410A-B69A-3F79DB3F5243}.Purify|Win32.ActiveCfg = Purify|Win32
		{326E9795-E760-410A-B69A-3F79DB3F5243}.Purify|Win32.Build.0 = Purify|Win32
		{326E9795-E760-410A-B69A-3F79DB3F5243}.Release - no tcmalloc|Mixed Platforms.ActiveCfg = Release - no tcmalloc|Win32
		{326E9795-E760-410A-B69A-3F79DB3F5243}.Release - no tcmalloc|Mixed Platforms.Build.0 = Release - no tcmalloc|Win32
		{326E9795-E760-410A-B69A-3F79DB3F5243}.Release - no tcmalloc|Win32.ActiveCfg = Release - no tcmalloc|Win32
		{326E9795-E760-410A-B69A-3F79DB3F5243}.Release - no tcmalloc|Win32.Build.0 = Release - no tcmalloc|Win32
		{326E9795-E760-410A-B69A-3F79DB3F5243}.Release|Mixed Platforms.ActiveCfg = Release|Win32
		{326E9795-E760-410A-B69A-3F79DB3F5243}.Release|Mixed Platforms.Build.0 = Release|Win32
		{326E9795-E760-410A-B69A-3F79DB3F5243}.Release|Win32.ActiveCfg = Release|Win32
		{326E9795-E760-410A-B69A-3F79DB3F5243}.Release|Win32.Build.0 = Release|Win32
		{1832A374-8A74-4F9E-B536-69A699B3E165}.Debug|Mixed Platforms.ActiveCfg = Debug|Win32
		{1832A374-8A74-4F9E-B536-69A699B3E165}.Debug|Mixed Platforms.Build.0 = Debug|Win32
		{1832A374-8A74-4F9E-B536-69A699B3E165}.Debug|Win32.ActiveCfg = Debug|Win32
		{1832A374-8A74-4F9E-B536-69A699B3E165}.Debug|Win32.Build.0 = Debug|Win32
		{1832A374-8A74-4F9E-B536-69A699B3E165}.Purify|Mixed Platforms.ActiveCfg = Purify|Win32
		{1832A374-8A74-4F9E-B536-69A699B3E165}.Purify|Mixed Platforms.Build.0 = Purify|Win32
		{1832A374-8A74-4F9E-B536-69A699B3E165}.Purify|Win32.ActiveCfg = Purify|Win32
		{1832A374-8A74-4F9E-B536-69A699B3E165}.Purify|Win32.Build.0 = Purify|Win32
		{1832A374-8A74-4F9E-B536-69A699B3E165}.Release - no tcmalloc|Mixed Platforms.ActiveCfg = Release - no tcmalloc|Win32
		{1832A374-8A74-4F9E-B536-69A699B3E165}.Release - no tcmalloc|Mixed Platforms.Build.0 = Release - no tcmalloc|Win32
		{1832A374-8A74-4F9E-B536-69A699B3E165}.Release - no tcmalloc|Win32.ActiveCfg = Release - no tcmalloc|Win32
		{1832A374-8A74-4F9E-B536-69A699B3E165}.Release - no tcmalloc|Win32.Build.0 = Release - no tcmalloc|Win32
		{1832A374-8A74-4F9E-B536-69A699B3E165}.Release|Mixed Platforms.ActiveCfg = Release|Win32
		{1832A374-8A74-4F9E-B536-69A699B3E165}.Release|Mixed Platforms.Build.0 = Release|Win32
		{1832A374-8A74-4F9E-B536-69A699B3E165}.Release|Win32.ActiveCfg = Release|Win32
		{1832A374-8A74-4F9E-B536-69A699B3E165}.Release|Win32.Build.0 = Release|Win32
		{A508ADD3-CECE-4E0F-8448-2F5E454DF551}.Debug|Mixed Platforms.ActiveCfg = Debug|Win32
		{A508ADD3-CECE-4E0F-8448-2F5E454DF551}.Debug|Mixed Platforms.Build.0 = Debug|Win32
		{A508ADD3-CECE-4E0F-8448-2F5E454DF551}.Debug|Win32.ActiveCfg = Debug|Win32
		{A508ADD3-CECE-4E0F-8448-2F5E454DF551}.Debug|Win32.Build.0 = Debug|Win32
		{A508ADD3-CECE-4E0F-8448-2F5E454DF551}.Purify|Mixed Platforms.ActiveCfg = Purify|Win32
		{A508ADD3-CECE-4E0F-8448-2F5E454DF551}.Purify|Mixed Platforms.Build.0 = Purify|Win32
		{A508ADD3-CECE-4E0F-8448-2F5E454DF551}.Purify|Win32.ActiveCfg = Purify|Win32
		{A508ADD3-CECE-4E0F-8448-2F5E454DF551}.Purify|Win32.Build.0 = Purify|Win32
		{A508ADD3-CECE-4E0F-8448-2F5E454DF551}.Release - no tcmalloc|Mixed Platforms.ActiveCfg = Release - no tcmalloc|Win32
		{A508ADD3-CECE-4E0F-8448-2F5E454DF551}.Release - no tcmalloc|Mixed Platforms.Build.0 = Release - no tcmalloc|Win32
		{A508ADD3-CECE-4E0F-8448-2F5E454DF551}.Release - no tcmalloc|Win32.ActiveCfg = Release - no tcmalloc|Win32
		{A508ADD3-CECE-4E0F-8448-2F5E454DF551}.Release - no tcmalloc|Win32.Build.0 = Release - no tcmalloc|Win32
		{A508ADD3-CECE-4E0F-8448-2F5E454DF551}.Release|Mixed Platforms.ActiveCfg = Release|Win32
		{A508ADD3-CECE-4E0F-8448-2F5E454DF551}.Release|Mixed Platforms.Build.0 = Release|Win32
		{A508ADD3-CECE-4E0F-8448-2F5E454DF551}.Release|Win32.ActiveCfg = Release|Win32
		{A508ADD3-CECE-4E0F-8448-2F5E454DF551}.Release|Win32.Build.0 = Release|Win32
		{5916D37D-8C97-424F-A904-74E52594C2D6}.Debug|Mixed Platforms.ActiveCfg = Debug|Win32
		{5916D37D-8C97-424F-A904-74E52594C2D6}.Debug|Mixed Platforms.Build.0 = Debug|Win32
		{5916D37D-8C97-424F-A904-74E52594C2D6}.Debug|Win32.ActiveCfg = Debug|Win32
		{5916D37D-8C97-424F-A904-74E52594C2D6}.Debug|Win32.Build.0 = Debug|Win32
		{5916D37D-8C97-424F-A904-74E52594C2D6}.Purify|Mixed Platforms.ActiveCfg = Purify|Win32
		{5916D37D-8C97-424F-A904-74E52594C2D6}.Purify|Mixed Platforms.Build.0 = Purify|Win32
		{5916D37D-8C97-424F-A904-74E52594C2D6}.Purify|Win32.ActiveCfg = Purify|Win32
		{5916D37D-8C97-424F-A904-74E52594C2D6}.Purify|Win32.Build.0 = Purify|Win32
		{5916D37D-8C97-424F-A904-74E52594C2D6}.Release - no tcmalloc|Mixed Platforms.ActiveCfg = Release - no tcmalloc|Win32
		{5916D37D-8C97-424F-A904-74E52594C2D6}.Release - no tcmalloc|Mixed Platforms.Build.0 = Release - no tcmalloc|Win32
		{5916D37D-8C97-424F-A904-74E52594C2D6}.Release - no tcmalloc|Win32.ActiveCfg = Release - no tcmalloc|Win32
		{5916D37D-8C97-424F-A904-74E52594C2D6}.Release - no tcmalloc|Win32.Build.0 = Release - no tcmalloc|Win32
		{5916D37D-8C97-424F-A904-74E52594C2D6}.Release|Mixed Platforms.ActiveCfg = Release|Win32
		{5916D37D-8C97-424F-A904-74E52594C2D6}.Release|Mixed Platforms.Build.0 = Release|Win32
		{5916D37D-8C97-424F-A904-74E52594C2D6}.Release|Win32.ActiveCfg = Release|Win32
		{5916D37D-8C97-424F-A904-74E52594C2D6}.Release|Win32.Build.0 = Release|Win32
		{C0334F9A-1168-4101-9DD8-C30FB252D435}.Debug|Mixed Platforms.ActiveCfg = Debug|Win32
		{C0334F9A-1168-4101-9DD8-C30FB252D435}.Debug|Mixed Platforms.Build.0 = Debug|Win32
		{C0334F9A-1168-4101-9DD8-C30FB252D435}.Debug|Win32.ActiveCfg = Debug|Win32
		{C0334F9A-1168-4101-9DD8-C30FB252D435}.Debug|Win32.Build.0 = Debug|Win32
		{C0334F9A-1168-4101-9DD8-C30FB252D435}.Purify|Mixed Platforms.ActiveCfg = Release|Win32
		{C0334F9A-1168-4101-9DD8-C30FB252D435}.Purify|Mixed Platforms.Build.0 = Release|Win32
		{C0334F9A-1168-4101-9DD8-C30FB252D435}.Purify|Win32.ActiveCfg = Release|Win32
		{C0334F9A-1168-4101-9DD8-C30FB252D435}.Purify|Win32.Build.0 = Release|Win32
		{C0334F9A-1168-4101-9DD8-C30FB252D435}.Release - no tcmalloc|Mixed Platforms.ActiveCfg = Release|Win32
		{C0334F9A-1168-4101-9DD8-C30FB252D435}.Release - no tcmalloc|Mixed Platforms.Build.0 = Release|Win32
		{C0334F9A-1168-4101-9DD8-C30FB252D435}.Release - no tcmalloc|Win32.ActiveCfg = Release|Win32
		{C0334F9A-1168-4101-9DD8-C30FB252D435}.Release - no tcmalloc|Win32.Build.0 = Release|Win32
		{C0334F9A-1168-4101-9DD8-C30FB252D435}.Release|Mixed Platforms.ActiveCfg = Release|Win32
		{C0334F9A-1168-4101-9DD8-C30FB252D435}.Release|Mixed Platforms.Build.0 = Release|Win32
		{C0334F9A-1168-4101-9DD8-C30FB252D435}.Release|Win32.ActiveCfg = Release|Win32
		{C0334F9A-1168-4101-9DD8-C30FB252D435}.Release|Win32.Build.0 = Release|Win32
		{F54ABC59-5C00-414A-A9BA-BAF26D1699F0}.Debug|Mixed Platforms.ActiveCfg = Debug|Win32
		{F54ABC59-5C00-414A-A9BA-BAF26D1699F0}.Debug|Mixed Platforms.Build.0 = Debug|Win32
		{F54ABC59-5C00-414A-A9BA-BAF26D1699F0}.Debug|Win32.ActiveCfg = Debug|Win32
		{F54ABC59-5C00-414A-A9BA-BAF26D1699F0}.Debug|Win32.Build.0 = Debug|Win32
		{F54ABC59-5C00-414A-A9BA-BAF26D1699F0}.Purify|Mixed Platforms.ActiveCfg = Purify|Win32
		{F54ABC59-5C00-414A-A9BA-BAF26D1699F0}.Purify|Mixed Platforms.Build.0 = Purify|Win32
		{F54ABC59-5C00-414A-A9BA-BAF26D1699F0}.Purify|Win32.ActiveCfg = Purify|Win32
		{F54ABC59-5C00-414A-A9BA-BAF26D1699F0}.Purify|Win32.Build.0 = Purify|Win32
		{F54ABC59-5C00-414A-A9BA-BAF26D1699F0}.Release - no tcmalloc|Mixed Platforms.ActiveCfg = Release - no tcmalloc|Win32
		{F54ABC59-5C00-414A-A9BA-BAF26D1699F0}.Release - no tcmalloc|Mixed Platforms.Build.0 = Release - no tcmalloc|Win32
		{F54ABC59-5C00-414A-A9BA-BAF26D1699F0}.Release - no tcmalloc|Win32.ActiveCfg = Release - no tcmalloc|Win32
		{F54ABC59-5C00-414A-A9BA-BAF26D1699F0}.Release - no tcmalloc|Win32.Build.0 = Release - no tcmalloc|Win32
		{F54ABC59-5C00-414A-A9BA-BAF26D1699F0}.Release|Mixed Platforms.ActiveCfg = Release|Win32
		{F54ABC59-5C00-414A-A9BA-BAF26D1699F0}.Release|Mixed Platforms.Build.0 = Release|Win32
		{F54ABC59-5C00-414A-A9BA-BAF26D1699F0}.Release|Win32.ActiveCfg = Release|Win32
		{F54ABC59-5C00-414A-A9BA-BAF26D1699F0}.Release|Win32.Build.0 = Release|Win32
		{E13045CD-7E1F-4A41-9B18-8D288B2E7B41}.Debug|Mixed Platforms.ActiveCfg = Debug|Win32
		{E13045CD-7E1F-4A41-9B18-8D288B2E7B41}.Debug|Mixed Platforms.Build.0 = Debug|Win32
		{E13045CD-7E1F-4A41-9B18-8D288B2E7B41}.Debug|Win32.ActiveCfg = Debug|Win32
		{E13045CD-7E1F-4A41-9B18-8D288B2E7B41}.Debug|Win32.Build.0 = Debug|Win32
		{E13045CD-7E1F-4A41-9B18-8D288B2E7B41}.Purify|Mixed Platforms.ActiveCfg = Purify|Win32
		{E13045CD-7E1F-4A41-9B18-8D288B2E7B41}.Purify|Mixed Platforms.Build.0 = Purify|Win32
		{E13045CD-7E1F-4A41-9B18-8D288B2E7B41}.Purify|Win32.ActiveCfg = Purify|Win32
		{E13045CD-7E1F-4A41-9B18-8D288B2E7B41}.Purify|Win32.Build.0 = Purify|Win32
		{E13045CD-7E1F-4A41-9B18-8D288B2E7B41}.Release - no tcmalloc|Mixed Platforms.ActiveCfg = Release - no tcmalloc|Win32
		{E13045CD-7E1F-4A41-9B18-8D288B2E7B41}.Release - no tcmalloc|Mixed Platforms.Build.0 = Release - no tcmalloc|Win32
		{E13045CD-7E1F-4A41-9B18-8D288B2E7B41}.Release - no tcmalloc|Win32.ActiveCfg = Release - no tcmalloc|Win32
		{E13045CD-7E1F-4A41-9B18-8D288B2E7B41}.Release - no tcmalloc|Win32.Build.0 = Release - no tcmalloc|Win32
		{E13045CD-7E1F-4A41-9B18-8D288B2E7B41}.Release|Mixed Platforms.ActiveCfg = Release|Win32
		{E13045CD-7E1F-4A41-9B18-8D288B2E7B41}.Release|Mixed Platforms.Build.0 = Release|Win32
		{E13045CD-7E1F-4A41-9B18-8D288B2E7B41}.Release|Win32.ActiveCfg = Release|Win32
		{E13045CD-7E1F-4A41-9B18-8D288B2E7B41}.Release|Win32.Build.0 = Release|Win32
		{865575D0-37E2-405E-8CBA-5F6C485B5A26}.Debug|Mixed Platforms.ActiveCfg = Debug|Win32
		{865575D0-37E2-405E-8CBA-5F6C485B5A26}.Debug|Mixed Platforms.Build.0 = Debug|Win32
		{865575D0-37E2-405E-8CBA-5F6C485B5A26}.Debug|Win32.ActiveCfg = Debug|Win32
		{865575D0-37E2-405E-8CBA-5F6C485B5A26}.Debug|Win32.Build.0 = Debug|Win32
		{865575D0-37E2-405E-8CBA-5F6C485B5A26}.Purify|Mixed Platforms.ActiveCfg = Release|Win32
		{865575D0-37E2-405E-8CBA-5F6C485B5A26}.Purify|Mixed Platforms.Build.0 = Release|Win32
		{865575D0-37E2-405E-8CBA-5F6C485B5A26}.Purify|Win32.ActiveCfg = Release|Win32
		{865575D0-37E2-405E-8CBA-5F6C485B5A26}.Purify|Win32.Build.0 = Release|Win32
		{865575D0-37E2-405E-8CBA-5F6C485B5A26}.Release - no tcmalloc|Mixed Platforms.ActiveCfg = Release|Win32
		{865575D0-37E2-405E-8CBA-5F6C485B5A26}.Release - no tcmalloc|Mixed Platforms.Build.0 = Release|Win32
		{865575D0-37E2-405E-8CBA-5F6C485B5A26}.Release - no tcmalloc|Win32.ActiveCfg = Release|Win32
		{865575D0-37E2-405E-8CBA-5F6C485B5A26}.Release - no tcmalloc|Win32.Build.0 = Release|Win32
		{865575D0-37E2-405E-8CBA-5F6C485B5A26}.Release|Mixed Platforms.ActiveCfg = Release|Win32
		{865575D0-37E2-405E-8CBA-5F6C485B5A26}.Release|Mixed Platforms.Build.0 = Release|Win32
		{865575D0-37E2-405E-8CBA-5F6C485B5A26}.Release|Win32.ActiveCfg = Release|Win32
		{865575D0-37E2-405E-8CBA-5F6C485B5A26}.Release|Win32.Build.0 = Release|Win32
		{21E22961-22BF-4493-BD3A-868F93DA5179}.Debug|Mixed Platforms.ActiveCfg = Debug|Win32
		{21E22961-22BF-4493-BD3A-868F93DA5179}.Debug|Mixed Platforms.Build.0 = Debug|Win32
		{21E22961-22BF-4493-BD3A-868F93DA5179}.Debug|Win32.ActiveCfg = Debug|Win32
		{21E22961-22BF-4493-BD3A-868F93DA5179}.Debug|Win32.Build.0 = Debug|Win32
		{21E22961-22BF-4493-BD3A-868F93DA5179}.Purify|Mixed Platforms.ActiveCfg = Release|Win32
		{21E22961-22BF-4493-BD3A-868F93DA5179}.Purify|Mixed Platforms.Build.0 = Release|Win32
		{21E22961-22BF-4493-BD3A-868F93DA5179}.Purify|Win32.ActiveCfg = Release|Win32
		{21E22961-22BF-4493-BD3A-868F93DA5179}.Purify|Win32.Build.0 = Release|Win32
		{21E22961-22BF-4493-BD3A-868F93DA5179}.Release - no tcmalloc|Mixed Platforms.ActiveCfg = Release|Win32
		{21E22961-22BF-4493-BD3A-868F93DA5179}.Release - no tcmalloc|Mixed Platforms.Build.0 = Release|Win32
		{21E22961-22BF-4493-BD3A-868F93DA5179}.Release - no tcmalloc|Win32.ActiveCfg = Release|Win32
		{21E22961-22BF-4493-BD3A-868F93DA5179}.Release - no tcmalloc|Win32.Build.0 = Release|Win32
		{21E22961-22BF-4493-BD3A-868F93DA5179}.Release|Mixed Platforms.ActiveCfg = Release|Win32
		{21E22961-22BF-4493-BD3A-868F93DA5179}.Release|Mixed Platforms.Build.0 = Release|Win32
		{21E22961-22BF-4493-BD3A-868F93DA5179}.Release|Win32.ActiveCfg = Release|Win32
		{21E22961-22BF-4493-BD3A-868F93DA5179}.Release|Win32.Build.0 = Release|Win32
		{EC8B7909-62AF-470D-A75D-E1D89C837142}.Debug|Mixed Platforms.ActiveCfg = Debug|Win32
		{EC8B7909-62AF-470D-A75D-E1D89C837142}.Debug|Mixed Platforms.Build.0 = Debug|Win32
		{EC8B7909-62AF-470D-A75D-E1D89C837142}.Debug|Win32.ActiveCfg = Debug|Win32
		{EC8B7909-62AF-470D-A75D-E1D89C837142}.Debug|Win32.Build.0 = Debug|Win32
		{EC8B7909-62AF-470D-A75D-E1D89C837142}.Purify|Mixed Platforms.ActiveCfg = Release|Win32
		{EC8B7909-62AF-470D-A75D-E1D89C837142}.Purify|Mixed Platforms.Build.0 = Release|Win32
		{EC8B7909-62AF-470D-A75D-E1D89C837142}.Purify|Win32.ActiveCfg = Release|Win32
		{EC8B7909-62AF-470D-A75D-E1D89C837142}.Purify|Win32.Build.0 = Release|Win32
		{EC8B7909-62AF-470D-A75D-E1D89C837142}.Release - no tcmalloc|Mixed Platforms.ActiveCfg = Release|Win32
		{EC8B7909-62AF-470D-A75D-E1D89C837142}.Release - no tcmalloc|Mixed Platforms.Build.0 = Release|Win32
		{EC8B7909-62AF-470D-A75D-E1D89C837142}.Release - no tcmalloc|Win32.ActiveCfg = Release|Win32
		{EC8B7909-62AF-470D-A75D-E1D89C837142}.Release - no tcmalloc|Win32.Build.0 = Release|Win32
		{EC8B7909-62AF-470D-A75D-E1D89C837142}.Release|Mixed Platforms.ActiveCfg = Release|Win32
		{EC8B7909-62AF-470D-A75D-E1D89C837142}.Release|Mixed Platforms.Build.0 = Release|Win32
		{EC8B7909-62AF-470D-A75D-E1D89C837142}.Release|Win32.ActiveCfg = Release|Win32
		{EC8B7909-62AF-470D-A75D-E1D89C837142}.Release|Win32.Build.0 = Release|Win32
		{60B43839-95E6-4526-A661-209F16335E0E}.Debug|Mixed Platforms.ActiveCfg = Debug|Win32
		{60B43839-95E6-4526-A661-209F16335E0E}.Debug|Mixed Platforms.Build.0 = Debug|Win32
		{60B43839-95E6-4526-A661-209F16335E0E}.Debug|Win32.ActiveCfg = Debug|Win32
		{60B43839-95E6-4526-A661-209F16335E0E}.Debug|Win32.Build.0 = Debug|Win32
		{60B43839-95E6-4526-A661-209F16335E0E}.Purify|Mixed Platforms.ActiveCfg = Purify|Win32
		{60B43839-95E6-4526-A661-209F16335E0E}.Purify|Mixed Platforms.Build.0 = Purify|Win32
		{60B43839-95E6-4526-A661-209F16335E0E}.Purify|Win32.ActiveCfg = Purify|Win32
		{60B43839-95E6-4526-A661-209F16335E0E}.Purify|Win32.Build.0 = Purify|Win32
		{60B43839-95E6-4526-A661-209F16335E0E}.Release - no tcmalloc|Mixed Platforms.ActiveCfg = Release - no tcmalloc|Win32
		{60B43839-95E6-4526-A661-209F16335E0E}.Release - no tcmalloc|Mixed Platforms.Build.0 = Release - no tcmalloc|Win32
		{60B43839-95E6-4526-A661-209F16335E0E}.Release - no tcmalloc|Win32.ActiveCfg = Release - no tcmalloc|Win32
		{60B43839-95E6-4526-A661-209F16335E0E}.Release - no tcmalloc|Win32.Build.0 = Release - no tcmalloc|Win32
		{60B43839-95E6-4526-A661-209F16335E0E}.Release|Mixed Platforms.ActiveCfg = Release|Win32
		{60B43839-95E6-4526-A661-209F16335E0E}.Release|Mixed Platforms.Build.0 = Release|Win32
		{60B43839-95E6-4526-A661-209F16335E0E}.Release|Win32.ActiveCfg = Release|Win32
		{60B43839-95E6-4526-A661-209F16335E0E}.Release|Win32.Build.0 = Release|Win32
		{6617FED9-C5D4-4907-BF55-A90062A6683F}.Debug|Mixed Platforms.ActiveCfg = Debug|Win32
		{6617FED9-C5D4-4907-BF55-A90062A6683F}.Debug|Mixed Platforms.Build.0 = Debug|Win32
		{6617FED9-C5D4-4907-BF55-A90062A6683F}.Debug|Win32.ActiveCfg = Debug|Win32
		{6617FED9-C5D4-4907-BF55-A90062A6683F}.Debug|Win32.Build.0 = Debug|Win32
		{6617FED9-C5D4-4907-BF55-A90062A6683F}.Purify|Mixed Platforms.ActiveCfg = Release|Win32
		{6617FED9-C5D4-4907-BF55-A90062A6683F}.Purify|Mixed Platforms.Build.0 = Release|Win32
		{6617FED9-C5D4-4907-BF55-A90062A6683F}.Purify|Win32.ActiveCfg = Release|Win32
		{6617FED9-C5D4-4907-BF55-A90062A6683F}.Purify|Win32.Build.0 = Release|Win32
		{6617FED9-C5D4-4907-BF55-A90062A6683F}.Release - no tcmalloc|Mixed Platforms.ActiveCfg = Release|Win32
		{6617FED9-C5D4-4907-BF55-A90062A6683F}.Release - no tcmalloc|Mixed Platforms.Build.0 = Release|Win32
		{6617FED9-C5D4-4907-BF55-A90062A6683F}.Release - no tcmalloc|Win32.ActiveCfg = Release|Win32
		{6617FED9-C5D4-4907-BF55-A90062A6683F}.Release - no tcmalloc|Win32.Build.0 = Release|Win32
		{6617FED9-C5D4-4907-BF55-A90062A6683F}.Release|Mixed Platforms.ActiveCfg = Release|Win32
		{6617FED9-C5D4-4907-BF55-A90062A6683F}.Release|Mixed Platforms.Build.0 = Release|Win32
		{6617FED9-C5D4-4907-BF55-A90062A6683F}.Release|Win32.ActiveCfg = Release|Win32
		{6617FED9-C5D4-4907-BF55-A90062A6683F}.Release|Win32.Build.0 = Release|Win32
		{8BC9CEB8-8B4A-11D0-8D11-00A0C91BC942}.Debug|Mixed Platforms.ActiveCfg = Debug|Win32
		{8BC9CEB8-8B4A-11D0-8D11-00A0C91BC942}.Debug|Mixed Platforms.Build.0 = Debug|Win32
		{8BC9CEB8-8B4A-11D0-8D11-00A0C91BC942}.Debug|Win32.ActiveCfg = Debug|Win32
		{8BC9CEB8-8B4A-11D0-8D11-00A0C91BC942}.Debug|Win32.Build.0 = Debug|Win32
		{8BC9CEB8-8B4A-11D0-8D11-00A0C91BC942}.Purify|Mixed Platforms.ActiveCfg = Purify|Win32
		{8BC9CEB8-8B4A-11D0-8D11-00A0C91BC942}.Purify|Mixed Platforms.Build.0 = Purify|Win32
		{8BC9CEB8-8B4A-11D0-8D11-00A0C91BC942}.Purify|Win32.ActiveCfg = Purify|Win32
		{8BC9CEB8-8B4A-11D0-8D11-00A0C91BC942}.Purify|Win32.Build.0 = Purify|Win32
		{8BC9CEB8-8B4A-11D0-8D11-00A0C91BC942}.Release - no tcmalloc|Mixed Platforms.ActiveCfg = Release - no tcmalloc|Win32
		{8BC9CEB8-8B4A-11D0-8D11-00A0C91BC942}.Release - no tcmalloc|Mixed Platforms.Build.0 = Release - no tcmalloc|Win32
		{8BC9CEB8-8B4A-11D0-8D11-00A0C91BC942}.Release - no tcmalloc|Win32.ActiveCfg = Release - no tcmalloc|Win32
		{8BC9CEB8-8B4A-11D0-8D11-00A0C91BC942}.Release - no tcmalloc|Win32.Build.0 = Release - no tcmalloc|Win32
		{8BC9CEB8-8B4A-11D0-8D11-00A0C91BC942}.Release|Mixed Platforms.ActiveCfg = Release|Win32
		{8BC9CEB8-8B4A-11D0-8D11-00A0C91BC942}.Release|Mixed Platforms.Build.0 = Release|Win32
		{8BC9CEB8-8B4A-11D0-8D11-00A0C91BC942}.Release|Win32.ActiveCfg = Release|Win32
		{8BC9CEB8-8B4A-11D0-8D11-00A0C91BC942}.Release|Win32.Build.0 = Release|Win32
		{0B469837-3D46-484A-AFB3-C5A6C68730B9}.Debug|Mixed Platforms.ActiveCfg = Debug|Win32
		{0B469837-3D46-484A-AFB3-C5A6C68730B9}.Debug|Mixed Platforms.Build.0 = Debug|Win32
		{0B469837-3D46-484A-AFB3-C5A6C68730B9}.Debug|Win32.ActiveCfg = Debug|Win32
		{0B469837-3D46-484A-AFB3-C5A6C68730B9}.Debug|Win32.Build.0 = Debug|Win32
		{0B469837-3D46-484A-AFB3-C5A6C68730B9}.Purify|Mixed Platforms.ActiveCfg = Purify|Win32
		{0B469837-3D46-484A-AFB3-C5A6C68730B9}.Purify|Mixed Platforms.Build.0 = Purify|Win32
		{0B469837-3D46-484A-AFB3-C5A6C68730B9}.Purify|Win32.ActiveCfg = Purify|Win32
		{0B469837-3D46-484A-AFB3-C5A6C68730B9}.Purify|Win32.Build.0 = Purify|Win32
		{0B469837-3D46-484A-AFB3-C5A6C68730B9}.Release - no tcmalloc|Mixed Platforms.ActiveCfg = Release - no tcmalloc|Win32
		{0B469837-3D46-484A-AFB3-C5A6C68730B9}.Release - no tcmalloc|Mixed Platforms.Build.0 = Release - no tcmalloc|Win32
		{0B469837-3D46-484A-AFB3-C5A6C68730B9}.Release - no tcmalloc|Win32.ActiveCfg = Release - no tcmalloc|Win32
		{0B469837-3D46-484A-AFB3-C5A6C68730B9}.Release - no tcmalloc|Win32.Build.0 = Release - no tcmalloc|Win32
		{0B469837-3D46-484A-AFB3-C5A6C68730B9}.Release|Mixed Platforms.ActiveCfg = Release|Win32
		{0B469837-3D46-484A-AFB3-C5A6C68730B9}.Release|Mixed Platforms.Build.0 = Release|Win32
		{0B469837-3D46-484A-AFB3-C5A6C68730B9}.Release|Win32.ActiveCfg = Release|Win32
		{0B469837-3D46-484A-AFB3-C5A6C68730B9}.Release|Win32.Build.0 = Release|Win32
		{0DDBDA8B-A49F-4CC7-A1D5-5BB8297C8A3F}.Debug|Mixed Platforms.ActiveCfg = Debug|Win32
		{0DDBDA8B-A49F-4CC7-A1D5-5BB8297C8A3F}.Debug|Mixed Platforms.Build.0 = Debug|Win32
		{0DDBDA8B-A49F-4CC7-A1D5-5BB8297C8A3F}.Debug|Win32.ActiveCfg = Debug|Win32
		{0DDBDA8B-A49F-4CC7-A1D5-5BB8297C8A3F}.Debug|Win32.Build.0 = Debug|Win32
		{0DDBDA8B-A49F-4CC7-A1D5-5BB8297C8A3F}.Purify|Mixed Platforms.ActiveCfg = Release|Win32
		{0DDBDA8B-A49F-4CC7-A1D5-5BB8297C8A3F}.Purify|Mixed Platforms.Build.0 = Release|Win32
		{0DDBDA8B-A49F-4CC7-A1D5-5BB8297C8A3F}.Purify|Win32.ActiveCfg = Release|Win32
		{0DDBDA8B-A49F-4CC7-A1D5-5BB8297C8A3F}.Purify|Win32.Build.0 = Release|Win32
		{0DDBDA8B-A49F-4CC7-A1D5-5BB8297C8A3F}.Release - no tcmalloc|Mixed Platforms.ActiveCfg = Release|Win32
		{0DDBDA8B-A49F-4CC7-A1D5-5BB8297C8A3F}.Release - no tcmalloc|Mixed Platforms.Build.0 = Release|Win32
		{0DDBDA8B-A49F-4CC7-A1D5-5BB8297C8A3F}.Release - no tcmalloc|Win32.ActiveCfg = Release|Win32
		{0DDBDA8B-A49F-4CC7-A1D5-5BB8297C8A3F}.Release - no tcmalloc|Win32.Build.0 = Release|Win32
		{0DDBDA8B-A49F-4CC7-A1D5-5BB8297C8A3F}.Release|Mixed Platforms.ActiveCfg = Release|Win32
		{0DDBDA8B-A49F-4CC7-A1D5-5BB8297C8A3F}.Release|Mixed Platforms.Build.0 = Release|Win32
		{0DDBDA8B-A49F-4CC7-A1D5-5BB8297C8A3F}.Release|Win32.ActiveCfg = Release|Win32
		{0DDBDA8B-A49F-4CC7-A1D5-5BB8297C8A3F}.Release|Win32.Build.0 = Release|Win32
		{C13650D5-CF1A-4259-BE45-B1EBA6280E47}.Debug|Mixed Platforms.ActiveCfg = Debug|Win32
		{C13650D5-CF1A-4259-BE45-B1EBA6280E47}.Debug|Mixed Platforms.Build.0 = Debug|Win32
		{C13650D5-CF1A-4259-BE45-B1EBA6280E47}.Debug|Win32.ActiveCfg = Debug|Win32
		{C13650D5-CF1A-4259-BE45-B1EBA6280E47}.Debug|Win32.Build.0 = Debug|Win32
		{C13650D5-CF1A-4259-BE45-B1EBA6280E47}.Purify|Mixed Platforms.ActiveCfg = Release|Win32
		{C13650D5-CF1A-4259-BE45-B1EBA6280E47}.Purify|Mixed Platforms.Build.0 = Release|Win32
		{C13650D5-CF1A-4259-BE45-B1EBA6280E47}.Purify|Win32.ActiveCfg = Release|Win32
		{C13650D5-CF1A-4259-BE45-B1EBA6280E47}.Purify|Win32.Build.0 = Release|Win32
		{C13650D5-CF1A-4259-BE45-B1EBA6280E47}.Release - no tcmalloc|Mixed Platforms.ActiveCfg = Release|Win32
		{C13650D5-CF1A-4259-BE45-B1EBA6280E47}.Release - no tcmalloc|Mixed Platforms.Build.0 = Release|Win32
		{C13650D5-CF1A-4259-BE45-B1EBA6280E47}.Release - no tcmalloc|Win32.ActiveCfg = Release|Win32
		{C13650D5-CF1A-4259-BE45-B1EBA6280E47}.Release - no tcmalloc|Win32.Build.0 = Release|Win32
		{C13650D5-CF1A-4259-BE45-B1EBA6280E47}.Release|Mixed Platforms.ActiveCfg = Release|Win32
		{C13650D5-CF1A-4259-BE45-B1EBA6280E47}.Release|Mixed Platforms.Build.0 = Release|Win32
		{C13650D5-CF1A-4259-BE45-B1EBA6280E47}.Release|Win32.ActiveCfg = Release|Win32
		{C13650D5-CF1A-4259-BE45-B1EBA6280E47}.Release|Win32.Build.0 = Release|Win32
		{A9D6DC71-C0DC-4549-AEA0-3B15B44E86A9}.Debug|Mixed Platforms.ActiveCfg = Debug|Win32
		{A9D6DC71-C0DC-4549-AEA0-3B15B44E86A9}.Debug|Mixed Platforms.Build.0 = Debug|Win32
		{A9D6DC71-C0DC-4549-AEA0-3B15B44E86A9}.Debug|Win32.ActiveCfg = Debug|Win32
		{A9D6DC71-C0DC-4549-AEA0-3B15B44E86A9}.Debug|Win32.Build.0 = Debug|Win32
		{A9D6DC71-C0DC-4549-AEA0-3B15B44E86A9}.Purify|Mixed Platforms.ActiveCfg = Release|Win32
		{A9D6DC71-C0DC-4549-AEA0-3B15B44E86A9}.Purify|Mixed Platforms.Build.0 = Release|Win32
		{A9D6DC71-C0DC-4549-AEA0-3B15B44E86A9}.Purify|Win32.ActiveCfg = Release|Win32
		{A9D6DC71-C0DC-4549-AEA0-3B15B44E86A9}.Purify|Win32.Build.0 = Release|Win32
		{A9D6DC71-C0DC-4549-AEA0-3B15B44E86A9}.Release - no tcmalloc|Mixed Platforms.ActiveCfg = Release|Win32
		{A9D6DC71-C0DC-4549-AEA0-3B15B44E86A9}.Release - no tcmalloc|Mixed Platforms.Build.0 = Release|Win32
		{A9D6DC71-C0DC-4549-AEA0-3B15B44E86A9}.Release - no tcmalloc|Win32.ActiveCfg = Release|Win32
		{A9D6DC71-C0DC-4549-AEA0-3B15B44E86A9}.Release - no tcmalloc|Win32.Build.0 = Release|Win32
		{A9D6DC71-C0DC-4549-AEA0-3B15B44E86A9}.Release|Mixed Platforms.ActiveCfg = Release|Win32
		{A9D6DC71-C0DC-4549-AEA0-3B15B44E86A9}.Release|Mixed Platforms.Build.0 = Release|Win32
		{A9D6DC71-C0DC-4549-AEA0-3B15B44E86A9}.Release|Win32.ActiveCfg = Release|Win32
		{A9D6DC71-C0DC-4549-AEA0-3B15B44E86A9}.Release|Win32.Build.0 = Release|Win32
		{5ECEC9E5-8F23-47B6-93E0-C3B328B3BE65}.Debug|Mixed Platforms.ActiveCfg = Debug|Win32
		{5ECEC9E5-8F23-47B6-93E0-C3B328B3BE65}.Debug|Mixed Platforms.Build.0 = Debug|Win32
		{5ECEC9E5-8F23-47B6-93E0-C3B328B3BE65}.Debug|Win32.ActiveCfg = Debug|Win32
		{5ECEC9E5-8F23-47B6-93E0-C3B328B3BE65}.Debug|Win32.Build.0 = Debug|Win32
		{5ECEC9E5-8F23-47B6-93E0-C3B328B3BE65}.Purify|Mixed Platforms.ActiveCfg = Purify|Win32
		{5ECEC9E5-8F23-47B6-93E0-C3B328B3BE65}.Purify|Mixed Platforms.Build.0 = Purify|Win32
		{5ECEC9E5-8F23-47B6-93E0-C3B328B3BE65}.Purify|Win32.ActiveCfg = Purify|Win32
		{5ECEC9E5-8F23-47B6-93E0-C3B328B3BE65}.Purify|Win32.Build.0 = Purify|Win32
		{5ECEC9E5-8F23-47B6-93E0-C3B328B3BE65}.Release - no tcmalloc|Mixed Platforms.ActiveCfg = Release - no tcmalloc|Win32
		{5ECEC9E5-8F23-47B6-93E0-C3B328B3BE65}.Release - no tcmalloc|Mixed Platforms.Build.0 = Release - no tcmalloc|Win32
		{5ECEC9E5-8F23-47B6-93E0-C3B328B3BE65}.Release - no tcmalloc|Win32.ActiveCfg = Release - no tcmalloc|Win32
		{5ECEC9E5-8F23-47B6-93E0-C3B328B3BE65}.Release - no tcmalloc|Win32.Build.0 = Release - no tcmalloc|Win32
		{5ECEC9E5-8F23-47B6-93E0-C3B328B3BE65}.Release|Mixed Platforms.ActiveCfg = Release|Win32
		{5ECEC9E5-8F23-47B6-93E0-C3B328B3BE65}.Release|Mixed Platforms.Build.0 = Release|Win32
		{5ECEC9E5-8F23-47B6-93E0-C3B328B3BE65}.Release|Win32.ActiveCfg = Release|Win32
		{5ECEC9E5-8F23-47B6-93E0-C3B328B3BE65}.Release|Win32.Build.0 = Release|Win32
		{2E2D3301-2EC4-4C0F-B889-87073B30F673}.Debug|Mixed Platforms.ActiveCfg = Debug|Win32
		{2E2D3301-2EC4-4C0F-B889-87073B30F673}.Debug|Mixed Platforms.Build.0 = Debug|Win32
		{2E2D3301-2EC4-4C0F-B889-87073B30F673}.Debug|Win32.ActiveCfg = Debug|Win32
		{2E2D3301-2EC4-4C0F-B889-87073B30F673}.Debug|Win32.Build.0 = Debug|Win32
		{2E2D3301-2EC4-4C0F-B889-87073B30F673}.Purify|Mixed Platforms.ActiveCfg = Purify|Win32
		{2E2D3301-2EC4-4C0F-B889-87073B30F673}.Purify|Mixed Platforms.Build.0 = Purify|Win32
		{2E2D3301-2EC4-4C0F-B889-87073B30F673}.Purify|Win32.ActiveCfg = Purify|Win32
		{2E2D3301-2EC4-4C0F-B889-87073B30F673}.Purify|Win32.Build.0 = Purify|Win32
		{2E2D3301-2EC4-4C0F-B889-87073B30F673}.Release - no tcmalloc|Mixed Platforms.ActiveCfg = Release - no tcmalloc|Win32
		{2E2D3301-2EC4-4C0F-B889-87073B30F673}.Release - no tcmalloc|Mixed Platforms.Build.0 = Release - no tcmalloc|Win32
		{2E2D3301-2EC4-4C0F-B889-87073B30F673}.Release - no tcmalloc|Win32.ActiveCfg = Release - no tcmalloc|Win32
		{2E2D3301-2EC4-4C0F-B889-87073B30F673}.Release - no tcmalloc|Win32.Build.0 = Release - no tcmalloc|Win32
		{2E2D3301-2EC4-4C0F-B889-87073B30F673}.Release|Mixed Platforms.ActiveCfg = Release|Win32
		{2E2D3301-2EC4-4C0F-B889-87073B30F673}.Release|Mixed Platforms.Build.0 = Release|Win32
		{2E2D3301-2EC4-4C0F-B889-87073B30F673}.Release|Win32.ActiveCfg = Release|Win32
		{2E2D3301-2EC4-4C0F-B889-87073B30F673}.Release|Win32.Build.0 = Release|Win32
		{49909552-0B0C-4C14-8CF6-DB8A2ADE0934}.Debug|Mixed Platforms.ActiveCfg = Debug|Win32
		{49909552-0B0C-4C14-8CF6-DB8A2ADE0934}.Debug|Mixed Platforms.Build.0 = Debug|Win32
		{49909552-0B0C-4C14-8CF6-DB8A2ADE0934}.Debug|Win32.ActiveCfg = Debug|Win32
		{49909552-0B0C-4C14-8CF6-DB8A2ADE0934}.Debug|Win32.Build.0 = Debug|Win32
		{49909552-0B0C-4C14-8CF6-DB8A2ADE0934}.Purify|Mixed Platforms.ActiveCfg = Purify|Win32
		{49909552-0B0C-4C14-8CF6-DB8A2ADE0934}.Purify|Mixed Platforms.Build.0 = Purify|Win32
		{49909552-0B0C-4C14-8CF6-DB8A2ADE0934}.Purify|Win32.ActiveCfg = Purify|Win32
		{49909552-0B0C-4C14-8CF6-DB8A2ADE0934}.Purify|Win32.Build.0 = Purify|Win32
		{49909552-0B0C-4C14-8CF6-DB8A2ADE0934}.Release - no tcmalloc|Mixed Platforms.ActiveCfg = Release - no tcmalloc|Win32
		{49909552-0B0C-4C14-8CF6-DB8A2ADE0934}.Release - no tcmalloc|Mixed Platforms.Build.0 = Release - no tcmalloc|Win32
		{49909552-0B0C-4C14-8CF6-DB8A2ADE0934}.Release - no tcmalloc|Win32.ActiveCfg = Release - no tcmalloc|Win32
		{49909552-0B0C-4C14-8CF6-DB8A2ADE0934}.Release - no tcmalloc|Win32.Build.0 = Release - no tcmalloc|Win32
		{49909552-0B0C-4C14-8CF6-DB8A2ADE0934}.Release|Mixed Platforms.ActiveCfg = Release|Win32
		{49909552-0B0C-4C14-8CF6-DB8A2ADE0934}.Release|Mixed Platforms.Build.0 = Release|Win32
		{49909552-0B0C-4C14-8CF6-DB8A2ADE0934}.Release|Win32.ActiveCfg = Release|Win32
		{49909552-0B0C-4C14-8CF6-DB8A2ADE0934}.Release|Win32.Build.0 = Release|Win32
		{9E5416B9-B91B-4029-93F4-102C1AD5CAF4}.Debug|Mixed Platforms.ActiveCfg = Debug|Win32
		{9E5416B9-B91B-4029-93F4-102C1AD5CAF4}.Debug|Mixed Platforms.Build.0 = Debug|Win32
		{9E5416B9-B91B-4029-93F4-102C1AD5CAF4}.Debug|Win32.ActiveCfg = Debug|Win32
		{9E5416B9-B91B-4029-93F4-102C1AD5CAF4}.Debug|Win32.Build.0 = Debug|Win32
		{9E5416B9-B91B-4029-93F4-102C1AD5CAF4}.Purify|Mixed Platforms.ActiveCfg = Purify|Win32
		{9E5416B9-B91B-4029-93F4-102C1AD5CAF4}.Purify|Mixed Platforms.Build.0 = Purify|Win32
		{9E5416B9-B91B-4029-93F4-102C1AD5CAF4}.Purify|Win32.ActiveCfg = Purify|Win32
		{9E5416B9-B91B-4029-93F4-102C1AD5CAF4}.Purify|Win32.Build.0 = Purify|Win32
		{9E5416B9-B91B-4029-93F4-102C1AD5CAF4}.Release - no tcmalloc|Mixed Platforms.ActiveCfg = Release - no tcmalloc|Win32
		{9E5416B9-B91B-4029-93F4-102C1AD5CAF4}.Release - no tcmalloc|Mixed Platforms.Build.0 = Release - no tcmalloc|Win32
		{9E5416B9-B91B-4029-93F4-102C1AD5CAF4}.Release - no tcmalloc|Win32.ActiveCfg = Release - no tcmalloc|Win32
		{9E5416B9-B91B-4029-93F4-102C1AD5CAF4}.Release - no tcmalloc|Win32.Build.0 = Release - no tcmalloc|Win32
		{9E5416B9-B91B-4029-93F4-102C1AD5CAF4}.Release|Mixed Platforms.ActiveCfg = Release|Win32
		{9E5416B9-B91B-4029-93F4-102C1AD5CAF4}.Release|Mixed Platforms.Build.0 = Release|Win32
		{9E5416B9-B91B-4029-93F4-102C1AD5CAF4}.Release|Win32.ActiveCfg = Release|Win32
		{9E5416B9-B91B-4029-93F4-102C1AD5CAF4}.Release|Win32.Build.0 = Release|Win32
		{6AE76406-B03B-11DD-94B1-80B556D89593}.Debug|Mixed Platforms.ActiveCfg = Debug|Win32
		{6AE76406-B03B-11DD-94B1-80B556D89593}.Debug|Mixed Platforms.Build.0 = Debug|Win32
		{6AE76406-B03B-11DD-94B1-80B556D89593}.Debug|Win32.ActiveCfg = Debug|Win32
		{6AE76406-B03B-11DD-94B1-80B556D89593}.Debug|Win32.Build.0 = Debug|Win32
		{6AE76406-B03B-11DD-94B1-80B556D89593}.Purify|Mixed Platforms.ActiveCfg = Purify|Win32
		{6AE76406-B03B-11DD-94B1-80B556D89593}.Purify|Mixed Platforms.Build.0 = Purify|Win32
		{6AE76406-B03B-11DD-94B1-80B556D89593}.Purify|Win32.ActiveCfg = Purify|Win32
		{6AE76406-B03B-11DD-94B1-80B556D89593}.Purify|Win32.Build.0 = Purify|Win32
		{6AE76406-B03B-11DD-94B1-80B556D89593}.Release - no tcmalloc|Mixed Platforms.ActiveCfg = Release - no tcmalloc|Win32
		{6AE76406-B03B-11DD-94B1-80B556D89593}.Release - no tcmalloc|Mixed Platforms.Build.0 = Release - no tcmalloc|Win32
		{6AE76406-B03B-11DD-94B1-80B556D89593}.Release - no tcmalloc|Win32.ActiveCfg = Release - no tcmalloc|Win32
		{6AE76406-B03B-11DD-94B1-80B556D89593}.Release - no tcmalloc|Win32.Build.0 = Release - no tcmalloc|Win32
		{6AE76406-B03B-11DD-94B1-80B556D89593}.Release|Mixed Platforms.ActiveCfg = Release|Win32
		{6AE76406-B03B-11DD-94B1-80B556D89593}.Release|Mixed Platforms.Build.0 = Release|Win32
		{6AE76406-B03B-11DD-94B1-80B556D89593}.Release|Win32.ActiveCfg = Release|Win32
		{6AE76406-B03B-11DD-94B1-80B556D89593}.Release|Win32.Build.0 = Release|Win32
		{D28CF9C7-B857-C11E-B94D-ECA46CDEB3CE}.Debug|Mixed Platforms.ActiveCfg = Debug|Win32
		{D28CF9C7-B857-C11E-B94D-ECA46CDEB3CE}.Debug|Mixed Platforms.Build.0 = Debug|Win32
		{D28CF9C7-B857-C11E-B94D-ECA46CDEB3CE}.Debug|Win32.ActiveCfg = Debug|Win32
		{D28CF9C7-B857-C11E-B94D-ECA46CDEB3CE}.Debug|Win32.Build.0 = Debug|Win32
		{D28CF9C7-B857-C11E-B94D-ECA46CDEB3CE}.Purify|Mixed Platforms.ActiveCfg = Purify|Win32
		{D28CF9C7-B857-C11E-B94D-ECA46CDEB3CE}.Purify|Mixed Platforms.Build.0 = Purify|Win32
		{D28CF9C7-B857-C11E-B94D-ECA46CDEB3CE}.Purify|Win32.ActiveCfg = Purify|Win32
		{D28CF9C7-B857-C11E-B94D-ECA46CDEB3CE}.Purify|Win32.Build.0 = Purify|Win32
		{D28CF9C7-B857-C11E-B94D-ECA46CDEB3CE}.Release - no tcmalloc|Mixed Platforms.ActiveCfg = Release - no tcmalloc|Win32
		{D28CF9C7-B857-C11E-B94D-ECA46CDEB3CE}.Release - no tcmalloc|Mixed Platforms.Build.0 = Release - no tcmalloc|Win32
		{D28CF9C7-B857-C11E-B94D-ECA46CDEB3CE}.Release - no tcmalloc|Win32.ActiveCfg = Release - no tcmalloc|Win32
		{D28CF9C7-B857-C11E-B94D-ECA46CDEB3CE}.Release - no tcmalloc|Win32.Build.0 = Release - no tcmalloc|Win32
		{D28CF9C7-B857-C11E-B94D-ECA46CDEB3CE}.Release|Mixed Platforms.ActiveCfg = Release|Win32
		{D28CF9C7-B857-C11E-B94D-ECA46CDEB3CE}.Release|Mixed Platforms.Build.0 = Release|Win32
		{D28CF9C7-B857-C11E-B94D-ECA46CDEB3CE}.Release|Win32.ActiveCfg = Release|Win32
		{D28CF9C7-B857-C11E-B94D-ECA46CDEB3CE}.Release|Win32.Build.0 = Release|Win32
		{D7A94F58-576A-45D9-A45F-EB87C63ABBB0}.Debug|Mixed Platforms.ActiveCfg = Debug|Win32
		{D7A94F58-576A-45D9-A45F-EB87C63ABBB0}.Debug|Mixed Platforms.Build.0 = Debug|Win32
		{D7A94F58-576A-45D9-A45F-EB87C63ABBB0}.Debug|Win32.ActiveCfg = Debug|Win32
		{D7A94F58-576A-45D9-A45F-EB87C63ABBB0}.Debug|Win32.Build.0 = Debug|Win32
		{D7A94F58-576A-45D9-A45F-EB87C63ABBB0}.Purify|Mixed Platforms.ActiveCfg = Purify|Win32
		{D7A94F58-576A-45D9-A45F-EB87C63ABBB0}.Purify|Mixed Platforms.Build.0 = Purify|Win32
		{D7A94F58-576A-45D9-A45F-EB87C63ABBB0}.Purify|Win32.ActiveCfg = Purify|Win32
		{D7A94F58-576A-45D9-A45F-EB87C63ABBB0}.Purify|Win32.Build.0 = Purify|Win32
		{D7A94F58-576A-45D9-A45F-EB87C63ABBB0}.Release - no tcmalloc|Mixed Platforms.ActiveCfg = Release - no tcmalloc|Win32
		{D7A94F58-576A-45D9-A45F-EB87C63ABBB0}.Release - no tcmalloc|Mixed Platforms.Build.0 = Release - no tcmalloc|Win32
		{D7A94F58-576A-45D9-A45F-EB87C63ABBB0}.Release - no tcmalloc|Win32.ActiveCfg = Release - no tcmalloc|Win32
		{D7A94F58-576A-45D9-A45F-EB87C63ABBB0}.Release - no tcmalloc|Win32.Build.0 = Release - no tcmalloc|Win32
		{D7A94F58-576A-45D9-A45F-EB87C63ABBB0}.Release|Mixed Platforms.ActiveCfg = Release|Win32
		{D7A94F58-576A-45D9-A45F-EB87C63ABBB0}.Release|Mixed Platforms.Build.0 = Release|Win32
		{D7A94F58-576A-45D9-A45F-EB87C63ABBB0}.Release|Win32.ActiveCfg = Release|Win32
		{D7A94F58-576A-45D9-A45F-EB87C63ABBB0}.Release|Win32.Build.0 = Release|Win32
		{4E4070E1-EFD9-4EF1-8634-3960956F6F10}.Debug|Mixed Platforms.ActiveCfg = Debug|Win32
		{4E4070E1-EFD9-4EF1-8634-3960956F6F10}.Debug|Mixed Platforms.Build.0 = Debug|Win32
		{4E4070E1-EFD9-4EF1-8634-3960956F6F10}.Debug|Win32.ActiveCfg = Debug|Win32
		{4E4070E1-EFD9-4EF1-8634-3960956F6F10}.Debug|Win32.Build.0 = Debug|Win32
		{4E4070E1-EFD9-4EF1-8634-3960956F6F10}.Purify|Mixed Platforms.ActiveCfg = Purify|Win32
		{4E4070E1-EFD9-4EF1-8634-3960956F6F10}.Purify|Mixed Platforms.Build.0 = Purify|Win32
		{4E4070E1-EFD9-4EF1-8634-3960956F6F10}.Purify|Win32.ActiveCfg = Purify|Win32
		{4E4070E1-EFD9-4EF1-8634-3960956F6F10}.Purify|Win32.Build.0 = Purify|Win32
		{4E4070E1-EFD9-4EF1-8634-3960956F6F10}.Release - no tcmalloc|Mixed Platforms.ActiveCfg = Release - no tcmalloc|Win32
		{4E4070E1-EFD9-4EF1-8634-3960956F6F10}.Release - no tcmalloc|Mixed Platforms.Build.0 = Release - no tcmalloc|Win32
		{4E4070E1-EFD9-4EF1-8634-3960956F6F10}.Release - no tcmalloc|Win32.ActiveCfg = Release - no tcmalloc|Win32
		{4E4070E1-EFD9-4EF1-8634-3960956F6F10}.Release - no tcmalloc|Win32.Build.0 = Release - no tcmalloc|Win32
		{4E4070E1-EFD9-4EF1-8634-3960956F6F10}.Release|Mixed Platforms.ActiveCfg = Release|Win32
		{4E4070E1-EFD9-4EF1-8634-3960956F6F10}.Release|Mixed Platforms.Build.0 = Release|Win32
		{4E4070E1-EFD9-4EF1-8634-3960956F6F10}.Release|Win32.ActiveCfg = Release|Win32
		{4E4070E1-EFD9-4EF1-8634-3960956F6F10}.Release|Win32.Build.0 = Release|Win32
		{A6D0953E-899E-4C60-AB6B-CAE75A44B8E6}.Debug|Mixed Platforms.ActiveCfg = Debug|Win32
		{A6D0953E-899E-4C60-AB6B-CAE75A44B8E6}.Debug|Mixed Platforms.Build.0 = Debug|Win32
		{A6D0953E-899E-4C60-AB6B-CAE75A44B8E6}.Debug|Win32.ActiveCfg = Debug|Win32
		{A6D0953E-899E-4C60-AB6B-CAE75A44B8E6}.Debug|Win32.Build.0 = Debug|Win32
		{A6D0953E-899E-4C60-AB6B-CAE75A44B8E6}.Purify|Mixed Platforms.ActiveCfg = Release|Win32
		{A6D0953E-899E-4C60-AB6B-CAE75A44B8E6}.Purify|Mixed Platforms.Build.0 = Release|Win32
		{A6D0953E-899E-4C60-AB6B-CAE75A44B8E6}.Purify|Win32.ActiveCfg = Release|Win32
		{A6D0953E-899E-4C60-AB6B-CAE75A44B8E6}.Purify|Win32.Build.0 = Release|Win32
		{A6D0953E-899E-4C60-AB6B-CAE75A44B8E6}.Release - no tcmalloc|Mixed Platforms.ActiveCfg = Release|Win32
		{A6D0953E-899E-4C60-AB6B-CAE75A44B8E6}.Release - no tcmalloc|Mixed Platforms.Build.0 = Release|Win32
		{A6D0953E-899E-4C60-AB6B-CAE75A44B8E6}.Release - no tcmalloc|Win32.ActiveCfg = Release|Win32
		{A6D0953E-899E-4C60-AB6B-CAE75A44B8E6}.Release - no tcmalloc|Win32.Build.0 = Release|Win32
		{A6D0953E-899E-4C60-AB6B-CAE75A44B8E6}.Release|Mixed Platforms.ActiveCfg = Release|Win32
		{A6D0953E-899E-4C60-AB6B-CAE75A44B8E6}.Release|Mixed Platforms.Build.0 = Release|Win32
		{A6D0953E-899E-4C60-AB6B-CAE75A44B8E6}.Release|Win32.ActiveCfg = Release|Win32
		{A6D0953E-899E-4C60-AB6B-CAE75A44B8E6}.Release|Win32.Build.0 = Release|Win32
		{0B945915-31A7-4A07-A5B5-568D737A39B1}.Debug|Mixed Platforms.ActiveCfg = Debug|Win32
		{0B945915-31A7-4A07-A5B5-568D737A39B1}.Debug|Mixed Platforms.Build.0 = Debug|Win32
		{0B945915-31A7-4A07-A5B5-568D737A39B1}.Debug|Win32.ActiveCfg = Debug|Win32
		{0B945915-31A7-4A07-A5B5-568D737A39B1}.Debug|Win32.Build.0 = Debug|Win32
		{0B945915-31A7-4A07-A5B5-568D737A39B1}.Purify|Mixed Platforms.ActiveCfg = Purify|Win32
		{0B945915-31A7-4A07-A5B5-568D737A39B1}.Purify|Mixed Platforms.Build.0 = Purify|Win32
		{0B945915-31A7-4A07-A5B5-568D737A39B1}.Purify|Win32.ActiveCfg = Purify|Win32
		{0B945915-31A7-4A07-A5B5-568D737A39B1}.Purify|Win32.Build.0 = Purify|Win32
		{0B945915-31A7-4A07-A5B5-568D737A39B1}.Release - no tcmalloc|Mixed Platforms.ActiveCfg = Release - no tcmalloc|Win32
		{0B945915-31A7-4A07-A5B5-568D737A39B1}.Release - no tcmalloc|Mixed Platforms.Build.0 = Release - no tcmalloc|Win32
		{0B945915-31A7-4A07-A5B5-568D737A39B1}.Release - no tcmalloc|Win32.ActiveCfg = Release - no tcmalloc|Win32
		{0B945915-31A7-4A07-A5B5-568D737A39B1}.Release - no tcmalloc|Win32.Build.0 = Release - no tcmalloc|Win32
		{0B945915-31A7-4A07-A5B5-568D737A39B1}.Release|Mixed Platforms.ActiveCfg = Release|Win32
		{0B945915-31A7-4A07-A5B5-568D737A39B1}.Release|Mixed Platforms.Build.0 = Release|Win32
		{0B945915-31A7-4A07-A5B5-568D737A39B1}.Release|Win32.ActiveCfg = Release|Win32
		{0B945915-31A7-4A07-A5B5-568D737A39B1}.Release|Win32.Build.0 = Release|Win32
		{D3A97815-3309-44F8-B9BB-CBBE2393A454}.Debug|Mixed Platforms.ActiveCfg = Debug|Win32
		{D3A97815-3309-44F8-B9BB-CBBE2393A454}.Debug|Mixed Platforms.Build.0 = Debug|Win32
		{D3A97815-3309-44F8-B9BB-CBBE2393A454}.Debug|Win32.ActiveCfg = Debug|Win32
		{D3A97815-3309-44F8-B9BB-CBBE2393A454}.Debug|Win32.Build.0 = Debug|Win32
		{D3A97815-3309-44F8-B9BB-CBBE2393A454}.Purify|Mixed Platforms.ActiveCfg = Purify|Win32
		{D3A97815-3309-44F8-B9BB-CBBE2393A454}.Purify|Mixed Platforms.Build.0 = Purify|Win32
		{D3A97815-3309-44F8-B9BB-CBBE2393A454}.Purify|Win32.ActiveCfg = Purify|Win32
		{D3A97815-3309-44F8-B9BB-CBBE2393A454}.Purify|Win32.Build.0 = Purify|Win32
		{D3A97815-3309-44F8-B9BB-CBBE2393A454}.Release - no tcmalloc|Mixed Platforms.ActiveCfg = Release - no tcmalloc|Win32
		{D3A97815-3309-44F8-B9BB-CBBE2393A454}.Release - no tcmalloc|Mixed Platforms.Build.0 = Release - no tcmalloc|Win32
		{D3A97815-3309-44F8-B9BB-CBBE2393A454}.Release - no tcmalloc|Win32.ActiveCfg = Release - no tcmalloc|Win32
		{D3A97815-3309-44F8-B9BB-CBBE2393A454}.Release - no tcmalloc|Win32.Build.0 = Release - no tcmalloc|Win32
		{D3A97815-3309-44F8-B9BB-CBBE2393A454}.Release|Mixed Platforms.ActiveCfg = Release|Win32
		{D3A97815-3309-44F8-B9BB-CBBE2393A454}.Release|Mixed Platforms.Build.0 = Release|Win32
		{D3A97815-3309-44F8-B9BB-CBBE2393A454}.Release|Win32.ActiveCfg = Release|Win32
		{D3A97815-3309-44F8-B9BB-CBBE2393A454}.Release|Win32.Build.0 = Release|Win32
		{14E7F2BB-B8FC-4DC1-B04D-31C06BDFA1D9}.Debug|Mixed Platforms.ActiveCfg = Debug|Win32
		{14E7F2BB-B8FC-4DC1-B04D-31C06BDFA1D9}.Debug|Mixed Platforms.Build.0 = Debug|Win32
		{14E7F2BB-B8FC-4DC1-B04D-31C06BDFA1D9}.Debug|Win32.ActiveCfg = Debug|Win32
		{14E7F2BB-B8FC-4DC1-B04D-31C06BDFA1D9}.Debug|Win32.Build.0 = Debug|Win32
		{14E7F2BB-B8FC-4DC1-B04D-31C06BDFA1D9}.Purify|Mixed Platforms.ActiveCfg = Purify|Win32
		{14E7F2BB-B8FC-4DC1-B04D-31C06BDFA1D9}.Purify|Mixed Platforms.Build.0 = Purify|Win32
		{14E7F2BB-B8FC-4DC1-B04D-31C06BDFA1D9}.Purify|Win32.ActiveCfg = Purify|Win32
		{14E7F2BB-B8FC-4DC1-B04D-31C06BDFA1D9}.Purify|Win32.Build.0 = Purify|Win32
		{14E7F2BB-B8FC-4DC1-B04D-31C06BDFA1D9}.Release - no tcmalloc|Mixed Platforms.ActiveCfg = Release - no tcmalloc|Win32
		{14E7F2BB-B8FC-4DC1-B04D-31C06BDFA1D9}.Release - no tcmalloc|Mixed Platforms.Build.0 = Release - no tcmalloc|Win32
		{14E7F2BB-B8FC-4DC1-B04D-31C06BDFA1D9}.Release - no tcmalloc|Win32.ActiveCfg = Release - no tcmalloc|Win32
		{14E7F2BB-B8FC-4DC1-B04D-31C06BDFA1D9}.Release - no tcmalloc|Win32.Build.0 = Release - no tcmalloc|Win32
		{14E7F2BB-B8FC-4DC1-B04D-31C06BDFA1D9}.Release|Mixed Platforms.ActiveCfg = Release|Win32
		{14E7F2BB-B8FC-4DC1-B04D-31C06BDFA1D9}.Release|Mixed Platforms.Build.0 = Release|Win32
		{14E7F2BB-B8FC-4DC1-B04D-31C06BDFA1D9}.Release|Win32.ActiveCfg = Release|Win32
		{14E7F2BB-B8FC-4DC1-B04D-31C06BDFA1D9}.Release|Win32.Build.0 = Release|Win32
		{9E2EFAAB-02B7-4A82-B664-1E98DF6D1953}.Debug|Mixed Platforms.ActiveCfg = Debug|Win32
		{9E2EFAAB-02B7-4A82-B664-1E98DF6D1953}.Debug|Mixed Platforms.Build.0 = Debug|Win32
		{9E2EFAAB-02B7-4A82-B664-1E98DF6D1953}.Debug|Win32.ActiveCfg = Debug|Win32
		{9E2EFAAB-02B7-4A82-B664-1E98DF6D1953}.Debug|Win32.Build.0 = Debug|Win32
		{9E2EFAAB-02B7-4A82-B664-1E98DF6D1953}.Purify|Mixed Platforms.ActiveCfg = Purify|Win32
		{9E2EFAAB-02B7-4A82-B664-1E98DF6D1953}.Purify|Mixed Platforms.Build.0 = Purify|Win32
		{9E2EFAAB-02B7-4A82-B664-1E98DF6D1953}.Purify|Win32.ActiveCfg = Purify|Win32
		{9E2EFAAB-02B7-4A82-B664-1E98DF6D1953}.Purify|Win32.Build.0 = Purify|Win32
		{9E2EFAAB-02B7-4A82-B664-1E98DF6D1953}.Release - no tcmalloc|Mixed Platforms.ActiveCfg = Release - no tcmalloc|Win32
		{9E2EFAAB-02B7-4A82-B664-1E98DF6D1953}.Release - no tcmalloc|Mixed Platforms.Build.0 = Release - no tcmalloc|Win32
		{9E2EFAAB-02B7-4A82-B664-1E98DF6D1953}.Release - no tcmalloc|Win32.ActiveCfg = Release - no tcmalloc|Win32
		{9E2EFAAB-02B7-4A82-B664-1E98DF6D1953}.Release - no tcmalloc|Win32.Build.0 = Release - no tcmalloc|Win32
		{9E2EFAAB-02B7-4A82-B664-1E98DF6D1953}.Release|Mixed Platforms.ActiveCfg = Release|Win32
		{9E2EFAAB-02B7-4A82-B664-1E98DF6D1953}.Release|Mixed Platforms.Build.0 = Release|Win32
		{9E2EFAAB-02B7-4A82-B664-1E98DF6D1953}.Release|Win32.ActiveCfg = Release|Win32
		{9E2EFAAB-02B7-4A82-B664-1E98DF6D1953}.Release|Win32.Build.0 = Release|Win32
	EndGlobalSection
	GlobalSection(SolutionProperties) = preSolution
		HideSolutionNode = FALSE
	EndGlobalSection
	GlobalSection(NestedProjects) = preSolution
		{1C16337B-ACF3-4D03-AA90-851C5B5EADA6} = {1088577A-0C49-4DE0-85CD-B68AD0BE55AA}
		{AA8A5A85-592B-4357-BC60-E0E91E026AF6} = {1088577A-0C49-4DE0-85CD-B68AD0BE55AA}
		{5ECEC9E5-8F23-47B6-93E0-C3B328B3BE65} = {1088577A-0C49-4DE0-85CD-B68AD0BE55AA}
		{49909552-0B0C-4C14-8CF6-DB8A2ADE0934} = {1088577A-0C49-4DE0-85CD-B68AD0BE55AA}
		{C66B126D-0ECE-4CA2-B6DC-FA780AFBBF09} = {CB43561E-A6F8-49E2-96A2-3F2BA1FFF21E}
		{5916D37D-8C97-424F-A904-74E52594C2D6} = {CB43561E-A6F8-49E2-96A2-3F2BA1FFF21E}
		{60B43839-95E6-4526-A661-209F16335E0E} = {CB43561E-A6F8-49E2-96A2-3F2BA1FFF21E}
		{0B469837-3D46-484A-AFB3-C5A6C68730B9} = {CB43561E-A6F8-49E2-96A2-3F2BA1FFF21E}
		{2E2D3301-2EC4-4C0F-B889-87073B30F673} = {CB43561E-A6F8-49E2-96A2-3F2BA1FFF21E}
		{0B945915-31A7-4A07-A5B5-568D737A39B1} = {CB43561E-A6F8-49E2-96A2-3F2BA1FFF21E}
		{6EAD4A4B-2BBC-4974-8E45-BB5C16CC2AC9} = {EF78C1F9-AA17-4CA5-B6CB-39B37A73A3DA}
		{CD9CA56E-4E94-444C-87D4-58CA1E6F300D} = {EF78C1F9-AA17-4CA5-B6CB-39B37A73A3DA}
		{1AFC1EC3-24FA-4260-B099-76319EC9977A} = {EF78C1F9-AA17-4CA5-B6CB-39B37A73A3DA}
		{C564F145-9172-42C3-BFCB-6014CA97DBCD} = {EF78C1F9-AA17-4CA5-B6CB-39B37A73A3DA}
		{8423AF0D-4B88-4EBF-94E1-E4D00D00E21C} = {EF78C1F9-AA17-4CA5-B6CB-39B37A73A3DA}
		{238CE175-76CE-4A25-A676-69D115885601} = {EF78C1F9-AA17-4CA5-B6CB-39B37A73A3DA}
		{873D095E-150E-4262-8C41-2D8ED02F0F57} = {EF78C1F9-AA17-4CA5-B6CB-39B37A73A3DA}
		{F9810DE8-CBC3-4605-A7B1-ECA2D5292FD7} = {EF78C1F9-AA17-4CA5-B6CB-39B37A73A3DA}
		{FC0E1FD0-5DD7-4041-A1C9-CD3C376E4EED} = {EF78C1F9-AA17-4CA5-B6CB-39B37A73A3DA}
		{2A70CBF0-847E-4E3A-B926-542A656DC7FE} = {EF78C1F9-AA17-4CA5-B6CB-39B37A73A3DA}
		{EF5E94AB-B646-4E5B-A058-52EF07B8351C} = {EF78C1F9-AA17-4CA5-B6CB-39B37A73A3DA}
		{7100F41F-868D-4E99-80A2-AF8E6574749D} = {EF78C1F9-AA17-4CA5-B6CB-39B37A73A3DA}
		{326E9795-E760-410A-B69A-3F79DB3F5243} = {EF78C1F9-AA17-4CA5-B6CB-39B37A73A3DA}
		{1832A374-8A74-4F9E-B536-69A699B3E165} = {EF78C1F9-AA17-4CA5-B6CB-39B37A73A3DA}
		{A508ADD3-CECE-4E0F-8448-2F5E454DF551} = {EF78C1F9-AA17-4CA5-B6CB-39B37A73A3DA}
		{F54ABC59-5C00-414A-A9BA-BAF26D1699F0} = {EF78C1F9-AA17-4CA5-B6CB-39B37A73A3DA}
		{8BC9CEB8-8B4A-11D0-8D11-00A0C91BC942} = {EF78C1F9-AA17-4CA5-B6CB-39B37A73A3DA}
		{9E5416B9-B91B-4029-93F4-102C1AD5CAF4} = {EF78C1F9-AA17-4CA5-B6CB-39B37A73A3DA}
		{963C8C1D-059E-49C6-881E-5BE6919113FC} = {EF78C1F9-AA17-4CA5-B6CB-39B37A73A3DA}
		{D3A97815-3309-44F8-B9BB-CBBE2393A454} = {1AFC1EC3-24FA-4260-B099-76319EC9977A}
		{14E7F2BB-B8FC-4DC1-B04D-31C06BDFA1D9} = {1AFC1EC3-24FA-4260-B099-76319EC9977A}
		{9E2EFAAB-02B7-4A82-B664-1E98DF6D1953} = {1AFC1EC3-24FA-4260-B099-76319EC9977A}
		{B55CA863-B374-4BAF-95AC-539E4FA4C90C} = {873D095E-150E-4262-8C41-2D8ED02F0F57}
		{FA39524D-3067-4141-888D-28A86C66F2B9} = {08BAF606-555E-4048-A47E-22CFA89A21B4}
		{6617FED9-C5D4-4907-BF55-A90062A6683F} = {08BAF606-555E-4048-A47E-22CFA89A21B4}
		{C13650D5-CF1A-4259-BE45-B1EBA6280E47} = {08BAF606-555E-4048-A47E-22CFA89A21B4}
		{A9D6DC71-C0DC-4549-AEA0-3B15B44E86A9} = {08BAF606-555E-4048-A47E-22CFA89A21B4}
		{A6D0953E-899E-4C60-AB6B-CAE75A44B8E6} = {08BAF606-555E-4048-A47E-22CFA89A21B4}
		{C0334F9A-1168-4101-9DD8-C30FB252D435} = {B353A6A5-9551-4B76-908E-0F0A9B31E4CE}
		{865575D0-37E2-405E-8CBA-5F6C485B5A26} = {B353A6A5-9551-4B76-908E-0F0A9B31E4CE}
		{21E22961-22BF-4493-BD3A-868F93DA5179} = {B353A6A5-9551-4B76-908E-0F0A9B31E4CE}
		{EC8B7909-62AF-470D-A75D-E1D89C837142} = {B353A6A5-9551-4B76-908E-0F0A9B31E4CE}
		{0DDBDA8B-A49F-4CC7-A1D5-5BB8297C8A3F} = {B353A6A5-9551-4B76-908E-0F0A9B31E4CE}
		{E13045CD-7E1F-4A41-9B18-8D288B2E7B41} = {A507014E-5F1D-4A60-963B-518FCED4B8AD}
		{D28CF9C7-B857-C11E-B94D-ECA46CDEB3CE} = {A507014E-5F1D-4A60-963B-518FCED4B8AD}
		{6AE76406-B03B-11DD-94B1-80B556D89593} = {963C8C1D-059E-49C6-881E-5BE6919113FC}
		{D7A94F58-576A-45D9-A45F-EB87C63ABBB0} = {963C8C1D-059E-49C6-881E-5BE6919113FC}
		{4E4070E1-EFD9-4EF1-8634-3960956F6F10} = {963C8C1D-059E-49C6-881E-5BE6919113FC}
	EndGlobalSection
EndGlobal
